
Microsoft Visual Studio Solution File, Format Version 12.00
# Visual Studio 14
VisualStudioVersion = 14.0.25420.1
MinimumVisualStudioVersion = 10.0.40219.1
Project("{FAE04EC0-301F-11D3-BF4B-00C04F79EFBC}") = "Forms.Plugins.Droid", "Forms.Plugins\Forms.Plugins.Droid\Forms.Plugins.Droid.csproj", "{96A251AA-DB03-4F2A-9B4A-525A614E856A}"
EndProject
Project("{FAE04EC0-301F-11D3-BF4B-00C04F79EFBC}") = "Forms.Plugins.iOS", "Forms.Plugins\Forms.Plugins.iOS\Forms.Plugins.iOS.csproj", "{7BDE5BBB-9CC5-4CE6-B43E-83EFA499D6E9}"
EndProject
Project("{FAE04EC0-301F-11D3-BF4B-00C04F79EFBC}") = "Forms.Plugins.WinPhone", "Forms.Plugins\Forms.Plugins.WinPhone\Forms.Plugins.WinPhone.csproj", "{18DAAC58-CDC2-4742-A9E5-5FCD33ED8EAD}"
EndProject
Project("{FAE04EC0-301F-11D3-BF4B-00C04F79EFBC}") = "Forms.Plugins", "Forms.Plugins\Forms.Plugins\Forms.Plugins.csproj", "{2193D7F9-F04B-49A2-9F95-735BF8AE2E64}"
EndProject
Global
	GlobalSection(SolutionConfigurationPlatforms) = preSolution
		Ad-Hoc|Any CPU = Ad-Hoc|Any CPU
		Ad-Hoc|ARM = Ad-Hoc|ARM
		Ad-Hoc|iPhone = Ad-Hoc|iPhone
		Ad-Hoc|iPhoneSimulator = Ad-Hoc|iPhoneSimulator
		Ad-Hoc|x64 = Ad-Hoc|x64
		Ad-Hoc|x86 = Ad-Hoc|x86
		AppStore|Any CPU = AppStore|Any CPU
		AppStore|ARM = AppStore|ARM
		AppStore|iPhone = AppStore|iPhone
		AppStore|iPhoneSimulator = AppStore|iPhoneSimulator
		AppStore|x64 = AppStore|x64
		AppStore|x86 = AppStore|x86
		Debug|Any CPU = Debug|Any CPU
		Debug|ARM = Debug|ARM
		Debug|iPhone = Debug|iPhone
		Debug|iPhoneSimulator = Debug|iPhoneSimulator
		Debug|x64 = Debug|x64
		Debug|x86 = Debug|x86
		Release|Any CPU = Release|Any CPU
		Release|ARM = Release|ARM
		Release|iPhone = Release|iPhone
		Release|iPhoneSimulator = Release|iPhoneSimulator
		Release|x64 = Release|x64
		Release|x86 = Release|x86
	EndGlobalSection
	GlobalSection(ProjectConfigurationPlatforms) = postSolution
		{96A251AA-DB03-4F2A-9B4A-525A614E856A}.Ad-Hoc|Any CPU.ActiveCfg = Release|Any CPU
		{96A251AA-DB03-4F2A-9B4A-525A614E856A}.Ad-Hoc|Any CPU.Build.0 = Release|Any CPU
		{96A251AA-DB03-4F2A-9B4A-525A614E856A}.Ad-Hoc|Any CPU.Deploy.0 = Release|Any CPU
		{96A251AA-DB03-4F2A-9B4A-525A614E856A}.Ad-Hoc|ARM.ActiveCfg = Release|Any CPU
		{96A251AA-DB03-4F2A-9B4A-525A614E856A}.Ad-Hoc|ARM.Build.0 = Release|Any CPU
		{96A251AA-DB03-4F2A-9B4A-525A614E856A}.Ad-Hoc|ARM.Deploy.0 = Release|Any CPU
		{96A251AA-DB03-4F2A-9B4A-525A614E856A}.Ad-Hoc|iPhone.ActiveCfg = Release|Any CPU
		{96A251AA-DB03-4F2A-9B4A-525A614E856A}.Ad-Hoc|iPhone.Build.0 = Release|Any CPU
		{96A251AA-DB03-4F2A-9B4A-525A614E856A}.Ad-Hoc|iPhone.Deploy.0 = Release|Any CPU
		{96A251AA-DB03-4F2A-9B4A-525A614E856A}.Ad-Hoc|iPhoneSimulator.ActiveCfg = Release|Any CPU
		{96A251AA-DB03-4F2A-9B4A-525A614E856A}.Ad-Hoc|iPhoneSimulator.Build.0 = Release|Any CPU
		{96A251AA-DB03-4F2A-9B4A-525A614E856A}.Ad-Hoc|iPhoneSimulator.Deploy.0 = Release|Any CPU
		{96A251AA-DB03-4F2A-9B4A-525A614E856A}.Ad-Hoc|x64.ActiveCfg = Release|Any CPU
		{96A251AA-DB03-4F2A-9B4A-525A614E856A}.Ad-Hoc|x64.Build.0 = Release|Any CPU
		{96A251AA-DB03-4F2A-9B4A-525A614E856A}.Ad-Hoc|x64.Deploy.0 = Release|Any CPU
		{96A251AA-DB03-4F2A-9B4A-525A614E856A}.Ad-Hoc|x86.ActiveCfg = Release|Any CPU
		{96A251AA-DB03-4F2A-9B4A-525A614E856A}.Ad-Hoc|x86.Build.0 = Release|Any CPU
		{96A251AA-DB03-4F2A-9B4A-525A614E856A}.Ad-Hoc|x86.Deploy.0 = Release|Any CPU
		{96A251AA-DB03-4F2A-9B4A-525A614E856A}.AppStore|Any CPU.ActiveCfg = Release|Any CPU
		{96A251AA-DB03-4F2A-9B4A-525A614E856A}.AppStore|Any CPU.Build.0 = Release|Any CPU
		{96A251AA-DB03-4F2A-9B4A-525A614E856A}.AppStore|Any CPU.Deploy.0 = Release|Any CPU
		{96A251AA-DB03-4F2A-9B4A-525A614E856A}.AppStore|ARM.ActiveCfg = Release|Any CPU
		{96A251AA-DB03-4F2A-9B4A-525A614E856A}.AppStore|ARM.Build.0 = Release|Any CPU
		{96A251AA-DB03-4F2A-9B4A-525A614E856A}.AppStore|ARM.Deploy.0 = Release|Any CPU
		{96A251AA-DB03-4F2A-9B4A-525A614E856A}.AppStore|iPhone.ActiveCfg = Release|Any CPU
		{96A251AA-DB03-4F2A-9B4A-525A614E856A}.AppStore|iPhone.Build.0 = Release|Any CPU
		{96A251AA-DB03-4F2A-9B4A-525A614E856A}.AppStore|iPhone.Deploy.0 = Release|Any CPU
		{96A251AA-DB03-4F2A-9B4A-525A614E856A}.AppStore|iPhoneSimulator.ActiveCfg = Release|Any CPU
		{96A251AA-DB03-4F2A-9B4A-525A614E856A}.AppStore|iPhoneSimulator.Build.0 = Release|Any CPU
		{96A251AA-DB03-4F2A-9B4A-525A614E856A}.AppStore|iPhoneSimulator.Deploy.0 = Release|Any CPU
		{96A251AA-DB03-4F2A-9B4A-525A614E856A}.AppStore|x64.ActiveCfg = Release|Any CPU
		{96A251AA-DB03-4F2A-9B4A-525A614E856A}.AppStore|x64.Build.0 = Release|Any CPU
		{96A251AA-DB03-4F2A-9B4A-525A614E856A}.AppStore|x64.Deploy.0 = Release|Any CPU
		{96A251AA-DB03-4F2A-9B4A-525A614E856A}.AppStore|x86.ActiveCfg = Release|Any CPU
		{96A251AA-DB03-4F2A-9B4A-525A614E856A}.AppStore|x86.Build.0 = Release|Any CPU
		{96A251AA-DB03-4F2A-9B4A-525A614E856A}.AppStore|x86.Deploy.0 = Release|Any CPU
		{96A251AA-DB03-4F2A-9B4A-525A614E856A}.Debug|Any CPU.ActiveCfg = Debug|Any CPU
		{96A251AA-DB03-4F2A-9B4A-525A614E856A}.Debug|Any CPU.Build.0 = Debug|Any CPU
		{96A251AA-DB03-4F2A-9B4A-525A614E856A}.Debug|Any CPU.Deploy.0 = Debug|Any CPU
		{96A251AA-DB03-4F2A-9B4A-525A614E856A}.Debug|ARM.ActiveCfg = Debug|Any CPU
		{96A251AA-DB03-4F2A-9B4A-525A614E856A}.Debug|ARM.Build.0 = Debug|Any CPU
		{96A251AA-DB03-4F2A-9B4A-525A614E856A}.Debug|ARM.Deploy.0 = Debug|Any CPU
		{96A251AA-DB03-4F2A-9B4A-525A614E856A}.Debug|iPhone.ActiveCfg = Debug|Any CPU
		{96A251AA-DB03-4F2A-9B4A-525A614E856A}.Debug|iPhone.Build.0 = Debug|Any CPU
		{96A251AA-DB03-4F2A-9B4A-525A614E856A}.Debug|iPhone.Deploy.0 = Debug|Any CPU
		{96A251AA-DB03-4F2A-9B4A-525A614E856A}.Debug|iPhoneSimulator.ActiveCfg = Debug|Any CPU
		{96A251AA-DB03-4F2A-9B4A-525A614E856A}.Debug|iPhoneSimulator.Build.0 = Debug|Any CPU
		{96A251AA-DB03-4F2A-9B4A-525A614E856A}.Debug|iPhoneSimulator.Deploy.0 = Debug|Any CPU
		{96A251AA-DB03-4F2A-9B4A-525A614E856A}.Debug|x64.ActiveCfg = Debug|Any CPU
		{96A251AA-DB03-4F2A-9B4A-525A614E856A}.Debug|x64.Build.0 = Debug|Any CPU
		{96A251AA-DB03-4F2A-9B4A-525A614E856A}.Debug|x64.Deploy.0 = Debug|Any CPU
		{96A251AA-DB03-4F2A-9B4A-525A614E856A}.Debug|x86.ActiveCfg = Debug|Any CPU
		{96A251AA-DB03-4F2A-9B4A-525A614E856A}.Debug|x86.Build.0 = Debug|Any CPU
		{96A251AA-DB03-4F2A-9B4A-525A614E856A}.Debug|x86.Deploy.0 = Debug|Any CPU
		{96A251AA-DB03-4F2A-9B4A-525A614E856A}.Release|Any CPU.ActiveCfg = Release|Any CPU
		{96A251AA-DB03-4F2A-9B4A-525A614E856A}.Release|Any CPU.Build.0 = Release|Any CPU
		{96A251AA-DB03-4F2A-9B4A-525A614E856A}.Release|Any CPU.Deploy.0 = Release|Any CPU
		{96A251AA-DB03-4F2A-9B4A-525A614E856A}.Release|ARM.ActiveCfg = Release|Any CPU
		{96A251AA-DB03-4F2A-9B4A-525A614E856A}.Release|ARM.Build.0 = Release|Any CPU
		{96A251AA-DB03-4F2A-9B4A-525A614E856A}.Release|ARM.Deploy.0 = Release|Any CPU
		{96A251AA-DB03-4F2A-9B4A-525A614E856A}.Release|iPhone.ActiveCfg = Release|Any CPU
		{96A251AA-DB03-4F2A-9B4A-525A614E856A}.Release|iPhone.Build.0 = Release|Any CPU
		{96A251AA-DB03-4F2A-9B4A-525A614E856A}.Release|iPhone.Deploy.0 = Release|Any CPU
		{96A251AA-DB03-4F2A-9B4A-525A614E856A}.Release|iPhoneSimulator.ActiveCfg = Release|Any CPU
		{96A251AA-DB03-4F2A-9B4A-525A614E856A}.Release|iPhoneSimulator.Build.0 = Release|Any CPU
		{96A251AA-DB03-4F2A-9B4A-525A614E856A}.Release|iPhoneSimulator.Deploy.0 = Release|Any CPU
		{96A251AA-DB03-4F2A-9B4A-525A614E856A}.Release|x64.ActiveCfg = Release|Any CPU
		{96A251AA-DB03-4F2A-9B4A-525A614E856A}.Release|x64.Build.0 = Release|Any CPU
		{96A251AA-DB03-4F2A-9B4A-525A614E856A}.Release|x64.Deploy.0 = Release|Any CPU
		{96A251AA-DB03-4F2A-9B4A-525A614E856A}.Release|x86.ActiveCfg = Release|Any CPU
		{96A251AA-DB03-4F2A-9B4A-525A614E856A}.Release|x86.Build.0 = Release|Any CPU
		{96A251AA-DB03-4F2A-9B4A-525A614E856A}.Release|x86.Deploy.0 = Release|Any CPU
		{7BDE5BBB-9CC5-4CE6-B43E-83EFA499D6E9}.Ad-Hoc|Any CPU.ActiveCfg = Ad-Hoc|iPhone
		{7BDE5BBB-9CC5-4CE6-B43E-83EFA499D6E9}.Ad-Hoc|ARM.ActiveCfg = Ad-Hoc|iPhone
		{7BDE5BBB-9CC5-4CE6-B43E-83EFA499D6E9}.Ad-Hoc|iPhone.ActiveCfg = Ad-Hoc|iPhone
		{7BDE5BBB-9CC5-4CE6-B43E-83EFA499D6E9}.Ad-Hoc|iPhone.Build.0 = Ad-Hoc|iPhone
		{7BDE5BBB-9CC5-4CE6-B43E-83EFA499D6E9}.Ad-Hoc|iPhoneSimulator.ActiveCfg = Ad-Hoc|iPhoneSimulator
		{7BDE5BBB-9CC5-4CE6-B43E-83EFA499D6E9}.Ad-Hoc|iPhoneSimulator.Build.0 = Ad-Hoc|iPhoneSimulator
		{7BDE5BBB-9CC5-4CE6-B43E-83EFA499D6E9}.Ad-Hoc|x64.ActiveCfg = Ad-Hoc|iPhone
		{7BDE5BBB-9CC5-4CE6-B43E-83EFA499D6E9}.Ad-Hoc|x86.ActiveCfg = Ad-Hoc|iPhone
		{7BDE5BBB-9CC5-4CE6-B43E-83EFA499D6E9}.AppStore|Any CPU.ActiveCfg = AppStore|iPhone
		{7BDE5BBB-9CC5-4CE6-B43E-83EFA499D6E9}.AppStore|ARM.ActiveCfg = AppStore|iPhone
		{7BDE5BBB-9CC5-4CE6-B43E-83EFA499D6E9}.AppStore|iPhone.ActiveCfg = AppStore|iPhone
		{7BDE5BBB-9CC5-4CE6-B43E-83EFA499D6E9}.AppStore|iPhone.Build.0 = AppStore|iPhone
		{7BDE5BBB-9CC5-4CE6-B43E-83EFA499D6E9}.AppStore|iPhoneSimulator.ActiveCfg = AppStore|iPhoneSimulator
		{7BDE5BBB-9CC5-4CE6-B43E-83EFA499D6E9}.AppStore|iPhoneSimulator.Build.0 = AppStore|iPhoneSimulator
		{7BDE5BBB-9CC5-4CE6-B43E-83EFA499D6E9}.AppStore|x64.ActiveCfg = AppStore|iPhone
		{7BDE5BBB-9CC5-4CE6-B43E-83EFA499D6E9}.AppStore|x86.ActiveCfg = AppStore|iPhone
		{7BDE5BBB-9CC5-4CE6-B43E-83EFA499D6E9}.Debug|Any CPU.ActiveCfg = Debug|iPhone
		{7BDE5BBB-9CC5-4CE6-B43E-83EFA499D6E9}.Debug|ARM.ActiveCfg = Debug|iPhone
		{7BDE5BBB-9CC5-4CE6-B43E-83EFA499D6E9}.Debug|iPhone.ActiveCfg = Debug|iPhone
		{7BDE5BBB-9CC5-4CE6-B43E-83EFA499D6E9}.Debug|iPhone.Build.0 = Debug|iPhone
		{7BDE5BBB-9CC5-4CE6-B43E-83EFA499D6E9}.Debug|iPhoneSimulator.ActiveCfg = Debug|iPhoneSimulator
		{7BDE5BBB-9CC5-4CE6-B43E-83EFA499D6E9}.Debug|iPhoneSimulator.Build.0 = Debug|iPhoneSimulator
		{7BDE5BBB-9CC5-4CE6-B43E-83EFA499D6E9}.Debug|x64.ActiveCfg = Debug|iPhone
		{7BDE5BBB-9CC5-4CE6-B43E-83EFA499D6E9}.Debug|x86.ActiveCfg = Debug|iPhone
		{7BDE5BBB-9CC5-4CE6-B43E-83EFA499D6E9}.Release|Any CPU.ActiveCfg = Release|iPhone
		{7BDE5BBB-9CC5-4CE6-B43E-83EFA499D6E9}.Release|ARM.ActiveCfg = Release|iPhone
		{7BDE5BBB-9CC5-4CE6-B43E-83EFA499D6E9}.Release|iPhone.ActiveCfg = Release|iPhone
		{7BDE5BBB-9CC5-4CE6-B43E-83EFA499D6E9}.Release|iPhone.Build.0 = Release|iPhone
		{7BDE5BBB-9CC5-4CE6-B43E-83EFA499D6E9}.Release|iPhoneSimulator.ActiveCfg = Release|iPhoneSimulator
		{7BDE5BBB-9CC5-4CE6-B43E-83EFA499D6E9}.Release|iPhoneSimulator.Build.0 = Release|iPhoneSimulator
		{7BDE5BBB-9CC5-4CE6-B43E-83EFA499D6E9}.Release|x64.ActiveCfg = Release|iPhone
		{7BDE5BBB-9CC5-4CE6-B43E-83EFA499D6E9}.Release|x86.ActiveCfg = Release|iPhone
		{18DAAC58-CDC2-4742-A9E5-5FCD33ED8EAD}.Ad-Hoc|Any CPU.ActiveCfg = Release|Any CPU
		{18DAAC58-CDC2-4742-A9E5-5FCD33ED8EAD}.Ad-Hoc|Any CPU.Build.0 = Release|Any CPU
		{18DAAC58-CDC2-4742-A9E5-5FCD33ED8EAD}.Ad-Hoc|Any CPU.Deploy.0 = Release|Any CPU
		{18DAAC58-CDC2-4742-A9E5-5FCD33ED8EAD}.Ad-Hoc|ARM.ActiveCfg = Release|ARM
		{18DAAC58-CDC2-4742-A9E5-5FCD33ED8EAD}.Ad-Hoc|ARM.Build.0 = Release|ARM
		{18DAAC58-CDC2-4742-A9E5-5FCD33ED8EAD}.Ad-Hoc|ARM.Deploy.0 = Release|ARM
		{18DAAC58-CDC2-4742-A9E5-5FCD33ED8EAD}.Ad-Hoc|iPhone.ActiveCfg = Release|Any CPU
		{18DAAC58-CDC2-4742-A9E5-5FCD33ED8EAD}.Ad-Hoc|iPhone.Build.0 = Release|Any CPU
		{18DAAC58-CDC2-4742-A9E5-5FCD33ED8EAD}.Ad-Hoc|iPhone.Deploy.0 = Release|Any CPU
		{18DAAC58-CDC2-4742-A9E5-5FCD33ED8EAD}.Ad-Hoc|iPhoneSimulator.ActiveCfg = Release|Any CPU
		{18DAAC58-CDC2-4742-A9E5-5FCD33ED8EAD}.Ad-Hoc|iPhoneSimulator.Build.0 = Release|Any CPU
		{18DAAC58-CDC2-4742-A9E5-5FCD33ED8EAD}.Ad-Hoc|iPhoneSimulator.Deploy.0 = Release|Any CPU
		{18DAAC58-CDC2-4742-A9E5-5FCD33ED8EAD}.Ad-Hoc|x64.ActiveCfg = Release|Any CPU
		{18DAAC58-CDC2-4742-A9E5-5FCD33ED8EAD}.Ad-Hoc|x64.Build.0 = Release|Any CPU
		{18DAAC58-CDC2-4742-A9E5-5FCD33ED8EAD}.Ad-Hoc|x64.Deploy.0 = Release|Any CPU
		{18DAAC58-CDC2-4742-A9E5-5FCD33ED8EAD}.Ad-Hoc|x86.ActiveCfg = Release|x86
		{18DAAC58-CDC2-4742-A9E5-5FCD33ED8EAD}.Ad-Hoc|x86.Build.0 = Release|x86
		{18DAAC58-CDC2-4742-A9E5-5FCD33ED8EAD}.Ad-Hoc|x86.Deploy.0 = Release|x86
		{18DAAC58-CDC2-4742-A9E5-5FCD33ED8EAD}.AppStore|Any CPU.ActiveCfg = Release|Any CPU
		{18DAAC58-CDC2-4742-A9E5-5FCD33ED8EAD}.AppStore|Any CPU.Build.0 = Release|Any CPU
		{18DAAC58-CDC2-4742-A9E5-5FCD33ED8EAD}.AppStore|Any CPU.Deploy.0 = Release|Any CPU
		{18DAAC58-CDC2-4742-A9E5-5FCD33ED8EAD}.AppStore|ARM.ActiveCfg = Release|ARM
		{18DAAC58-CDC2-4742-A9E5-5FCD33ED8EAD}.AppStore|ARM.Build.0 = Release|ARM
		{18DAAC58-CDC2-4742-A9E5-5FCD33ED8EAD}.AppStore|ARM.Deploy.0 = Release|ARM
		{18DAAC58-CDC2-4742-A9E5-5FCD33ED8EAD}.AppStore|iPhone.ActiveCfg = Release|Any CPU
		{18DAAC58-CDC2-4742-A9E5-5FCD33ED8EAD}.AppStore|iPhone.Build.0 = Release|Any CPU
		{18DAAC58-CDC2-4742-A9E5-5FCD33ED8EAD}.AppStore|iPhone.Deploy.0 = Release|Any CPU
		{18DAAC58-CDC2-4742-A9E5-5FCD33ED8EAD}.AppStore|iPhoneSimulator.ActiveCfg = Release|Any CPU
		{18DAAC58-CDC2-4742-A9E5-5FCD33ED8EAD}.AppStore|iPhoneSimulator.Build.0 = Release|Any CPU
		{18DAAC58-CDC2-4742-A9E5-5FCD33ED8EAD}.AppStore|iPhoneSimulator.Deploy.0 = Release|Any CPU
		{18DAAC58-CDC2-4742-A9E5-5FCD33ED8EAD}.AppStore|x64.ActiveCfg = Release|Any CPU
		{18DAAC58-CDC2-4742-A9E5-5FCD33ED8EAD}.AppStore|x64.Build.0 = Release|Any CPU
		{18DAAC58-CDC2-4742-A9E5-5FCD33ED8EAD}.AppStore|x64.Deploy.0 = Release|Any CPU
		{18DAAC58-CDC2-4742-A9E5-5FCD33ED8EAD}.AppStore|x86.ActiveCfg = Release|x86
		{18DAAC58-CDC2-4742-A9E5-5FCD33ED8EAD}.AppStore|x86.Build.0 = Release|x86
		{18DAAC58-CDC2-4742-A9E5-5FCD33ED8EAD}.AppStore|x86.Deploy.0 = Release|x86
		{18DAAC58-CDC2-4742-A9E5-5FCD33ED8EAD}.Debug|Any CPU.ActiveCfg = Debug|Any CPU
		{18DAAC58-CDC2-4742-A9E5-5FCD33ED8EAD}.Debug|Any CPU.Build.0 = Debug|Any CPU
		{18DAAC58-CDC2-4742-A9E5-5FCD33ED8EAD}.Debug|Any CPU.Deploy.0 = Debug|Any CPU
		{18DAAC58-CDC2-4742-A9E5-5FCD33ED8EAD}.Debug|ARM.ActiveCfg = Debug|ARM
		{18DAAC58-CDC2-4742-A9E5-5FCD33ED8EAD}.Debug|ARM.Build.0 = Debug|ARM
		{18DAAC58-CDC2-4742-A9E5-5FCD33ED8EAD}.Debug|ARM.Deploy.0 = Debug|ARM
		{18DAAC58-CDC2-4742-A9E5-5FCD33ED8EAD}.Debug|iPhone.ActiveCfg = Debug|Any CPU
		{18DAAC58-CDC2-4742-A9E5-5FCD33ED8EAD}.Debug|iPhone.Build.0 = Debug|Any CPU
		{18DAAC58-CDC2-4742-A9E5-5FCD33ED8EAD}.Debug|iPhone.Deploy.0 = Debug|Any CPU
		{18DAAC58-CDC2-4742-A9E5-5FCD33ED8EAD}.Debug|iPhoneSimulator.ActiveCfg = Debug|Any CPU
		{18DAAC58-CDC2-4742-A9E5-5FCD33ED8EAD}.Debug|iPhoneSimulator.Build.0 = Debug|Any CPU
		{18DAAC58-CDC2-4742-A9E5-5FCD33ED8EAD}.Debug|iPhoneSimulator.Deploy.0 = Debug|Any CPU
		{18DAAC58-CDC2-4742-A9E5-5FCD33ED8EAD}.Debug|x64.ActiveCfg = Debug|Any CPU
		{18DAAC58-CDC2-4742-A9E5-5FCD33ED8EAD}.Debug|x64.Build.0 = Debug|Any CPU
		{18DAAC58-CDC2-4742-A9E5-5FCD33ED8EAD}.Debug|x64.Deploy.0 = Debug|Any CPU
		{18DAAC58-CDC2-4742-A9E5-5FCD33ED8EAD}.Debug|x86.ActiveCfg = Debug|x86
		{18DAAC58-CDC2-4742-A9E5-5FCD33ED8EAD}.Debug|x86.Build.0 = Debug|x86
		{18DAAC58-CDC2-4742-A9E5-5FCD33ED8EAD}.Debug|x86.Deploy.0 = Debug|x86
		{18DAAC58-CDC2-4742-A9E5-5FCD33ED8EAD}.Release|Any CPU.ActiveCfg = Release|Any CPU
		{18DAAC58-CDC2-4742-A9E5-5FCD33ED8EAD}.Release|Any CPU.Build.0 = Release|Any CPU
		{18DAAC58-CDC2-4742-A9E5-5FCD33ED8EAD}.Release|Any CPU.Deploy.0 = Release|Any CPU
		{18DAAC58-CDC2-4742-A9E5-5FCD33ED8EAD}.Release|ARM.ActiveCfg = Release|ARM
		{18DAAC58-CDC2-4742-A9E5-5FCD33ED8EAD}.Release|ARM.Build.0 = Release|ARM
		{18DAAC58-CDC2-4742-A9E5-5FCD33ED8EAD}.Release|ARM.Deploy.0 = Release|ARM
		{18DAAC58-CDC2-4742-A9E5-5FCD33ED8EAD}.Release|iPhone.ActiveCfg = Release|Any CPU
		{18DAAC58-CDC2-4742-A9E5-5FCD33ED8EAD}.Release|iPhone.Build.0 = Release|Any CPU
		{18DAAC58-CDC2-4742-A9E5-5FCD33ED8EAD}.Release|iPhone.Deploy.0 = Release|Any CPU
		{18DAAC58-CDC2-4742-A9E5-5FCD33ED8EAD}.Release|iPhoneSimulator.ActiveCfg = Release|Any CPU
		{18DAAC58-CDC2-4742-A9E5-5FCD33ED8EAD}.Release|iPhoneSimulator.Build.0 = Release|Any CPU
		{18DAAC58-CDC2-4742-A9E5-5FCD33ED8EAD}.Release|iPhoneSimulator.Deploy.0 = Release|Any CPU
		{18DAAC58-CDC2-4742-A9E5-5FCD33ED8EAD}.Release|x64.ActiveCfg = Release|Any CPU
		{18DAAC58-CDC2-4742-A9E5-5FCD33ED8EAD}.Release|x64.Build.0 = Release|Any CPU
		{18DAAC58-CDC2-4742-A9E5-5FCD33ED8EAD}.Release|x64.Deploy.0 = Release|Any CPU
		{18DAAC58-CDC2-4742-A9E5-5FCD33ED8EAD}.Release|x86.ActiveCfg = Release|x86
		{18DAAC58-CDC2-4742-A9E5-5FCD33ED8EAD}.Release|x86.Build.0 = Release|x86
		{18DAAC58-CDC2-4742-A9E5-5FCD33ED8EAD}.Release|x86.Deploy.0 = Release|x86
		{2193D7F9-F04B-49A2-9F95-735BF8AE2E64}.Ad-Hoc|Any CPU.ActiveCfg = Release|Any CPU
		{2193D7F9-F04B-49A2-9F95-735BF8AE2E64}.Ad-Hoc|Any CPU.Build.0 = Release|Any CPU
		{2193D7F9-F04B-49A2-9F95-735BF8AE2E64}.Ad-Hoc|ARM.ActiveCfg = Release|Any CPU
		{2193D7F9-F04B-49A2-9F95-735BF8AE2E64}.Ad-Hoc|ARM.Build.0 = Release|Any CPU
		{2193D7F9-F04B-49A2-9F95-735BF8AE2E64}.Ad-Hoc|iPhone.ActiveCfg = Release|Any CPU
		{2193D7F9-F04B-49A2-9F95-735BF8AE2E64}.Ad-Hoc|iPhone.Build.0 = Release|Any CPU
		{2193D7F9-F04B-49A2-9F95-735BF8AE2E64}.Ad-Hoc|iPhoneSimulator.ActiveCfg = Release|Any CPU
		{2193D7F9-F04B-49A2-9F95-735BF8AE2E64}.Ad-Hoc|iPhoneSimulator.Build.0 = Release|Any CPU
		{2193D7F9-F04B-49A2-9F95-735BF8AE2E64}.Ad-Hoc|x64.ActiveCfg = Release|Any CPU
		{2193D7F9-F04B-49A2-9F95-735BF8AE2E64}.Ad-Hoc|x64.Build.0 = Release|Any CPU
		{2193D7F9-F04B-49A2-9F95-735BF8AE2E64}.Ad-Hoc|x86.ActiveCfg = Release|Any CPU
		{2193D7F9-F04B-49A2-9F95-735BF8AE2E64}.Ad-Hoc|x86.Build.0 = Release|Any CPU
		{2193D7F9-F04B-49A2-9F95-735BF8AE2E64}.AppStore|Any CPU.ActiveCfg = Release|Any CPU
		{2193D7F9-F04B-49A2-9F95-735BF8AE2E64}.AppStore|Any CPU.Build.0 = Release|Any CPU
		{2193D7F9-F04B-49A2-9F95-735BF8AE2E64}.AppStore|ARM.ActiveCfg = Release|Any CPU
		{2193D7F9-F04B-49A2-9F95-735BF8AE2E64}.AppStore|ARM.Build.0 = Release|Any CPU
		{2193D7F9-F04B-49A2-9F95-735BF8AE2E64}.AppStore|iPhone.ActiveCfg = Release|Any CPU
		{2193D7F9-F04B-49A2-9F95-735BF8AE2E64}.AppStore|iPhone.Build.0 = Release|Any CPU
		{2193D7F9-F04B-49A2-9F95-735BF8AE2E64}.AppStore|iPhoneSimulator.ActiveCfg = Release|Any CPU
		{2193D7F9-F04B-49A2-9F95-735BF8AE2E64}.AppStore|iPhoneSimulator.Build.0 = Release|Any CPU
		{2193D7F9-F04B-49A2-9F95-735BF8AE2E64}.AppStore|x64.ActiveCfg = Release|Any CPU
		{2193D7F9-F04B-49A2-9F95-735BF8AE2E64}.AppStore|x64.Build.0 = Release|Any CPU
		{2193D7F9-F04B-49A2-9F95-735BF8AE2E64}.AppStore|x86.ActiveCfg = Release|Any CPU
		{2193D7F9-F04B-49A2-9F95-735BF8AE2E64}.AppStore|x86.Build.0 = Release|Any CPU
		{2193D7F9-F04B-49A2-9F95-735BF8AE2E64}.Debug|Any CPU.ActiveCfg = Debug|Any CPU
		{2193D7F9-F04B-49A2-9F95-735BF8AE2E64}.Debug|Any CPU.Build.0 = Debug|Any CPU
		{2193D7F9-F04B-49A2-9F95-735BF8AE2E64}.Debug|ARM.ActiveCfg = Debug|Any CPU
		{2193D7F9-F04B-49A2-9F95-735BF8AE2E64}.Debug|ARM.Build.0 = Debug|Any CPU
		{2193D7F9-F04B-49A2-9F95-735BF8AE2E64}.Debug|iPhone.ActiveCfg = Debug|Any CPU
		{2193D7F9-F04B-49A2-9F95-735BF8AE2E64}.Debug|iPhone.Build.0 = Debug|Any CPU
		{2193D7F9-F04B-49A2-9F95-735BF8AE2E64}.Debug|iPhoneSimulator.ActiveCfg = Debug|Any CPU
		{2193D7F9-F04B-49A2-9F95-735BF8AE2E64}.Debug|iPhoneSimulator.Build.0 = Debug|Any CPU
		{2193D7F9-F04B-49A2-9F95-735BF8AE2E64}.Debug|x64.ActiveCfg = Debug|Any CPU
		{2193D7F9-F04B-49A2-9F95-735BF8AE2E64}.Debug|x64.Build.0 = Debug|Any CPU
		{2193D7F9-F04B-49A2-9F95-735BF8AE2E64}.Debug|x86.ActiveCfg = Debug|Any CPU
		{2193D7F9-F04B-49A2-9F95-735BF8AE2E64}.Debug|x86.Build.0 = Debug|Any CPU
		{2193D7F9-F04B-49A2-9F95-735BF8AE2E64}.Release|Any CPU.ActiveCfg = Release|Any CPU
		{2193D7F9-F04B-49A2-9F95-735BF8AE2E64}.Release|Any CPU.Build.0 = Release|Any CPU
		{2193D7F9-F04B-49A2-9F95-735BF8AE2E64}.Release|ARM.ActiveCfg = Release|Any CPU
		{2193D7F9-F04B-49A2-9F95-735BF8AE2E64}.Release|ARM.Build.0 = Release|Any CPU
		{2193D7F9-F04B-49A2-9F95-735BF8AE2E64}.Release|iPhone.ActiveCfg = Release|Any CPU
		{2193D7F9-F04B-49A2-9F95-735BF8AE2E64}.Release|iPhone.Build.0 = Release|Any CPU
		{2193D7F9-F04B-49A2-9F95-735BF8AE2E64}.Release|iPhoneSimulator.ActiveCfg = Release|Any CPU
		{2193D7F9-F04B-49A2-9F95-735BF8AE2E64}.Release|iPhoneSimulator.Build.0 = Release|Any CPU
		{2193D7F9-F04B-49A2-9F95-735BF8AE2E64}.Release|x64.ActiveCfg = Release|Any CPU
		{2193D7F9-F04B-49A2-9F95-735BF8AE2E64}.Release|x64.Build.0 = Release|Any CPU
		{2193D7F9-F04B-49A2-9F95-735BF8AE2E64}.Release|x86.ActiveCfg = Release|Any CPU
		{2193D7F9-F04B-49A2-9F95-735BF8AE2E64}.Release|x86.Build.0 = Release|Any CPU
	EndGlobalSection
	GlobalSection(SolutionProperties) = preSolution
		HideSolutionNode = FALSE
	EndGlobalSection
EndGlobal
