
Microsoft Visual Studio Solution File, Format Version 12.00
# Visual Studio 15
VisualStudioVersion = 15.0.26430.6
MinimumVisualStudioVersion = 10.0.40219.1
Project("{2150E333-8FDC-42A3-9474-1A3956D46DE8}") = "Forms.Bindings", "Forms.Bindings", "{7F1741F7-10A4-4B7E-883B-F893302C5595}"
EndProject
Project("{FAE04EC0-301F-11D3-BF4B-00C04F79EFBC}") = "Forms.Bindings.Droid", "Forms.Bindings\Forms.Bindings\Forms.Bindings.Droid\Forms.Bindings.Droid.csproj", "{576A2416-F225-4A60-B9E3-C042B9A9E684}"
EndProject
Project("{FAE04EC0-301F-11D3-BF4B-00C04F79EFBC}") = "Forms.Bindings.iOS", "Forms.Bindings\Forms.Bindings\Forms.Bindings.iOS\Forms.Bindings.iOS.csproj", "{A213B57C-8765-48C6-9A01-B2C7B0A1338E}"
EndProject
Project("{FAE04EC0-301F-11D3-BF4B-00C04F79EFBC}") = "Forms.Bindings.UWP", "Forms.Bindings\Forms.Bindings\Forms.Bindings.UWP\Forms.Bindings.UWP.csproj", "{E7D7F55B-F9BC-4C69-AA3C-6A4172096D77}"
EndProject
Project("{FAE04EC0-301F-11D3-BF4B-00C04F79EFBC}") = "Forms.Bindings", "Forms.Bindings\Forms.Bindings\Forms.Bindings\Forms.Bindings.csproj", "{90E5BA70-1058-49B4-84FE-41FB714ED073}"
EndProject
Project("{2150E333-8FDC-42A3-9474-1A3956D46DE8}") = "Forms.Custom", "Forms.Custom", "{3ADC907E-043A-4744-AFE8-2F24F8025E62}"
EndProject
Project("{2150E333-8FDC-42A3-9474-1A3956D46DE8}") = "Forms.Http", "Forms.Http", "{0490CCC6-8EAF-4535-86A9-FA21711B6934}"
EndProject
Project("{2150E333-8FDC-42A3-9474-1A3956D46DE8}") = "Forms.Plugins", "Forms.Plugins", "{1B753C23-7D22-497B-A142-80F00ED4886A}"
EndProject
Project("{FAE04EC0-301F-11D3-BF4B-00C04F79EFBC}") = "Forms.Custom.Droid", "Forms.Custom\Forms.Custom\Forms.Custom.Droid\Forms.Custom.Droid.csproj", "{D445FCD3-8DA4-4B29-8983-DDCDF982E252}"
EndProject
Project("{FAE04EC0-301F-11D3-BF4B-00C04F79EFBC}") = "Forms.Custom.iOS", "Forms.Custom\Forms.Custom\Forms.Custom.iOS\Forms.Custom.iOS.csproj", "{6C60F255-DED7-4BBF-A5BE-70242F80D503}"
EndProject
Project("{FAE04EC0-301F-11D3-BF4B-00C04F79EFBC}") = "Forms.Custom.UWP", "Forms.Custom\Forms.Custom\Forms.Custom.UWP\Forms.Custom.UWP.csproj", "{DA637640-3BE5-4FE2-B802-E067AD97DFF3}"
EndProject
Project("{FAE04EC0-301F-11D3-BF4B-00C04F79EFBC}") = "Forms.Custom", "Forms.Custom\Forms.Custom\Forms.Custom\Forms.Custom.csproj", "{A5B5F8D4-9D53-4673-B259-F1FA9406959C}"
EndProject
Project("{2150E333-8FDC-42A3-9474-1A3956D46DE8}") = "Forms.Embedding", "Forms.Embedding", "{854A35BC-8C93-4305-88DA-4A145DEA53F8}"
EndProject
Project("{D954291E-2A0B-460D-934E-DC6B0785DB48}") = "Forms.Embedding", "Forms.Embedding\Forms.Embedding\Forms.Embedding.shproj", "{DB3B0CE8-5E42-46FA-BB07-6EB40D00FE2D}"
EndProject
Project("{FAE04EC0-301F-11D3-BF4B-00C04F79EFBC}") = "Forms.Embedding.Droid", "Forms.Embedding\Forms.Embedding.Droid\Forms.Embedding.Droid.csproj", "{BAAD8E83-E481-4ACE-ABB3-2A635A4E8EBC}"
EndProject
Project("{FAE04EC0-301F-11D3-BF4B-00C04F79EFBC}") = "Forms.Embedding.iOS", "Forms.Embedding\Forms.Embedding.iOS\Forms.Embedding.iOS.csproj", "{F47FADBF-F098-4290-96D5-A748C2E036F9}"
EndProject
Project("{FAE04EC0-301F-11D3-BF4B-00C04F79EFBC}") = "Forms.Embedding.UWP", "Forms.Embedding\Forms.Embedding.UWP\Forms.Embedding.UWP.csproj", "{270F043A-9EFC-44C2-9FDA-1660B12E79F1}"
EndProject
Project("{FAE04EC0-301F-11D3-BF4B-00C04F79EFBC}") = "Forms.Http.Droid", "Forms.Http\Forms.Http\Forms.Http.Droid\Forms.Http.Droid.csproj", "{7C6403A9-0F60-4EF2-A2B2-59C18AFB9006}"
EndProject
Project("{FAE04EC0-301F-11D3-BF4B-00C04F79EFBC}") = "Forms.Http.iOS", "Forms.Http\Forms.Http\Forms.Http.iOS\Forms.Http.iOS.csproj", "{5488245E-20EA-4308-8E17-C10CC5CAB2B2}"
EndProject
Project("{FAE04EC0-301F-11D3-BF4B-00C04F79EFBC}") = "Forms.Http.UWP", "Forms.Http\Forms.Http\Forms.Http.UWP\Forms.Http.UWP.csproj", "{EC333056-F000-4946-8B48-A43C6EBB3208}"
EndProject
Project("{FAE04EC0-301F-11D3-BF4B-00C04F79EFBC}") = "Forms.Http", "Forms.Http\Forms.Http\Forms.Http\Forms.Http.csproj", "{75D84E18-58A7-407F-8604-062AC35F0448}"
EndProject
Project("{FAE04EC0-301F-11D3-BF4B-00C04F79EFBC}") = "WebApplication1", "Forms.Http\WebApplication1\WebApplication1.csproj", "{495819C6-B497-47FF-90B3-EBCB90645A8D}"
EndProject
Project("{FAE04EC0-301F-11D3-BF4B-00C04F79EFBC}") = "Forms.Plugins.Droid", "Forms.Plugins\Forms.Plugins\Forms.Plugins.Droid\Forms.Plugins.Droid.csproj", "{96A251AA-DB03-4F2A-9B4A-525A614E856A}"
EndProject
Project("{FAE04EC0-301F-11D3-BF4B-00C04F79EFBC}") = "Forms.Plugins.iOS", "Forms.Plugins\Forms.Plugins\Forms.Plugins.iOS\Forms.Plugins.iOS.csproj", "{7BDE5BBB-9CC5-4CE6-B43E-83EFA499D6E9}"
EndProject
Project("{FAE04EC0-301F-11D3-BF4B-00C04F79EFBC}") = "Forms.Plugins.WinPhone", "Forms.Plugins\Forms.Plugins\Forms.Plugins.WinPhone\Forms.Plugins.WinPhone.csproj", "{18DAAC58-CDC2-4742-A9E5-5FCD33ED8EAD}"
EndProject
Project("{FAE04EC0-301F-11D3-BF4B-00C04F79EFBC}") = "Forms.Plugins", "Forms.Plugins\Forms.Plugins\Forms.Plugins\Forms.Plugins.csproj", "{2193D7F9-F04B-49A2-9F95-735BF8AE2E64}"
EndProject
Global
	GlobalSection(SharedMSBuildProjectFiles) = preSolution
		Forms.Embedding\Forms.Embedding\Forms.Embedding.projitems*{270f043a-9efc-44c2-9fda-1660b12e79f1}*SharedItemsImports = 4
		Forms.Embedding\Forms.Embedding\Forms.Embedding.projitems*{baad8e83-e481-4ace-abb3-2a635a4e8ebc}*SharedItemsImports = 4
		Forms.Embedding\Forms.Embedding\Forms.Embedding.projitems*{db3b0ce8-5e42-46fa-bb07-6eb40d00fe2d}*SharedItemsImports = 13
		Forms.Embedding\Forms.Embedding\Forms.Embedding.projitems*{f47fadbf-f098-4290-96d5-a748c2e036f9}*SharedItemsImports = 4
	EndGlobalSection
	GlobalSection(SolutionConfigurationPlatforms) = preSolution
		Ad-Hoc|Any CPU = Ad-Hoc|Any CPU
		Ad-Hoc|ARM = Ad-Hoc|ARM
		Ad-Hoc|iPhone = Ad-Hoc|iPhone
		Ad-Hoc|iPhoneSimulator = Ad-Hoc|iPhoneSimulator
		Ad-Hoc|x64 = Ad-Hoc|x64
		Ad-Hoc|x86 = Ad-Hoc|x86
		AppStore|Any CPU = AppStore|Any CPU
		AppStore|ARM = AppStore|ARM
		AppStore|iPhone = AppStore|iPhone
		AppStore|iPhoneSimulator = AppStore|iPhoneSimulator
		AppStore|x64 = AppStore|x64
		AppStore|x86 = AppStore|x86
		Debug|Any CPU = Debug|Any CPU
		Debug|ARM = Debug|ARM
		Debug|iPhone = Debug|iPhone
		Debug|iPhoneSimulator = Debug|iPhoneSimulator
		Debug|x64 = Debug|x64
		Debug|x86 = Debug|x86
		Release|Any CPU = Release|Any CPU
		Release|ARM = Release|ARM
		Release|iPhone = Release|iPhone
		Release|iPhoneSimulator = Release|iPhoneSimulator
		Release|x64 = Release|x64
		Release|x86 = Release|x86
	EndGlobalSection
	GlobalSection(ProjectConfigurationPlatforms) = postSolution
		{576A2416-F225-4A60-B9E3-C042B9A9E684}.Ad-Hoc|Any CPU.ActiveCfg = Release|Any CPU
		{576A2416-F225-4A60-B9E3-C042B9A9E684}.Ad-Hoc|Any CPU.Build.0 = Release|Any CPU
		{576A2416-F225-4A60-B9E3-C042B9A9E684}.Ad-Hoc|Any CPU.Deploy.0 = Release|Any CPU
		{576A2416-F225-4A60-B9E3-C042B9A9E684}.Ad-Hoc|ARM.ActiveCfg = Release|Any CPU
		{576A2416-F225-4A60-B9E3-C042B9A9E684}.Ad-Hoc|ARM.Build.0 = Release|Any CPU
		{576A2416-F225-4A60-B9E3-C042B9A9E684}.Ad-Hoc|ARM.Deploy.0 = Release|Any CPU
		{576A2416-F225-4A60-B9E3-C042B9A9E684}.Ad-Hoc|iPhone.ActiveCfg = Release|Any CPU
		{576A2416-F225-4A60-B9E3-C042B9A9E684}.Ad-Hoc|iPhone.Build.0 = Release|Any CPU
		{576A2416-F225-4A60-B9E3-C042B9A9E684}.Ad-Hoc|iPhone.Deploy.0 = Release|Any CPU
		{576A2416-F225-4A60-B9E3-C042B9A9E684}.Ad-Hoc|iPhoneSimulator.ActiveCfg = Release|Any CPU
		{576A2416-F225-4A60-B9E3-C042B9A9E684}.Ad-Hoc|iPhoneSimulator.Build.0 = Release|Any CPU
		{576A2416-F225-4A60-B9E3-C042B9A9E684}.Ad-Hoc|iPhoneSimulator.Deploy.0 = Release|Any CPU
		{576A2416-F225-4A60-B9E3-C042B9A9E684}.Ad-Hoc|x64.ActiveCfg = Release|Any CPU
		{576A2416-F225-4A60-B9E3-C042B9A9E684}.Ad-Hoc|x64.Build.0 = Release|Any CPU
		{576A2416-F225-4A60-B9E3-C042B9A9E684}.Ad-Hoc|x64.Deploy.0 = Release|Any CPU
		{576A2416-F225-4A60-B9E3-C042B9A9E684}.Ad-Hoc|x86.ActiveCfg = Release|Any CPU
		{576A2416-F225-4A60-B9E3-C042B9A9E684}.Ad-Hoc|x86.Build.0 = Release|Any CPU
		{576A2416-F225-4A60-B9E3-C042B9A9E684}.Ad-Hoc|x86.Deploy.0 = Release|Any CPU
		{576A2416-F225-4A60-B9E3-C042B9A9E684}.AppStore|Any CPU.ActiveCfg = Release|Any CPU
		{576A2416-F225-4A60-B9E3-C042B9A9E684}.AppStore|Any CPU.Build.0 = Release|Any CPU
		{576A2416-F225-4A60-B9E3-C042B9A9E684}.AppStore|Any CPU.Deploy.0 = Release|Any CPU
		{576A2416-F225-4A60-B9E3-C042B9A9E684}.AppStore|ARM.ActiveCfg = Release|Any CPU
		{576A2416-F225-4A60-B9E3-C042B9A9E684}.AppStore|ARM.Build.0 = Release|Any CPU
		{576A2416-F225-4A60-B9E3-C042B9A9E684}.AppStore|ARM.Deploy.0 = Release|Any CPU
		{576A2416-F225-4A60-B9E3-C042B9A9E684}.AppStore|iPhone.ActiveCfg = Release|Any CPU
		{576A2416-F225-4A60-B9E3-C042B9A9E684}.AppStore|iPhone.Build.0 = Release|Any CPU
		{576A2416-F225-4A60-B9E3-C042B9A9E684}.AppStore|iPhone.Deploy.0 = Release|Any CPU
		{576A2416-F225-4A60-B9E3-C042B9A9E684}.AppStore|iPhoneSimulator.ActiveCfg = Release|Any CPU
		{576A2416-F225-4A60-B9E3-C042B9A9E684}.AppStore|iPhoneSimulator.Build.0 = Release|Any CPU
		{576A2416-F225-4A60-B9E3-C042B9A9E684}.AppStore|iPhoneSimulator.Deploy.0 = Release|Any CPU
		{576A2416-F225-4A60-B9E3-C042B9A9E684}.AppStore|x64.ActiveCfg = Release|Any CPU
		{576A2416-F225-4A60-B9E3-C042B9A9E684}.AppStore|x64.Build.0 = Release|Any CPU
		{576A2416-F225-4A60-B9E3-C042B9A9E684}.AppStore|x64.Deploy.0 = Release|Any CPU
		{576A2416-F225-4A60-B9E3-C042B9A9E684}.AppStore|x86.ActiveCfg = Release|Any CPU
		{576A2416-F225-4A60-B9E3-C042B9A9E684}.AppStore|x86.Build.0 = Release|Any CPU
		{576A2416-F225-4A60-B9E3-C042B9A9E684}.AppStore|x86.Deploy.0 = Release|Any CPU
		{576A2416-F225-4A60-B9E3-C042B9A9E684}.Debug|Any CPU.ActiveCfg = Debug|Any CPU
		{576A2416-F225-4A60-B9E3-C042B9A9E684}.Debug|Any CPU.Build.0 = Debug|Any CPU
		{576A2416-F225-4A60-B9E3-C042B9A9E684}.Debug|Any CPU.Deploy.0 = Debug|Any CPU
		{576A2416-F225-4A60-B9E3-C042B9A9E684}.Debug|ARM.ActiveCfg = Debug|Any CPU
		{576A2416-F225-4A60-B9E3-C042B9A9E684}.Debug|ARM.Build.0 = Debug|Any CPU
		{576A2416-F225-4A60-B9E3-C042B9A9E684}.Debug|ARM.Deploy.0 = Debug|Any CPU
		{576A2416-F225-4A60-B9E3-C042B9A9E684}.Debug|iPhone.ActiveCfg = Debug|Any CPU
		{576A2416-F225-4A60-B9E3-C042B9A9E684}.Debug|iPhone.Build.0 = Debug|Any CPU
		{576A2416-F225-4A60-B9E3-C042B9A9E684}.Debug|iPhone.Deploy.0 = Debug|Any CPU
		{576A2416-F225-4A60-B9E3-C042B9A9E684}.Debug|iPhoneSimulator.ActiveCfg = Debug|Any CPU
		{576A2416-F225-4A60-B9E3-C042B9A9E684}.Debug|iPhoneSimulator.Build.0 = Debug|Any CPU
		{576A2416-F225-4A60-B9E3-C042B9A9E684}.Debug|iPhoneSimulator.Deploy.0 = Debug|Any CPU
		{576A2416-F225-4A60-B9E3-C042B9A9E684}.Debug|x64.ActiveCfg = Debug|Any CPU
		{576A2416-F225-4A60-B9E3-C042B9A9E684}.Debug|x64.Build.0 = Debug|Any CPU
		{576A2416-F225-4A60-B9E3-C042B9A9E684}.Debug|x64.Deploy.0 = Debug|Any CPU
		{576A2416-F225-4A60-B9E3-C042B9A9E684}.Debug|x86.ActiveCfg = Debug|Any CPU
		{576A2416-F225-4A60-B9E3-C042B9A9E684}.Debug|x86.Build.0 = Debug|Any CPU
		{576A2416-F225-4A60-B9E3-C042B9A9E684}.Debug|x86.Deploy.0 = Debug|Any CPU
		{576A2416-F225-4A60-B9E3-C042B9A9E684}.Release|Any CPU.ActiveCfg = Release|Any CPU
		{576A2416-F225-4A60-B9E3-C042B9A9E684}.Release|Any CPU.Build.0 = Release|Any CPU
		{576A2416-F225-4A60-B9E3-C042B9A9E684}.Release|Any CPU.Deploy.0 = Release|Any CPU
		{576A2416-F225-4A60-B9E3-C042B9A9E684}.Release|ARM.ActiveCfg = Release|Any CPU
		{576A2416-F225-4A60-B9E3-C042B9A9E684}.Release|ARM.Build.0 = Release|Any CPU
		{576A2416-F225-4A60-B9E3-C042B9A9E684}.Release|ARM.Deploy.0 = Release|Any CPU
		{576A2416-F225-4A60-B9E3-C042B9A9E684}.Release|iPhone.ActiveCfg = Release|Any CPU
		{576A2416-F225-4A60-B9E3-C042B9A9E684}.Release|iPhone.Build.0 = Release|Any CPU
		{576A2416-F225-4A60-B9E3-C042B9A9E684}.Release|iPhone.Deploy.0 = Release|Any CPU
		{576A2416-F225-4A60-B9E3-C042B9A9E684}.Release|iPhoneSimulator.ActiveCfg = Release|Any CPU
		{576A2416-F225-4A60-B9E3-C042B9A9E684}.Release|iPhoneSimulator.Build.0 = Release|Any CPU
		{576A2416-F225-4A60-B9E3-C042B9A9E684}.Release|iPhoneSimulator.Deploy.0 = Release|Any CPU
		{576A2416-F225-4A60-B9E3-C042B9A9E684}.Release|x64.ActiveCfg = Release|Any CPU
		{576A2416-F225-4A60-B9E3-C042B9A9E684}.Release|x64.Build.0 = Release|Any CPU
		{576A2416-F225-4A60-B9E3-C042B9A9E684}.Release|x64.Deploy.0 = Release|Any CPU
		{576A2416-F225-4A60-B9E3-C042B9A9E684}.Release|x86.ActiveCfg = Release|Any CPU
		{576A2416-F225-4A60-B9E3-C042B9A9E684}.Release|x86.Build.0 = Release|Any CPU
		{576A2416-F225-4A60-B9E3-C042B9A9E684}.Release|x86.Deploy.0 = Release|Any CPU
		{A213B57C-8765-48C6-9A01-B2C7B0A1338E}.Ad-Hoc|Any CPU.ActiveCfg = Ad-Hoc|iPhone
		{A213B57C-8765-48C6-9A01-B2C7B0A1338E}.Ad-Hoc|ARM.ActiveCfg = Ad-Hoc|iPhone
		{A213B57C-8765-48C6-9A01-B2C7B0A1338E}.Ad-Hoc|iPhone.ActiveCfg = Ad-Hoc|iPhone
		{A213B57C-8765-48C6-9A01-B2C7B0A1338E}.Ad-Hoc|iPhone.Build.0 = Ad-Hoc|iPhone
		{A213B57C-8765-48C6-9A01-B2C7B0A1338E}.Ad-Hoc|iPhoneSimulator.ActiveCfg = Ad-Hoc|iPhoneSimulator
		{A213B57C-8765-48C6-9A01-B2C7B0A1338E}.Ad-Hoc|iPhoneSimulator.Build.0 = Ad-Hoc|iPhoneSimulator
		{A213B57C-8765-48C6-9A01-B2C7B0A1338E}.Ad-Hoc|x64.ActiveCfg = Ad-Hoc|iPhone
		{A213B57C-8765-48C6-9A01-B2C7B0A1338E}.Ad-Hoc|x86.ActiveCfg = Ad-Hoc|iPhone
		{A213B57C-8765-48C6-9A01-B2C7B0A1338E}.AppStore|Any CPU.ActiveCfg = AppStore|iPhone
		{A213B57C-8765-48C6-9A01-B2C7B0A1338E}.AppStore|ARM.ActiveCfg = AppStore|iPhone
		{A213B57C-8765-48C6-9A01-B2C7B0A1338E}.AppStore|iPhone.ActiveCfg = AppStore|iPhone
		{A213B57C-8765-48C6-9A01-B2C7B0A1338E}.AppStore|iPhone.Build.0 = AppStore|iPhone
		{A213B57C-8765-48C6-9A01-B2C7B0A1338E}.AppStore|iPhoneSimulator.ActiveCfg = AppStore|iPhoneSimulator
		{A213B57C-8765-48C6-9A01-B2C7B0A1338E}.AppStore|iPhoneSimulator.Build.0 = AppStore|iPhoneSimulator
		{A213B57C-8765-48C6-9A01-B2C7B0A1338E}.AppStore|x64.ActiveCfg = AppStore|iPhone
		{A213B57C-8765-48C6-9A01-B2C7B0A1338E}.AppStore|x86.ActiveCfg = AppStore|iPhone
		{A213B57C-8765-48C6-9A01-B2C7B0A1338E}.Debug|Any CPU.ActiveCfg = Debug|iPhone
		{A213B57C-8765-48C6-9A01-B2C7B0A1338E}.Debug|ARM.ActiveCfg = Debug|iPhone
		{A213B57C-8765-48C6-9A01-B2C7B0A1338E}.Debug|iPhone.ActiveCfg = Debug|iPhone
		{A213B57C-8765-48C6-9A01-B2C7B0A1338E}.Debug|iPhone.Build.0 = Debug|iPhone
		{A213B57C-8765-48C6-9A01-B2C7B0A1338E}.Debug|iPhoneSimulator.ActiveCfg = Debug|iPhoneSimulator
		{A213B57C-8765-48C6-9A01-B2C7B0A1338E}.Debug|iPhoneSimulator.Build.0 = Debug|iPhoneSimulator
		{A213B57C-8765-48C6-9A01-B2C7B0A1338E}.Debug|x64.ActiveCfg = Debug|iPhone
		{A213B57C-8765-48C6-9A01-B2C7B0A1338E}.Debug|x86.ActiveCfg = Debug|iPhone
		{A213B57C-8765-48C6-9A01-B2C7B0A1338E}.Release|Any CPU.ActiveCfg = Release|iPhone
		{A213B57C-8765-48C6-9A01-B2C7B0A1338E}.Release|Any CPU.Build.0 = Release|iPhone
		{A213B57C-8765-48C6-9A01-B2C7B0A1338E}.Release|ARM.ActiveCfg = Release|iPhone
		{A213B57C-8765-48C6-9A01-B2C7B0A1338E}.Release|iPhone.ActiveCfg = Release|iPhone
		{A213B57C-8765-48C6-9A01-B2C7B0A1338E}.Release|iPhone.Build.0 = Release|iPhone
		{A213B57C-8765-48C6-9A01-B2C7B0A1338E}.Release|iPhoneSimulator.ActiveCfg = Release|iPhoneSimulator
		{A213B57C-8765-48C6-9A01-B2C7B0A1338E}.Release|iPhoneSimulator.Build.0 = Release|iPhoneSimulator
		{A213B57C-8765-48C6-9A01-B2C7B0A1338E}.Release|x64.ActiveCfg = Release|iPhone
		{A213B57C-8765-48C6-9A01-B2C7B0A1338E}.Release|x86.ActiveCfg = Release|iPhone
		{E7D7F55B-F9BC-4C69-AA3C-6A4172096D77}.Ad-Hoc|Any CPU.ActiveCfg = Release|x86
		{E7D7F55B-F9BC-4C69-AA3C-6A4172096D77}.Ad-Hoc|Any CPU.Build.0 = Release|x86
		{E7D7F55B-F9BC-4C69-AA3C-6A4172096D77}.Ad-Hoc|Any CPU.Deploy.0 = Release|x86
		{E7D7F55B-F9BC-4C69-AA3C-6A4172096D77}.Ad-Hoc|ARM.ActiveCfg = Release|ARM
		{E7D7F55B-F9BC-4C69-AA3C-6A4172096D77}.Ad-Hoc|ARM.Build.0 = Release|ARM
		{E7D7F55B-F9BC-4C69-AA3C-6A4172096D77}.Ad-Hoc|ARM.Deploy.0 = Release|ARM
		{E7D7F55B-F9BC-4C69-AA3C-6A4172096D77}.Ad-Hoc|iPhone.ActiveCfg = Release|x86
		{E7D7F55B-F9BC-4C69-AA3C-6A4172096D77}.Ad-Hoc|iPhone.Build.0 = Release|x86
		{E7D7F55B-F9BC-4C69-AA3C-6A4172096D77}.Ad-Hoc|iPhone.Deploy.0 = Release|x86
		{E7D7F55B-F9BC-4C69-AA3C-6A4172096D77}.Ad-Hoc|iPhoneSimulator.ActiveCfg = Release|x86
		{E7D7F55B-F9BC-4C69-AA3C-6A4172096D77}.Ad-Hoc|iPhoneSimulator.Build.0 = Release|x86
		{E7D7F55B-F9BC-4C69-AA3C-6A4172096D77}.Ad-Hoc|iPhoneSimulator.Deploy.0 = Release|x86
		{E7D7F55B-F9BC-4C69-AA3C-6A4172096D77}.Ad-Hoc|x64.ActiveCfg = Release|x64
		{E7D7F55B-F9BC-4C69-AA3C-6A4172096D77}.Ad-Hoc|x64.Build.0 = Release|x64
		{E7D7F55B-F9BC-4C69-AA3C-6A4172096D77}.Ad-Hoc|x64.Deploy.0 = Release|x64
		{E7D7F55B-F9BC-4C69-AA3C-6A4172096D77}.Ad-Hoc|x86.ActiveCfg = Release|x86
		{E7D7F55B-F9BC-4C69-AA3C-6A4172096D77}.Ad-Hoc|x86.Build.0 = Release|x86
		{E7D7F55B-F9BC-4C69-AA3C-6A4172096D77}.Ad-Hoc|x86.Deploy.0 = Release|x86
		{E7D7F55B-F9BC-4C69-AA3C-6A4172096D77}.AppStore|Any CPU.ActiveCfg = Release|x86
		{E7D7F55B-F9BC-4C69-AA3C-6A4172096D77}.AppStore|Any CPU.Build.0 = Release|x86
		{E7D7F55B-F9BC-4C69-AA3C-6A4172096D77}.AppStore|Any CPU.Deploy.0 = Release|x86
		{E7D7F55B-F9BC-4C69-AA3C-6A4172096D77}.AppStore|ARM.ActiveCfg = Release|ARM
		{E7D7F55B-F9BC-4C69-AA3C-6A4172096D77}.AppStore|ARM.Build.0 = Release|ARM
		{E7D7F55B-F9BC-4C69-AA3C-6A4172096D77}.AppStore|ARM.Deploy.0 = Release|ARM
		{E7D7F55B-F9BC-4C69-AA3C-6A4172096D77}.AppStore|iPhone.ActiveCfg = Release|x86
		{E7D7F55B-F9BC-4C69-AA3C-6A4172096D77}.AppStore|iPhone.Build.0 = Release|x86
		{E7D7F55B-F9BC-4C69-AA3C-6A4172096D77}.AppStore|iPhone.Deploy.0 = Release|x86
		{E7D7F55B-F9BC-4C69-AA3C-6A4172096D77}.AppStore|iPhoneSimulator.ActiveCfg = Release|x86
		{E7D7F55B-F9BC-4C69-AA3C-6A4172096D77}.AppStore|iPhoneSimulator.Build.0 = Release|x86
		{E7D7F55B-F9BC-4C69-AA3C-6A4172096D77}.AppStore|iPhoneSimulator.Deploy.0 = Release|x86
		{E7D7F55B-F9BC-4C69-AA3C-6A4172096D77}.AppStore|x64.ActiveCfg = Release|x64
		{E7D7F55B-F9BC-4C69-AA3C-6A4172096D77}.AppStore|x64.Build.0 = Release|x64
		{E7D7F55B-F9BC-4C69-AA3C-6A4172096D77}.AppStore|x64.Deploy.0 = Release|x64
		{E7D7F55B-F9BC-4C69-AA3C-6A4172096D77}.AppStore|x86.ActiveCfg = Release|x86
		{E7D7F55B-F9BC-4C69-AA3C-6A4172096D77}.AppStore|x86.Build.0 = Release|x86
		{E7D7F55B-F9BC-4C69-AA3C-6A4172096D77}.AppStore|x86.Deploy.0 = Release|x86
		{E7D7F55B-F9BC-4C69-AA3C-6A4172096D77}.Debug|Any CPU.ActiveCfg = Debug|x86
		{E7D7F55B-F9BC-4C69-AA3C-6A4172096D77}.Debug|Any CPU.Build.0 = Debug|x86
		{E7D7F55B-F9BC-4C69-AA3C-6A4172096D77}.Debug|Any CPU.Deploy.0 = Debug|x86
		{E7D7F55B-F9BC-4C69-AA3C-6A4172096D77}.Debug|ARM.ActiveCfg = Debug|ARM
		{E7D7F55B-F9BC-4C69-AA3C-6A4172096D77}.Debug|ARM.Build.0 = Debug|ARM
		{E7D7F55B-F9BC-4C69-AA3C-6A4172096D77}.Debug|ARM.Deploy.0 = Debug|ARM
		{E7D7F55B-F9BC-4C69-AA3C-6A4172096D77}.Debug|iPhone.ActiveCfg = Debug|x86
		{E7D7F55B-F9BC-4C69-AA3C-6A4172096D77}.Debug|iPhoneSimulator.ActiveCfg = Debug|x86
		{E7D7F55B-F9BC-4C69-AA3C-6A4172096D77}.Debug|x64.ActiveCfg = Debug|x64
		{E7D7F55B-F9BC-4C69-AA3C-6A4172096D77}.Debug|x64.Build.0 = Debug|x64
		{E7D7F55B-F9BC-4C69-AA3C-6A4172096D77}.Debug|x64.Deploy.0 = Debug|x64
		{E7D7F55B-F9BC-4C69-AA3C-6A4172096D77}.Debug|x86.ActiveCfg = Debug|x86
		{E7D7F55B-F9BC-4C69-AA3C-6A4172096D77}.Debug|x86.Build.0 = Debug|x86
		{E7D7F55B-F9BC-4C69-AA3C-6A4172096D77}.Debug|x86.Deploy.0 = Debug|x86
		{E7D7F55B-F9BC-4C69-AA3C-6A4172096D77}.Release|Any CPU.ActiveCfg = Release|x86
		{E7D7F55B-F9BC-4C69-AA3C-6A4172096D77}.Release|Any CPU.Build.0 = Release|x86
		{E7D7F55B-F9BC-4C69-AA3C-6A4172096D77}.Release|Any CPU.Deploy.0 = Release|x86
		{E7D7F55B-F9BC-4C69-AA3C-6A4172096D77}.Release|ARM.ActiveCfg = Release|ARM
		{E7D7F55B-F9BC-4C69-AA3C-6A4172096D77}.Release|ARM.Build.0 = Release|ARM
		{E7D7F55B-F9BC-4C69-AA3C-6A4172096D77}.Release|ARM.Deploy.0 = Release|ARM
		{E7D7F55B-F9BC-4C69-AA3C-6A4172096D77}.Release|iPhone.ActiveCfg = Release|x86
		{E7D7F55B-F9BC-4C69-AA3C-6A4172096D77}.Release|iPhone.Build.0 = Release|x86
		{E7D7F55B-F9BC-4C69-AA3C-6A4172096D77}.Release|iPhone.Deploy.0 = Release|x86
		{E7D7F55B-F9BC-4C69-AA3C-6A4172096D77}.Release|iPhoneSimulator.ActiveCfg = Release|x86
		{E7D7F55B-F9BC-4C69-AA3C-6A4172096D77}.Release|x64.ActiveCfg = Release|x64
		{E7D7F55B-F9BC-4C69-AA3C-6A4172096D77}.Release|x64.Build.0 = Release|x64
		{E7D7F55B-F9BC-4C69-AA3C-6A4172096D77}.Release|x64.Deploy.0 = Release|x64
		{E7D7F55B-F9BC-4C69-AA3C-6A4172096D77}.Release|x86.ActiveCfg = Release|x86
		{E7D7F55B-F9BC-4C69-AA3C-6A4172096D77}.Release|x86.Build.0 = Release|x86
		{E7D7F55B-F9BC-4C69-AA3C-6A4172096D77}.Release|x86.Deploy.0 = Release|x86
		{90E5BA70-1058-49B4-84FE-41FB714ED073}.Ad-Hoc|Any CPU.ActiveCfg = Release|Any CPU
		{90E5BA70-1058-49B4-84FE-41FB714ED073}.Ad-Hoc|Any CPU.Build.0 = Release|Any CPU
		{90E5BA70-1058-49B4-84FE-41FB714ED073}.Ad-Hoc|ARM.ActiveCfg = Release|Any CPU
		{90E5BA70-1058-49B4-84FE-41FB714ED073}.Ad-Hoc|ARM.Build.0 = Release|Any CPU
		{90E5BA70-1058-49B4-84FE-41FB714ED073}.Ad-Hoc|iPhone.ActiveCfg = Release|Any CPU
		{90E5BA70-1058-49B4-84FE-41FB714ED073}.Ad-Hoc|iPhone.Build.0 = Release|Any CPU
		{90E5BA70-1058-49B4-84FE-41FB714ED073}.Ad-Hoc|iPhoneSimulator.ActiveCfg = Release|Any CPU
		{90E5BA70-1058-49B4-84FE-41FB714ED073}.Ad-Hoc|iPhoneSimulator.Build.0 = Release|Any CPU
		{90E5BA70-1058-49B4-84FE-41FB714ED073}.Ad-Hoc|x64.ActiveCfg = Release|Any CPU
		{90E5BA70-1058-49B4-84FE-41FB714ED073}.Ad-Hoc|x64.Build.0 = Release|Any CPU
		{90E5BA70-1058-49B4-84FE-41FB714ED073}.Ad-Hoc|x86.ActiveCfg = Release|Any CPU
		{90E5BA70-1058-49B4-84FE-41FB714ED073}.Ad-Hoc|x86.Build.0 = Release|Any CPU
		{90E5BA70-1058-49B4-84FE-41FB714ED073}.AppStore|Any CPU.ActiveCfg = Release|Any CPU
		{90E5BA70-1058-49B4-84FE-41FB714ED073}.AppStore|Any CPU.Build.0 = Release|Any CPU
		{90E5BA70-1058-49B4-84FE-41FB714ED073}.AppStore|ARM.ActiveCfg = Release|Any CPU
		{90E5BA70-1058-49B4-84FE-41FB714ED073}.AppStore|ARM.Build.0 = Release|Any CPU
		{90E5BA70-1058-49B4-84FE-41FB714ED073}.AppStore|iPhone.ActiveCfg = Release|Any CPU
		{90E5BA70-1058-49B4-84FE-41FB714ED073}.AppStore|iPhone.Build.0 = Release|Any CPU
		{90E5BA70-1058-49B4-84FE-41FB714ED073}.AppStore|iPhoneSimulator.ActiveCfg = Release|Any CPU
		{90E5BA70-1058-49B4-84FE-41FB714ED073}.AppStore|iPhoneSimulator.Build.0 = Release|Any CPU
		{90E5BA70-1058-49B4-84FE-41FB714ED073}.AppStore|x64.ActiveCfg = Release|Any CPU
		{90E5BA70-1058-49B4-84FE-41FB714ED073}.AppStore|x64.Build.0 = Release|Any CPU
		{90E5BA70-1058-49B4-84FE-41FB714ED073}.AppStore|x86.ActiveCfg = Release|Any CPU
		{90E5BA70-1058-49B4-84FE-41FB714ED073}.AppStore|x86.Build.0 = Release|Any CPU
		{90E5BA70-1058-49B4-84FE-41FB714ED073}.Debug|Any CPU.ActiveCfg = Debug|Any CPU
		{90E5BA70-1058-49B4-84FE-41FB714ED073}.Debug|Any CPU.Build.0 = Debug|Any CPU
		{90E5BA70-1058-49B4-84FE-41FB714ED073}.Debug|ARM.ActiveCfg = Debug|Any CPU
		{90E5BA70-1058-49B4-84FE-41FB714ED073}.Debug|ARM.Build.0 = Debug|Any CPU
		{90E5BA70-1058-49B4-84FE-41FB714ED073}.Debug|iPhone.ActiveCfg = Debug|Any CPU
		{90E5BA70-1058-49B4-84FE-41FB714ED073}.Debug|iPhone.Build.0 = Debug|Any CPU
		{90E5BA70-1058-49B4-84FE-41FB714ED073}.Debug|iPhoneSimulator.ActiveCfg = Debug|Any CPU
		{90E5BA70-1058-49B4-84FE-41FB714ED073}.Debug|iPhoneSimulator.Build.0 = Debug|Any CPU
		{90E5BA70-1058-49B4-84FE-41FB714ED073}.Debug|x64.ActiveCfg = Debug|Any CPU
		{90E5BA70-1058-49B4-84FE-41FB714ED073}.Debug|x64.Build.0 = Debug|Any CPU
		{90E5BA70-1058-49B4-84FE-41FB714ED073}.Debug|x86.ActiveCfg = Debug|Any CPU
		{90E5BA70-1058-49B4-84FE-41FB714ED073}.Debug|x86.Build.0 = Debug|Any CPU
		{90E5BA70-1058-49B4-84FE-41FB714ED073}.Release|Any CPU.ActiveCfg = Release|Any CPU
		{90E5BA70-1058-49B4-84FE-41FB714ED073}.Release|Any CPU.Build.0 = Release|Any CPU
		{90E5BA70-1058-49B4-84FE-41FB714ED073}.Release|ARM.ActiveCfg = Release|Any CPU
		{90E5BA70-1058-49B4-84FE-41FB714ED073}.Release|ARM.Build.0 = Release|Any CPU
		{90E5BA70-1058-49B4-84FE-41FB714ED073}.Release|iPhone.ActiveCfg = Release|Any CPU
		{90E5BA70-1058-49B4-84FE-41FB714ED073}.Release|iPhone.Build.0 = Release|Any CPU
		{90E5BA70-1058-49B4-84FE-41FB714ED073}.Release|iPhoneSimulator.ActiveCfg = Release|Any CPU
		{90E5BA70-1058-49B4-84FE-41FB714ED073}.Release|iPhoneSimulator.Build.0 = Release|Any CPU
		{90E5BA70-1058-49B4-84FE-41FB714ED073}.Release|x64.ActiveCfg = Release|Any CPU
		{90E5BA70-1058-49B4-84FE-41FB714ED073}.Release|x64.Build.0 = Release|Any CPU
		{90E5BA70-1058-49B4-84FE-41FB714ED073}.Release|x86.ActiveCfg = Release|Any CPU
		{90E5BA70-1058-49B4-84FE-41FB714ED073}.Release|x86.Build.0 = Release|Any CPU
		{D445FCD3-8DA4-4B29-8983-DDCDF982E252}.Ad-Hoc|Any CPU.ActiveCfg = Release|Any CPU
		{D445FCD3-8DA4-4B29-8983-DDCDF982E252}.Ad-Hoc|Any CPU.Build.0 = Release|Any CPU
		{D445FCD3-8DA4-4B29-8983-DDCDF982E252}.Ad-Hoc|Any CPU.Deploy.0 = Release|Any CPU
		{D445FCD3-8DA4-4B29-8983-DDCDF982E252}.Ad-Hoc|ARM.ActiveCfg = Release|Any CPU
		{D445FCD3-8DA4-4B29-8983-DDCDF982E252}.Ad-Hoc|ARM.Build.0 = Release|Any CPU
		{D445FCD3-8DA4-4B29-8983-DDCDF982E252}.Ad-Hoc|ARM.Deploy.0 = Release|Any CPU
		{D445FCD3-8DA4-4B29-8983-DDCDF982E252}.Ad-Hoc|iPhone.ActiveCfg = Release|Any CPU
		{D445FCD3-8DA4-4B29-8983-DDCDF982E252}.Ad-Hoc|iPhone.Build.0 = Release|Any CPU
		{D445FCD3-8DA4-4B29-8983-DDCDF982E252}.Ad-Hoc|iPhone.Deploy.0 = Release|Any CPU
		{D445FCD3-8DA4-4B29-8983-DDCDF982E252}.Ad-Hoc|iPhoneSimulator.ActiveCfg = Release|Any CPU
		{D445FCD3-8DA4-4B29-8983-DDCDF982E252}.Ad-Hoc|iPhoneSimulator.Build.0 = Release|Any CPU
		{D445FCD3-8DA4-4B29-8983-DDCDF982E252}.Ad-Hoc|iPhoneSimulator.Deploy.0 = Release|Any CPU
		{D445FCD3-8DA4-4B29-8983-DDCDF982E252}.Ad-Hoc|x64.ActiveCfg = Release|Any CPU
		{D445FCD3-8DA4-4B29-8983-DDCDF982E252}.Ad-Hoc|x64.Build.0 = Release|Any CPU
		{D445FCD3-8DA4-4B29-8983-DDCDF982E252}.Ad-Hoc|x64.Deploy.0 = Release|Any CPU
		{D445FCD3-8DA4-4B29-8983-DDCDF982E252}.Ad-Hoc|x86.ActiveCfg = Release|Any CPU
		{D445FCD3-8DA4-4B29-8983-DDCDF982E252}.Ad-Hoc|x86.Build.0 = Release|Any CPU
		{D445FCD3-8DA4-4B29-8983-DDCDF982E252}.Ad-Hoc|x86.Deploy.0 = Release|Any CPU
		{D445FCD3-8DA4-4B29-8983-DDCDF982E252}.AppStore|Any CPU.ActiveCfg = Release|Any CPU
		{D445FCD3-8DA4-4B29-8983-DDCDF982E252}.AppStore|Any CPU.Build.0 = Release|Any CPU
		{D445FCD3-8DA4-4B29-8983-DDCDF982E252}.AppStore|Any CPU.Deploy.0 = Release|Any CPU
		{D445FCD3-8DA4-4B29-8983-DDCDF982E252}.AppStore|ARM.ActiveCfg = Release|Any CPU
		{D445FCD3-8DA4-4B29-8983-DDCDF982E252}.AppStore|ARM.Build.0 = Release|Any CPU
		{D445FCD3-8DA4-4B29-8983-DDCDF982E252}.AppStore|ARM.Deploy.0 = Release|Any CPU
		{D445FCD3-8DA4-4B29-8983-DDCDF982E252}.AppStore|iPhone.ActiveCfg = Release|Any CPU
		{D445FCD3-8DA4-4B29-8983-DDCDF982E252}.AppStore|iPhone.Build.0 = Release|Any CPU
		{D445FCD3-8DA4-4B29-8983-DDCDF982E252}.AppStore|iPhone.Deploy.0 = Release|Any CPU
		{D445FCD3-8DA4-4B29-8983-DDCDF982E252}.AppStore|iPhoneSimulator.ActiveCfg = Release|Any CPU
		{D445FCD3-8DA4-4B29-8983-DDCDF982E252}.AppStore|iPhoneSimulator.Build.0 = Release|Any CPU
		{D445FCD3-8DA4-4B29-8983-DDCDF982E252}.AppStore|iPhoneSimulator.Deploy.0 = Release|Any CPU
		{D445FCD3-8DA4-4B29-8983-DDCDF982E252}.AppStore|x64.ActiveCfg = Release|Any CPU
		{D445FCD3-8DA4-4B29-8983-DDCDF982E252}.AppStore|x64.Build.0 = Release|Any CPU
		{D445FCD3-8DA4-4B29-8983-DDCDF982E252}.AppStore|x64.Deploy.0 = Release|Any CPU
		{D445FCD3-8DA4-4B29-8983-DDCDF982E252}.AppStore|x86.ActiveCfg = Release|Any CPU
		{D445FCD3-8DA4-4B29-8983-DDCDF982E252}.AppStore|x86.Build.0 = Release|Any CPU
		{D445FCD3-8DA4-4B29-8983-DDCDF982E252}.AppStore|x86.Deploy.0 = Release|Any CPU
		{D445FCD3-8DA4-4B29-8983-DDCDF982E252}.Debug|Any CPU.ActiveCfg = Debug|Any CPU
		{D445FCD3-8DA4-4B29-8983-DDCDF982E252}.Debug|Any CPU.Build.0 = Debug|Any CPU
		{D445FCD3-8DA4-4B29-8983-DDCDF982E252}.Debug|Any CPU.Deploy.0 = Debug|Any CPU
		{D445FCD3-8DA4-4B29-8983-DDCDF982E252}.Debug|ARM.ActiveCfg = Debug|Any CPU
		{D445FCD3-8DA4-4B29-8983-DDCDF982E252}.Debug|ARM.Build.0 = Debug|Any CPU
		{D445FCD3-8DA4-4B29-8983-DDCDF982E252}.Debug|ARM.Deploy.0 = Debug|Any CPU
		{D445FCD3-8DA4-4B29-8983-DDCDF982E252}.Debug|iPhone.ActiveCfg = Debug|Any CPU
		{D445FCD3-8DA4-4B29-8983-DDCDF982E252}.Debug|iPhone.Build.0 = Debug|Any CPU
		{D445FCD3-8DA4-4B29-8983-DDCDF982E252}.Debug|iPhone.Deploy.0 = Debug|Any CPU
		{D445FCD3-8DA4-4B29-8983-DDCDF982E252}.Debug|iPhoneSimulator.ActiveCfg = Debug|Any CPU
		{D445FCD3-8DA4-4B29-8983-DDCDF982E252}.Debug|iPhoneSimulator.Build.0 = Debug|Any CPU
		{D445FCD3-8DA4-4B29-8983-DDCDF982E252}.Debug|iPhoneSimulator.Deploy.0 = Debug|Any CPU
		{D445FCD3-8DA4-4B29-8983-DDCDF982E252}.Debug|x64.ActiveCfg = Debug|Any CPU
		{D445FCD3-8DA4-4B29-8983-DDCDF982E252}.Debug|x64.Build.0 = Debug|Any CPU
		{D445FCD3-8DA4-4B29-8983-DDCDF982E252}.Debug|x64.Deploy.0 = Debug|Any CPU
		{D445FCD3-8DA4-4B29-8983-DDCDF982E252}.Debug|x86.ActiveCfg = Debug|Any CPU
		{D445FCD3-8DA4-4B29-8983-DDCDF982E252}.Debug|x86.Build.0 = Debug|Any CPU
		{D445FCD3-8DA4-4B29-8983-DDCDF982E252}.Debug|x86.Deploy.0 = Debug|Any CPU
		{D445FCD3-8DA4-4B29-8983-DDCDF982E252}.Release|Any CPU.ActiveCfg = Release|Any CPU
		{D445FCD3-8DA4-4B29-8983-DDCDF982E252}.Release|Any CPU.Build.0 = Release|Any CPU
		{D445FCD3-8DA4-4B29-8983-DDCDF982E252}.Release|Any CPU.Deploy.0 = Release|Any CPU
		{D445FCD3-8DA4-4B29-8983-DDCDF982E252}.Release|ARM.ActiveCfg = Release|Any CPU
		{D445FCD3-8DA4-4B29-8983-DDCDF982E252}.Release|ARM.Build.0 = Release|Any CPU
		{D445FCD3-8DA4-4B29-8983-DDCDF982E252}.Release|ARM.Deploy.0 = Release|Any CPU
		{D445FCD3-8DA4-4B29-8983-DDCDF982E252}.Release|iPhone.ActiveCfg = Release|Any CPU
		{D445FCD3-8DA4-4B29-8983-DDCDF982E252}.Release|iPhone.Build.0 = Release|Any CPU
		{D445FCD3-8DA4-4B29-8983-DDCDF982E252}.Release|iPhone.Deploy.0 = Release|Any CPU
		{D445FCD3-8DA4-4B29-8983-DDCDF982E252}.Release|iPhoneSimulator.ActiveCfg = Release|Any CPU
		{D445FCD3-8DA4-4B29-8983-DDCDF982E252}.Release|iPhoneSimulator.Build.0 = Release|Any CPU
		{D445FCD3-8DA4-4B29-8983-DDCDF982E252}.Release|iPhoneSimulator.Deploy.0 = Release|Any CPU
		{D445FCD3-8DA4-4B29-8983-DDCDF982E252}.Release|x64.ActiveCfg = Release|Any CPU
		{D445FCD3-8DA4-4B29-8983-DDCDF982E252}.Release|x64.Build.0 = Release|Any CPU
		{D445FCD3-8DA4-4B29-8983-DDCDF982E252}.Release|x64.Deploy.0 = Release|Any CPU
		{D445FCD3-8DA4-4B29-8983-DDCDF982E252}.Release|x86.ActiveCfg = Release|Any CPU
		{D445FCD3-8DA4-4B29-8983-DDCDF982E252}.Release|x86.Build.0 = Release|Any CPU
		{D445FCD3-8DA4-4B29-8983-DDCDF982E252}.Release|x86.Deploy.0 = Release|Any CPU
		{6C60F255-DED7-4BBF-A5BE-70242F80D503}.Ad-Hoc|Any CPU.ActiveCfg = Ad-Hoc|iPhone
		{6C60F255-DED7-4BBF-A5BE-70242F80D503}.Ad-Hoc|ARM.ActiveCfg = Ad-Hoc|iPhone
		{6C60F255-DED7-4BBF-A5BE-70242F80D503}.Ad-Hoc|iPhone.ActiveCfg = Ad-Hoc|iPhone
		{6C60F255-DED7-4BBF-A5BE-70242F80D503}.Ad-Hoc|iPhone.Build.0 = Ad-Hoc|iPhone
		{6C60F255-DED7-4BBF-A5BE-70242F80D503}.Ad-Hoc|iPhoneSimulator.ActiveCfg = Ad-Hoc|iPhoneSimulator
		{6C60F255-DED7-4BBF-A5BE-70242F80D503}.Ad-Hoc|iPhoneSimulator.Build.0 = Ad-Hoc|iPhoneSimulator
		{6C60F255-DED7-4BBF-A5BE-70242F80D503}.Ad-Hoc|x64.ActiveCfg = Ad-Hoc|iPhone
		{6C60F255-DED7-4BBF-A5BE-70242F80D503}.Ad-Hoc|x86.ActiveCfg = Ad-Hoc|iPhone
		{6C60F255-DED7-4BBF-A5BE-70242F80D503}.AppStore|Any CPU.ActiveCfg = AppStore|iPhone
		{6C60F255-DED7-4BBF-A5BE-70242F80D503}.AppStore|ARM.ActiveCfg = AppStore|iPhone
		{6C60F255-DED7-4BBF-A5BE-70242F80D503}.AppStore|iPhone.ActiveCfg = AppStore|iPhone
		{6C60F255-DED7-4BBF-A5BE-70242F80D503}.AppStore|iPhone.Build.0 = AppStore|iPhone
		{6C60F255-DED7-4BBF-A5BE-70242F80D503}.AppStore|iPhoneSimulator.ActiveCfg = AppStore|iPhoneSimulator
		{6C60F255-DED7-4BBF-A5BE-70242F80D503}.AppStore|iPhoneSimulator.Build.0 = AppStore|iPhoneSimulator
		{6C60F255-DED7-4BBF-A5BE-70242F80D503}.AppStore|x64.ActiveCfg = AppStore|iPhone
		{6C60F255-DED7-4BBF-A5BE-70242F80D503}.AppStore|x86.ActiveCfg = AppStore|iPhone
		{6C60F255-DED7-4BBF-A5BE-70242F80D503}.Debug|Any CPU.ActiveCfg = Debug|iPhone
		{6C60F255-DED7-4BBF-A5BE-70242F80D503}.Debug|ARM.ActiveCfg = Debug|iPhone
		{6C60F255-DED7-4BBF-A5BE-70242F80D503}.Debug|iPhone.ActiveCfg = Debug|iPhone
		{6C60F255-DED7-4BBF-A5BE-70242F80D503}.Debug|iPhone.Build.0 = Debug|iPhone
		{6C60F255-DED7-4BBF-A5BE-70242F80D503}.Debug|iPhoneSimulator.ActiveCfg = Debug|iPhoneSimulator
		{6C60F255-DED7-4BBF-A5BE-70242F80D503}.Debug|iPhoneSimulator.Build.0 = Debug|iPhoneSimulator
		{6C60F255-DED7-4BBF-A5BE-70242F80D503}.Debug|x64.ActiveCfg = Debug|iPhone
		{6C60F255-DED7-4BBF-A5BE-70242F80D503}.Debug|x86.ActiveCfg = Debug|iPhone
		{6C60F255-DED7-4BBF-A5BE-70242F80D503}.Release|Any CPU.ActiveCfg = Release|iPhone
		{6C60F255-DED7-4BBF-A5BE-70242F80D503}.Release|Any CPU.Build.0 = Release|iPhone
		{6C60F255-DED7-4BBF-A5BE-70242F80D503}.Release|ARM.ActiveCfg = Release|iPhone
		{6C60F255-DED7-4BBF-A5BE-70242F80D503}.Release|iPhone.ActiveCfg = Release|iPhone
		{6C60F255-DED7-4BBF-A5BE-70242F80D503}.Release|iPhone.Build.0 = Release|iPhone
		{6C60F255-DED7-4BBF-A5BE-70242F80D503}.Release|iPhoneSimulator.ActiveCfg = Release|iPhoneSimulator
		{6C60F255-DED7-4BBF-A5BE-70242F80D503}.Release|iPhoneSimulator.Build.0 = Release|iPhoneSimulator
		{6C60F255-DED7-4BBF-A5BE-70242F80D503}.Release|x64.ActiveCfg = Release|iPhone
		{6C60F255-DED7-4BBF-A5BE-70242F80D503}.Release|x86.ActiveCfg = Release|iPhone
		{DA637640-3BE5-4FE2-B802-E067AD97DFF3}.Ad-Hoc|Any CPU.ActiveCfg = Release|x86
		{DA637640-3BE5-4FE2-B802-E067AD97DFF3}.Ad-Hoc|Any CPU.Build.0 = Release|x86
		{DA637640-3BE5-4FE2-B802-E067AD97DFF3}.Ad-Hoc|Any CPU.Deploy.0 = Release|x86
		{DA637640-3BE5-4FE2-B802-E067AD97DFF3}.Ad-Hoc|ARM.ActiveCfg = Release|ARM
		{DA637640-3BE5-4FE2-B802-E067AD97DFF3}.Ad-Hoc|ARM.Build.0 = Release|ARM
		{DA637640-3BE5-4FE2-B802-E067AD97DFF3}.Ad-Hoc|ARM.Deploy.0 = Release|ARM
		{DA637640-3BE5-4FE2-B802-E067AD97DFF3}.Ad-Hoc|iPhone.ActiveCfg = Release|x86
		{DA637640-3BE5-4FE2-B802-E067AD97DFF3}.Ad-Hoc|iPhone.Build.0 = Release|x86
		{DA637640-3BE5-4FE2-B802-E067AD97DFF3}.Ad-Hoc|iPhone.Deploy.0 = Release|x86
		{DA637640-3BE5-4FE2-B802-E067AD97DFF3}.Ad-Hoc|iPhoneSimulator.ActiveCfg = Release|x86
		{DA637640-3BE5-4FE2-B802-E067AD97DFF3}.Ad-Hoc|iPhoneSimulator.Build.0 = Release|x86
		{DA637640-3BE5-4FE2-B802-E067AD97DFF3}.Ad-Hoc|iPhoneSimulator.Deploy.0 = Release|x86
		{DA637640-3BE5-4FE2-B802-E067AD97DFF3}.Ad-Hoc|x64.ActiveCfg = Release|x64
		{DA637640-3BE5-4FE2-B802-E067AD97DFF3}.Ad-Hoc|x64.Build.0 = Release|x64
		{DA637640-3BE5-4FE2-B802-E067AD97DFF3}.Ad-Hoc|x64.Deploy.0 = Release|x64
		{DA637640-3BE5-4FE2-B802-E067AD97DFF3}.Ad-Hoc|x86.ActiveCfg = Release|x86
		{DA637640-3BE5-4FE2-B802-E067AD97DFF3}.Ad-Hoc|x86.Build.0 = Release|x86
		{DA637640-3BE5-4FE2-B802-E067AD97DFF3}.Ad-Hoc|x86.Deploy.0 = Release|x86
		{DA637640-3BE5-4FE2-B802-E067AD97DFF3}.AppStore|Any CPU.ActiveCfg = Release|x86
		{DA637640-3BE5-4FE2-B802-E067AD97DFF3}.AppStore|Any CPU.Build.0 = Release|x86
		{DA637640-3BE5-4FE2-B802-E067AD97DFF3}.AppStore|Any CPU.Deploy.0 = Release|x86
		{DA637640-3BE5-4FE2-B802-E067AD97DFF3}.AppStore|ARM.ActiveCfg = Release|ARM
		{DA637640-3BE5-4FE2-B802-E067AD97DFF3}.AppStore|ARM.Build.0 = Release|ARM
		{DA637640-3BE5-4FE2-B802-E067AD97DFF3}.AppStore|ARM.Deploy.0 = Release|ARM
		{DA637640-3BE5-4FE2-B802-E067AD97DFF3}.AppStore|iPhone.ActiveCfg = Release|x86
		{DA637640-3BE5-4FE2-B802-E067AD97DFF3}.AppStore|iPhone.Build.0 = Release|x86
		{DA637640-3BE5-4FE2-B802-E067AD97DFF3}.AppStore|iPhone.Deploy.0 = Release|x86
		{DA637640-3BE5-4FE2-B802-E067AD97DFF3}.AppStore|iPhoneSimulator.ActiveCfg = Release|x86
		{DA637640-3BE5-4FE2-B802-E067AD97DFF3}.AppStore|iPhoneSimulator.Build.0 = Release|x86
		{DA637640-3BE5-4FE2-B802-E067AD97DFF3}.AppStore|iPhoneSimulator.Deploy.0 = Release|x86
		{DA637640-3BE5-4FE2-B802-E067AD97DFF3}.AppStore|x64.ActiveCfg = Release|x64
		{DA637640-3BE5-4FE2-B802-E067AD97DFF3}.AppStore|x64.Build.0 = Release|x64
		{DA637640-3BE5-4FE2-B802-E067AD97DFF3}.AppStore|x64.Deploy.0 = Release|x64
		{DA637640-3BE5-4FE2-B802-E067AD97DFF3}.AppStore|x86.ActiveCfg = Release|x86
		{DA637640-3BE5-4FE2-B802-E067AD97DFF3}.AppStore|x86.Build.0 = Release|x86
		{DA637640-3BE5-4FE2-B802-E067AD97DFF3}.AppStore|x86.Deploy.0 = Release|x86
		{DA637640-3BE5-4FE2-B802-E067AD97DFF3}.Debug|Any CPU.ActiveCfg = Debug|x86
		{DA637640-3BE5-4FE2-B802-E067AD97DFF3}.Debug|Any CPU.Build.0 = Debug|x86
		{DA637640-3BE5-4FE2-B802-E067AD97DFF3}.Debug|Any CPU.Deploy.0 = Debug|x86
		{DA637640-3BE5-4FE2-B802-E067AD97DFF3}.Debug|ARM.ActiveCfg = Debug|ARM
		{DA637640-3BE5-4FE2-B802-E067AD97DFF3}.Debug|ARM.Build.0 = Debug|ARM
		{DA637640-3BE5-4FE2-B802-E067AD97DFF3}.Debug|ARM.Deploy.0 = Debug|ARM
		{DA637640-3BE5-4FE2-B802-E067AD97DFF3}.Debug|iPhone.ActiveCfg = Debug|x86
		{DA637640-3BE5-4FE2-B802-E067AD97DFF3}.Debug|iPhoneSimulator.ActiveCfg = Debug|x86
		{DA637640-3BE5-4FE2-B802-E067AD97DFF3}.Debug|x64.ActiveCfg = Debug|x64
		{DA637640-3BE5-4FE2-B802-E067AD97DFF3}.Debug|x64.Build.0 = Debug|x64
		{DA637640-3BE5-4FE2-B802-E067AD97DFF3}.Debug|x64.Deploy.0 = Debug|x64
		{DA637640-3BE5-4FE2-B802-E067AD97DFF3}.Debug|x86.ActiveCfg = Debug|x86
		{DA637640-3BE5-4FE2-B802-E067AD97DFF3}.Debug|x86.Build.0 = Debug|x86
		{DA637640-3BE5-4FE2-B802-E067AD97DFF3}.Debug|x86.Deploy.0 = Debug|x86
		{DA637640-3BE5-4FE2-B802-E067AD97DFF3}.Release|Any CPU.ActiveCfg = Release|x86
		{DA637640-3BE5-4FE2-B802-E067AD97DFF3}.Release|Any CPU.Build.0 = Release|x86
		{DA637640-3BE5-4FE2-B802-E067AD97DFF3}.Release|Any CPU.Deploy.0 = Release|x86
		{DA637640-3BE5-4FE2-B802-E067AD97DFF3}.Release|ARM.ActiveCfg = Release|ARM
		{DA637640-3BE5-4FE2-B802-E067AD97DFF3}.Release|ARM.Build.0 = Release|ARM
		{DA637640-3BE5-4FE2-B802-E067AD97DFF3}.Release|ARM.Deploy.0 = Release|ARM
		{DA637640-3BE5-4FE2-B802-E067AD97DFF3}.Release|iPhone.ActiveCfg = Release|x86
		{DA637640-3BE5-4FE2-B802-E067AD97DFF3}.Release|iPhoneSimulator.ActiveCfg = Release|x86
		{DA637640-3BE5-4FE2-B802-E067AD97DFF3}.Release|x64.ActiveCfg = Release|x64
		{DA637640-3BE5-4FE2-B802-E067AD97DFF3}.Release|x64.Build.0 = Release|x64
		{DA637640-3BE5-4FE2-B802-E067AD97DFF3}.Release|x64.Deploy.0 = Release|x64
		{DA637640-3BE5-4FE2-B802-E067AD97DFF3}.Release|x86.ActiveCfg = Release|x86
		{DA637640-3BE5-4FE2-B802-E067AD97DFF3}.Release|x86.Build.0 = Release|x86
		{DA637640-3BE5-4FE2-B802-E067AD97DFF3}.Release|x86.Deploy.0 = Release|x86
		{A5B5F8D4-9D53-4673-B259-F1FA9406959C}.Ad-Hoc|Any CPU.ActiveCfg = Release|Any CPU
		{A5B5F8D4-9D53-4673-B259-F1FA9406959C}.Ad-Hoc|Any CPU.Build.0 = Release|Any CPU
		{A5B5F8D4-9D53-4673-B259-F1FA9406959C}.Ad-Hoc|ARM.ActiveCfg = Release|Any CPU
		{A5B5F8D4-9D53-4673-B259-F1FA9406959C}.Ad-Hoc|ARM.Build.0 = Release|Any CPU
		{A5B5F8D4-9D53-4673-B259-F1FA9406959C}.Ad-Hoc|iPhone.ActiveCfg = Release|Any CPU
		{A5B5F8D4-9D53-4673-B259-F1FA9406959C}.Ad-Hoc|iPhone.Build.0 = Release|Any CPU
		{A5B5F8D4-9D53-4673-B259-F1FA9406959C}.Ad-Hoc|iPhoneSimulator.ActiveCfg = Release|Any CPU
		{A5B5F8D4-9D53-4673-B259-F1FA9406959C}.Ad-Hoc|iPhoneSimulator.Build.0 = Release|Any CPU
		{A5B5F8D4-9D53-4673-B259-F1FA9406959C}.Ad-Hoc|x64.ActiveCfg = Release|Any CPU
		{A5B5F8D4-9D53-4673-B259-F1FA9406959C}.Ad-Hoc|x64.Build.0 = Release|Any CPU
		{A5B5F8D4-9D53-4673-B259-F1FA9406959C}.Ad-Hoc|x86.ActiveCfg = Release|Any CPU
		{A5B5F8D4-9D53-4673-B259-F1FA9406959C}.Ad-Hoc|x86.Build.0 = Release|Any CPU
		{A5B5F8D4-9D53-4673-B259-F1FA9406959C}.AppStore|Any CPU.ActiveCfg = Release|Any CPU
		{A5B5F8D4-9D53-4673-B259-F1FA9406959C}.AppStore|Any CPU.Build.0 = Release|Any CPU
		{A5B5F8D4-9D53-4673-B259-F1FA9406959C}.AppStore|ARM.ActiveCfg = Release|Any CPU
		{A5B5F8D4-9D53-4673-B259-F1FA9406959C}.AppStore|ARM.Build.0 = Release|Any CPU
		{A5B5F8D4-9D53-4673-B259-F1FA9406959C}.AppStore|iPhone.ActiveCfg = Release|Any CPU
		{A5B5F8D4-9D53-4673-B259-F1FA9406959C}.AppStore|iPhone.Build.0 = Release|Any CPU
		{A5B5F8D4-9D53-4673-B259-F1FA9406959C}.AppStore|iPhoneSimulator.ActiveCfg = Release|Any CPU
		{A5B5F8D4-9D53-4673-B259-F1FA9406959C}.AppStore|iPhoneSimulator.Build.0 = Release|Any CPU
		{A5B5F8D4-9D53-4673-B259-F1FA9406959C}.AppStore|x64.ActiveCfg = Release|Any CPU
		{A5B5F8D4-9D53-4673-B259-F1FA9406959C}.AppStore|x64.Build.0 = Release|Any CPU
		{A5B5F8D4-9D53-4673-B259-F1FA9406959C}.AppStore|x86.ActiveCfg = Release|Any CPU
		{A5B5F8D4-9D53-4673-B259-F1FA9406959C}.AppStore|x86.Build.0 = Release|Any CPU
		{A5B5F8D4-9D53-4673-B259-F1FA9406959C}.Debug|Any CPU.ActiveCfg = Debug|Any CPU
		{A5B5F8D4-9D53-4673-B259-F1FA9406959C}.Debug|Any CPU.Build.0 = Debug|Any CPU
		{A5B5F8D4-9D53-4673-B259-F1FA9406959C}.Debug|ARM.ActiveCfg = Debug|Any CPU
		{A5B5F8D4-9D53-4673-B259-F1FA9406959C}.Debug|ARM.Build.0 = Debug|Any CPU
		{A5B5F8D4-9D53-4673-B259-F1FA9406959C}.Debug|iPhone.ActiveCfg = Debug|Any CPU
		{A5B5F8D4-9D53-4673-B259-F1FA9406959C}.Debug|iPhone.Build.0 = Debug|Any CPU
		{A5B5F8D4-9D53-4673-B259-F1FA9406959C}.Debug|iPhoneSimulator.ActiveCfg = Debug|Any CPU
		{A5B5F8D4-9D53-4673-B259-F1FA9406959C}.Debug|iPhoneSimulator.Build.0 = Debug|Any CPU
		{A5B5F8D4-9D53-4673-B259-F1FA9406959C}.Debug|x64.ActiveCfg = Debug|Any CPU
		{A5B5F8D4-9D53-4673-B259-F1FA9406959C}.Debug|x64.Build.0 = Debug|Any CPU
		{A5B5F8D4-9D53-4673-B259-F1FA9406959C}.Debug|x86.ActiveCfg = Debug|Any CPU
		{A5B5F8D4-9D53-4673-B259-F1FA9406959C}.Debug|x86.Build.0 = Debug|Any CPU
		{A5B5F8D4-9D53-4673-B259-F1FA9406959C}.Release|Any CPU.ActiveCfg = Release|Any CPU
		{A5B5F8D4-9D53-4673-B259-F1FA9406959C}.Release|Any CPU.Build.0 = Release|Any CPU
		{A5B5F8D4-9D53-4673-B259-F1FA9406959C}.Release|ARM.ActiveCfg = Release|Any CPU
		{A5B5F8D4-9D53-4673-B259-F1FA9406959C}.Release|ARM.Build.0 = Release|Any CPU
		{A5B5F8D4-9D53-4673-B259-F1FA9406959C}.Release|iPhone.ActiveCfg = Release|Any CPU
		{A5B5F8D4-9D53-4673-B259-F1FA9406959C}.Release|iPhone.Build.0 = Release|Any CPU
		{A5B5F8D4-9D53-4673-B259-F1FA9406959C}.Release|iPhoneSimulator.ActiveCfg = Release|Any CPU
		{A5B5F8D4-9D53-4673-B259-F1FA9406959C}.Release|iPhoneSimulator.Build.0 = Release|Any CPU
		{A5B5F8D4-9D53-4673-B259-F1FA9406959C}.Release|x64.ActiveCfg = Release|Any CPU
		{A5B5F8D4-9D53-4673-B259-F1FA9406959C}.Release|x64.Build.0 = Release|Any CPU
		{A5B5F8D4-9D53-4673-B259-F1FA9406959C}.Release|x86.ActiveCfg = Release|Any CPU
		{A5B5F8D4-9D53-4673-B259-F1FA9406959C}.Release|x86.Build.0 = Release|Any CPU
		{BAAD8E83-E481-4ACE-ABB3-2A635A4E8EBC}.Ad-Hoc|Any CPU.ActiveCfg = Release|Any CPU
		{BAAD8E83-E481-4ACE-ABB3-2A635A4E8EBC}.Ad-Hoc|Any CPU.Build.0 = Release|Any CPU
		{BAAD8E83-E481-4ACE-ABB3-2A635A4E8EBC}.Ad-Hoc|Any CPU.Deploy.0 = Release|Any CPU
		{BAAD8E83-E481-4ACE-ABB3-2A635A4E8EBC}.Ad-Hoc|ARM.ActiveCfg = Release|Any CPU
		{BAAD8E83-E481-4ACE-ABB3-2A635A4E8EBC}.Ad-Hoc|ARM.Build.0 = Release|Any CPU
		{BAAD8E83-E481-4ACE-ABB3-2A635A4E8EBC}.Ad-Hoc|ARM.Deploy.0 = Release|Any CPU
		{BAAD8E83-E481-4ACE-ABB3-2A635A4E8EBC}.Ad-Hoc|iPhone.ActiveCfg = Release|Any CPU
		{BAAD8E83-E481-4ACE-ABB3-2A635A4E8EBC}.Ad-Hoc|iPhone.Build.0 = Release|Any CPU
		{BAAD8E83-E481-4ACE-ABB3-2A635A4E8EBC}.Ad-Hoc|iPhone.Deploy.0 = Release|Any CPU
		{BAAD8E83-E481-4ACE-ABB3-2A635A4E8EBC}.Ad-Hoc|iPhoneSimulator.ActiveCfg = Release|Any CPU
		{BAAD8E83-E481-4ACE-ABB3-2A635A4E8EBC}.Ad-Hoc|iPhoneSimulator.Build.0 = Release|Any CPU
		{BAAD8E83-E481-4ACE-ABB3-2A635A4E8EBC}.Ad-Hoc|iPhoneSimulator.Deploy.0 = Release|Any CPU
		{BAAD8E83-E481-4ACE-ABB3-2A635A4E8EBC}.Ad-Hoc|x64.ActiveCfg = Release|Any CPU
		{BAAD8E83-E481-4ACE-ABB3-2A635A4E8EBC}.Ad-Hoc|x64.Build.0 = Release|Any CPU
		{BAAD8E83-E481-4ACE-ABB3-2A635A4E8EBC}.Ad-Hoc|x64.Deploy.0 = Release|Any CPU
		{BAAD8E83-E481-4ACE-ABB3-2A635A4E8EBC}.Ad-Hoc|x86.ActiveCfg = Release|Any CPU
		{BAAD8E83-E481-4ACE-ABB3-2A635A4E8EBC}.Ad-Hoc|x86.Build.0 = Release|Any CPU
		{BAAD8E83-E481-4ACE-ABB3-2A635A4E8EBC}.Ad-Hoc|x86.Deploy.0 = Release|Any CPU
		{BAAD8E83-E481-4ACE-ABB3-2A635A4E8EBC}.AppStore|Any CPU.ActiveCfg = Release|Any CPU
		{BAAD8E83-E481-4ACE-ABB3-2A635A4E8EBC}.AppStore|Any CPU.Build.0 = Release|Any CPU
		{BAAD8E83-E481-4ACE-ABB3-2A635A4E8EBC}.AppStore|Any CPU.Deploy.0 = Release|Any CPU
		{BAAD8E83-E481-4ACE-ABB3-2A635A4E8EBC}.AppStore|ARM.ActiveCfg = Release|Any CPU
		{BAAD8E83-E481-4ACE-ABB3-2A635A4E8EBC}.AppStore|ARM.Build.0 = Release|Any CPU
		{BAAD8E83-E481-4ACE-ABB3-2A635A4E8EBC}.AppStore|ARM.Deploy.0 = Release|Any CPU
		{BAAD8E83-E481-4ACE-ABB3-2A635A4E8EBC}.AppStore|iPhone.ActiveCfg = Release|Any CPU
		{BAAD8E83-E481-4ACE-ABB3-2A635A4E8EBC}.AppStore|iPhone.Build.0 = Release|Any CPU
		{BAAD8E83-E481-4ACE-ABB3-2A635A4E8EBC}.AppStore|iPhone.Deploy.0 = Release|Any CPU
		{BAAD8E83-E481-4ACE-ABB3-2A635A4E8EBC}.AppStore|iPhoneSimulator.ActiveCfg = Release|Any CPU
		{BAAD8E83-E481-4ACE-ABB3-2A635A4E8EBC}.AppStore|iPhoneSimulator.Build.0 = Release|Any CPU
		{BAAD8E83-E481-4ACE-ABB3-2A635A4E8EBC}.AppStore|iPhoneSimulator.Deploy.0 = Release|Any CPU
		{BAAD8E83-E481-4ACE-ABB3-2A635A4E8EBC}.AppStore|x64.ActiveCfg = Release|Any CPU
		{BAAD8E83-E481-4ACE-ABB3-2A635A4E8EBC}.AppStore|x64.Build.0 = Release|Any CPU
		{BAAD8E83-E481-4ACE-ABB3-2A635A4E8EBC}.AppStore|x64.Deploy.0 = Release|Any CPU
		{BAAD8E83-E481-4ACE-ABB3-2A635A4E8EBC}.AppStore|x86.ActiveCfg = Release|Any CPU
		{BAAD8E83-E481-4ACE-ABB3-2A635A4E8EBC}.AppStore|x86.Build.0 = Release|Any CPU
		{BAAD8E83-E481-4ACE-ABB3-2A635A4E8EBC}.AppStore|x86.Deploy.0 = Release|Any CPU
		{BAAD8E83-E481-4ACE-ABB3-2A635A4E8EBC}.Debug|Any CPU.ActiveCfg = Debug|Any CPU
		{BAAD8E83-E481-4ACE-ABB3-2A635A4E8EBC}.Debug|Any CPU.Build.0 = Debug|Any CPU
		{BAAD8E83-E481-4ACE-ABB3-2A635A4E8EBC}.Debug|Any CPU.Deploy.0 = Debug|Any CPU
		{BAAD8E83-E481-4ACE-ABB3-2A635A4E8EBC}.Debug|ARM.ActiveCfg = Debug|Any CPU
		{BAAD8E83-E481-4ACE-ABB3-2A635A4E8EBC}.Debug|ARM.Build.0 = Debug|Any CPU
		{BAAD8E83-E481-4ACE-ABB3-2A635A4E8EBC}.Debug|ARM.Deploy.0 = Debug|Any CPU
		{BAAD8E83-E481-4ACE-ABB3-2A635A4E8EBC}.Debug|iPhone.ActiveCfg = Debug|Any CPU
		{BAAD8E83-E481-4ACE-ABB3-2A635A4E8EBC}.Debug|iPhone.Build.0 = Debug|Any CPU
		{BAAD8E83-E481-4ACE-ABB3-2A635A4E8EBC}.Debug|iPhoneSimulator.ActiveCfg = Debug|Any CPU
		{BAAD8E83-E481-4ACE-ABB3-2A635A4E8EBC}.Debug|iPhoneSimulator.Build.0 = Debug|Any CPU
		{BAAD8E83-E481-4ACE-ABB3-2A635A4E8EBC}.Debug|x64.ActiveCfg = Debug|Any CPU
		{BAAD8E83-E481-4ACE-ABB3-2A635A4E8EBC}.Debug|x64.Build.0 = Debug|Any CPU
		{BAAD8E83-E481-4ACE-ABB3-2A635A4E8EBC}.Debug|x64.Deploy.0 = Debug|Any CPU
		{BAAD8E83-E481-4ACE-ABB3-2A635A4E8EBC}.Debug|x86.ActiveCfg = Debug|Any CPU
		{BAAD8E83-E481-4ACE-ABB3-2A635A4E8EBC}.Debug|x86.Build.0 = Debug|Any CPU
		{BAAD8E83-E481-4ACE-ABB3-2A635A4E8EBC}.Debug|x86.Deploy.0 = Debug|Any CPU
		{BAAD8E83-E481-4ACE-ABB3-2A635A4E8EBC}.Release|Any CPU.ActiveCfg = Release|Any CPU
		{BAAD8E83-E481-4ACE-ABB3-2A635A4E8EBC}.Release|Any CPU.Build.0 = Release|Any CPU
		{BAAD8E83-E481-4ACE-ABB3-2A635A4E8EBC}.Release|ARM.ActiveCfg = Release|Any CPU
		{BAAD8E83-E481-4ACE-ABB3-2A635A4E8EBC}.Release|ARM.Build.0 = Release|Any CPU
		{BAAD8E83-E481-4ACE-ABB3-2A635A4E8EBC}.Release|ARM.Deploy.0 = Release|Any CPU
		{BAAD8E83-E481-4ACE-ABB3-2A635A4E8EBC}.Release|iPhone.ActiveCfg = Release|Any CPU
		{BAAD8E83-E481-4ACE-ABB3-2A635A4E8EBC}.Release|iPhone.Build.0 = Release|Any CPU
		{BAAD8E83-E481-4ACE-ABB3-2A635A4E8EBC}.Release|iPhoneSimulator.ActiveCfg = Release|Any CPU
		{BAAD8E83-E481-4ACE-ABB3-2A635A4E8EBC}.Release|iPhoneSimulator.Build.0 = Release|Any CPU
		{BAAD8E83-E481-4ACE-ABB3-2A635A4E8EBC}.Release|iPhoneSimulator.Deploy.0 = Release|Any CPU
		{BAAD8E83-E481-4ACE-ABB3-2A635A4E8EBC}.Release|x64.ActiveCfg = Release|Any CPU
		{BAAD8E83-E481-4ACE-ABB3-2A635A4E8EBC}.Release|x64.Build.0 = Release|Any CPU
		{BAAD8E83-E481-4ACE-ABB3-2A635A4E8EBC}.Release|x64.Deploy.0 = Release|Any CPU
		{BAAD8E83-E481-4ACE-ABB3-2A635A4E8EBC}.Release|x86.ActiveCfg = Release|Any CPU
		{BAAD8E83-E481-4ACE-ABB3-2A635A4E8EBC}.Release|x86.Build.0 = Release|Any CPU
		{BAAD8E83-E481-4ACE-ABB3-2A635A4E8EBC}.Release|x86.Deploy.0 = Release|Any CPU
		{F47FADBF-F098-4290-96D5-A748C2E036F9}.Ad-Hoc|Any CPU.ActiveCfg = Release|iPhoneSimulator
		{F47FADBF-F098-4290-96D5-A748C2E036F9}.Ad-Hoc|Any CPU.Build.0 = Release|iPhoneSimulator
		{F47FADBF-F098-4290-96D5-A748C2E036F9}.Ad-Hoc|ARM.ActiveCfg = Release|iPhoneSimulator
		{F47FADBF-F098-4290-96D5-A748C2E036F9}.Ad-Hoc|ARM.Build.0 = Release|iPhoneSimulator
		{F47FADBF-F098-4290-96D5-A748C2E036F9}.Ad-Hoc|iPhone.ActiveCfg = Release|iPhone
		{F47FADBF-F098-4290-96D5-A748C2E036F9}.Ad-Hoc|iPhone.Build.0 = Release|iPhone
		{F47FADBF-F098-4290-96D5-A748C2E036F9}.Ad-Hoc|iPhoneSimulator.ActiveCfg = Release|iPhoneSimulator
		{F47FADBF-F098-4290-96D5-A748C2E036F9}.Ad-Hoc|iPhoneSimulator.Build.0 = Release|iPhoneSimulator
		{F47FADBF-F098-4290-96D5-A748C2E036F9}.Ad-Hoc|x64.ActiveCfg = Release|iPhoneSimulator
		{F47FADBF-F098-4290-96D5-A748C2E036F9}.Ad-Hoc|x64.Build.0 = Release|iPhoneSimulator
		{F47FADBF-F098-4290-96D5-A748C2E036F9}.Ad-Hoc|x86.ActiveCfg = Release|iPhoneSimulator
		{F47FADBF-F098-4290-96D5-A748C2E036F9}.Ad-Hoc|x86.Build.0 = Release|iPhoneSimulator
		{F47FADBF-F098-4290-96D5-A748C2E036F9}.AppStore|Any CPU.ActiveCfg = Release|iPhoneSimulator
		{F47FADBF-F098-4290-96D5-A748C2E036F9}.AppStore|Any CPU.Build.0 = Release|iPhoneSimulator
		{F47FADBF-F098-4290-96D5-A748C2E036F9}.AppStore|ARM.ActiveCfg = Release|iPhoneSimulator
		{F47FADBF-F098-4290-96D5-A748C2E036F9}.AppStore|ARM.Build.0 = Release|iPhoneSimulator
		{F47FADBF-F098-4290-96D5-A748C2E036F9}.AppStore|iPhone.ActiveCfg = Release|iPhone
		{F47FADBF-F098-4290-96D5-A748C2E036F9}.AppStore|iPhone.Build.0 = Release|iPhone
		{F47FADBF-F098-4290-96D5-A748C2E036F9}.AppStore|iPhoneSimulator.ActiveCfg = Release|iPhoneSimulator
		{F47FADBF-F098-4290-96D5-A748C2E036F9}.AppStore|iPhoneSimulator.Build.0 = Release|iPhoneSimulator
		{F47FADBF-F098-4290-96D5-A748C2E036F9}.AppStore|x64.ActiveCfg = Release|iPhoneSimulator
		{F47FADBF-F098-4290-96D5-A748C2E036F9}.AppStore|x64.Build.0 = Release|iPhoneSimulator
		{F47FADBF-F098-4290-96D5-A748C2E036F9}.AppStore|x86.ActiveCfg = Release|iPhoneSimulator
		{F47FADBF-F098-4290-96D5-A748C2E036F9}.AppStore|x86.Build.0 = Release|iPhoneSimulator
		{F47FADBF-F098-4290-96D5-A748C2E036F9}.Debug|Any CPU.ActiveCfg = Debug|iPhoneSimulator
		{F47FADBF-F098-4290-96D5-A748C2E036F9}.Debug|Any CPU.Build.0 = Debug|iPhoneSimulator
		{F47FADBF-F098-4290-96D5-A748C2E036F9}.Debug|ARM.ActiveCfg = Debug|iPhone
		{F47FADBF-F098-4290-96D5-A748C2E036F9}.Debug|iPhone.ActiveCfg = Debug|iPhone
		{F47FADBF-F098-4290-96D5-A748C2E036F9}.Debug|iPhone.Build.0 = Debug|iPhone
		{F47FADBF-F098-4290-96D5-A748C2E036F9}.Debug|iPhoneSimulator.ActiveCfg = Debug|iPhoneSimulator
		{F47FADBF-F098-4290-96D5-A748C2E036F9}.Debug|iPhoneSimulator.Build.0 = Debug|iPhoneSimulator
		{F47FADBF-F098-4290-96D5-A748C2E036F9}.Debug|x64.ActiveCfg = Debug|iPhone
		{F47FADBF-F098-4290-96D5-A748C2E036F9}.Debug|x86.ActiveCfg = Debug|iPhone
		{F47FADBF-F098-4290-96D5-A748C2E036F9}.Release|Any CPU.ActiveCfg = Release|iPhone
		{F47FADBF-F098-4290-96D5-A748C2E036F9}.Release|Any CPU.Build.0 = Release|iPhone
		{F47FADBF-F098-4290-96D5-A748C2E036F9}.Release|ARM.ActiveCfg = Release|iPhoneSimulator
		{F47FADBF-F098-4290-96D5-A748C2E036F9}.Release|iPhone.ActiveCfg = Release|iPhone
		{F47FADBF-F098-4290-96D5-A748C2E036F9}.Release|iPhone.Build.0 = Release|iPhone
		{F47FADBF-F098-4290-96D5-A748C2E036F9}.Release|iPhoneSimulator.ActiveCfg = Release|iPhoneSimulator
		{F47FADBF-F098-4290-96D5-A748C2E036F9}.Release|iPhoneSimulator.Build.0 = Release|iPhoneSimulator
		{F47FADBF-F098-4290-96D5-A748C2E036F9}.Release|x64.ActiveCfg = Release|iPhoneSimulator
		{F47FADBF-F098-4290-96D5-A748C2E036F9}.Release|x86.ActiveCfg = Release|iPhoneSimulator
		{270F043A-9EFC-44C2-9FDA-1660B12E79F1}.Ad-Hoc|Any CPU.ActiveCfg = Release|x64
		{270F043A-9EFC-44C2-9FDA-1660B12E79F1}.Ad-Hoc|Any CPU.Build.0 = Release|x64
		{270F043A-9EFC-44C2-9FDA-1660B12E79F1}.Ad-Hoc|Any CPU.Deploy.0 = Release|x64
		{270F043A-9EFC-44C2-9FDA-1660B12E79F1}.Ad-Hoc|ARM.ActiveCfg = Release|ARM
		{270F043A-9EFC-44C2-9FDA-1660B12E79F1}.Ad-Hoc|ARM.Build.0 = Release|ARM
		{270F043A-9EFC-44C2-9FDA-1660B12E79F1}.Ad-Hoc|ARM.Deploy.0 = Release|ARM
		{270F043A-9EFC-44C2-9FDA-1660B12E79F1}.Ad-Hoc|iPhone.ActiveCfg = Release|x64
		{270F043A-9EFC-44C2-9FDA-1660B12E79F1}.Ad-Hoc|iPhone.Build.0 = Release|x64
		{270F043A-9EFC-44C2-9FDA-1660B12E79F1}.Ad-Hoc|iPhone.Deploy.0 = Release|x64
		{270F043A-9EFC-44C2-9FDA-1660B12E79F1}.Ad-Hoc|iPhoneSimulator.ActiveCfg = Release|x64
		{270F043A-9EFC-44C2-9FDA-1660B12E79F1}.Ad-Hoc|iPhoneSimulator.Build.0 = Release|x64
		{270F043A-9EFC-44C2-9FDA-1660B12E79F1}.Ad-Hoc|iPhoneSimulator.Deploy.0 = Release|x64
		{270F043A-9EFC-44C2-9FDA-1660B12E79F1}.Ad-Hoc|x64.ActiveCfg = Release|x64
		{270F043A-9EFC-44C2-9FDA-1660B12E79F1}.Ad-Hoc|x64.Build.0 = Release|x64
		{270F043A-9EFC-44C2-9FDA-1660B12E79F1}.Ad-Hoc|x64.Deploy.0 = Release|x64
		{270F043A-9EFC-44C2-9FDA-1660B12E79F1}.Ad-Hoc|x86.ActiveCfg = Release|x86
		{270F043A-9EFC-44C2-9FDA-1660B12E79F1}.Ad-Hoc|x86.Build.0 = Release|x86
		{270F043A-9EFC-44C2-9FDA-1660B12E79F1}.Ad-Hoc|x86.Deploy.0 = Release|x86
		{270F043A-9EFC-44C2-9FDA-1660B12E79F1}.AppStore|Any CPU.ActiveCfg = Release|x64
		{270F043A-9EFC-44C2-9FDA-1660B12E79F1}.AppStore|Any CPU.Build.0 = Release|x64
		{270F043A-9EFC-44C2-9FDA-1660B12E79F1}.AppStore|Any CPU.Deploy.0 = Release|x64
		{270F043A-9EFC-44C2-9FDA-1660B12E79F1}.AppStore|ARM.ActiveCfg = Release|ARM
		{270F043A-9EFC-44C2-9FDA-1660B12E79F1}.AppStore|ARM.Build.0 = Release|ARM
		{270F043A-9EFC-44C2-9FDA-1660B12E79F1}.AppStore|ARM.Deploy.0 = Release|ARM
		{270F043A-9EFC-44C2-9FDA-1660B12E79F1}.AppStore|iPhone.ActiveCfg = Release|x64
		{270F043A-9EFC-44C2-9FDA-1660B12E79F1}.AppStore|iPhone.Build.0 = Release|x64
		{270F043A-9EFC-44C2-9FDA-1660B12E79F1}.AppStore|iPhone.Deploy.0 = Release|x64
		{270F043A-9EFC-44C2-9FDA-1660B12E79F1}.AppStore|iPhoneSimulator.ActiveCfg = Release|x64
		{270F043A-9EFC-44C2-9FDA-1660B12E79F1}.AppStore|iPhoneSimulator.Build.0 = Release|x64
		{270F043A-9EFC-44C2-9FDA-1660B12E79F1}.AppStore|iPhoneSimulator.Deploy.0 = Release|x64
		{270F043A-9EFC-44C2-9FDA-1660B12E79F1}.AppStore|x64.ActiveCfg = Release|x64
		{270F043A-9EFC-44C2-9FDA-1660B12E79F1}.AppStore|x64.Build.0 = Release|x64
		{270F043A-9EFC-44C2-9FDA-1660B12E79F1}.AppStore|x64.Deploy.0 = Release|x64
		{270F043A-9EFC-44C2-9FDA-1660B12E79F1}.AppStore|x86.ActiveCfg = Release|x86
		{270F043A-9EFC-44C2-9FDA-1660B12E79F1}.AppStore|x86.Build.0 = Release|x86
		{270F043A-9EFC-44C2-9FDA-1660B12E79F1}.AppStore|x86.Deploy.0 = Release|x86
		{270F043A-9EFC-44C2-9FDA-1660B12E79F1}.Debug|Any CPU.ActiveCfg = Debug|x86
		{270F043A-9EFC-44C2-9FDA-1660B12E79F1}.Debug|Any CPU.Build.0 = Debug|x86
		{270F043A-9EFC-44C2-9FDA-1660B12E79F1}.Debug|Any CPU.Deploy.0 = Debug|x86
		{270F043A-9EFC-44C2-9FDA-1660B12E79F1}.Debug|ARM.ActiveCfg = Debug|ARM
		{270F043A-9EFC-44C2-9FDA-1660B12E79F1}.Debug|ARM.Build.0 = Debug|ARM
		{270F043A-9EFC-44C2-9FDA-1660B12E79F1}.Debug|ARM.Deploy.0 = Debug|ARM
		{270F043A-9EFC-44C2-9FDA-1660B12E79F1}.Debug|iPhone.ActiveCfg = Debug|x86
		{270F043A-9EFC-44C2-9FDA-1660B12E79F1}.Debug|iPhoneSimulator.ActiveCfg = Debug|x86
		{270F043A-9EFC-44C2-9FDA-1660B12E79F1}.Debug|x64.ActiveCfg = Debug|x64
		{270F043A-9EFC-44C2-9FDA-1660B12E79F1}.Debug|x64.Build.0 = Debug|x64
		{270F043A-9EFC-44C2-9FDA-1660B12E79F1}.Debug|x64.Deploy.0 = Debug|x64
		{270F043A-9EFC-44C2-9FDA-1660B12E79F1}.Debug|x86.ActiveCfg = Debug|x86
		{270F043A-9EFC-44C2-9FDA-1660B12E79F1}.Debug|x86.Build.0 = Debug|x86
		{270F043A-9EFC-44C2-9FDA-1660B12E79F1}.Debug|x86.Deploy.0 = Debug|x86
		{270F043A-9EFC-44C2-9FDA-1660B12E79F1}.Release|Any CPU.ActiveCfg = Release|x86
		{270F043A-9EFC-44C2-9FDA-1660B12E79F1}.Release|ARM.ActiveCfg = Release|ARM
		{270F043A-9EFC-44C2-9FDA-1660B12E79F1}.Release|ARM.Build.0 = Release|ARM
		{270F043A-9EFC-44C2-9FDA-1660B12E79F1}.Release|ARM.Deploy.0 = Release|ARM
		{270F043A-9EFC-44C2-9FDA-1660B12E79F1}.Release|iPhone.ActiveCfg = Release|x86
		{270F043A-9EFC-44C2-9FDA-1660B12E79F1}.Release|iPhoneSimulator.ActiveCfg = Release|x86
		{270F043A-9EFC-44C2-9FDA-1660B12E79F1}.Release|iPhoneSimulator.Build.0 = Release|x86
		{270F043A-9EFC-44C2-9FDA-1660B12E79F1}.Release|iPhoneSimulator.Deploy.0 = Release|x86
		{270F043A-9EFC-44C2-9FDA-1660B12E79F1}.Release|x64.ActiveCfg = Release|x64
		{270F043A-9EFC-44C2-9FDA-1660B12E79F1}.Release|x64.Build.0 = Release|x64
		{270F043A-9EFC-44C2-9FDA-1660B12E79F1}.Release|x64.Deploy.0 = Release|x64
		{270F043A-9EFC-44C2-9FDA-1660B12E79F1}.Release|x86.ActiveCfg = Release|x86
		{270F043A-9EFC-44C2-9FDA-1660B12E79F1}.Release|x86.Build.0 = Release|x86
		{270F043A-9EFC-44C2-9FDA-1660B12E79F1}.Release|x86.Deploy.0 = Release|x86
		{7C6403A9-0F60-4EF2-A2B2-59C18AFB9006}.Ad-Hoc|Any CPU.ActiveCfg = Release|Any CPU
		{7C6403A9-0F60-4EF2-A2B2-59C18AFB9006}.Ad-Hoc|Any CPU.Build.0 = Release|Any CPU
		{7C6403A9-0F60-4EF2-A2B2-59C18AFB9006}.Ad-Hoc|Any CPU.Deploy.0 = Release|Any CPU
		{7C6403A9-0F60-4EF2-A2B2-59C18AFB9006}.Ad-Hoc|ARM.ActiveCfg = Release|Any CPU
		{7C6403A9-0F60-4EF2-A2B2-59C18AFB9006}.Ad-Hoc|ARM.Build.0 = Release|Any CPU
		{7C6403A9-0F60-4EF2-A2B2-59C18AFB9006}.Ad-Hoc|ARM.Deploy.0 = Release|Any CPU
		{7C6403A9-0F60-4EF2-A2B2-59C18AFB9006}.Ad-Hoc|iPhone.ActiveCfg = Release|Any CPU
		{7C6403A9-0F60-4EF2-A2B2-59C18AFB9006}.Ad-Hoc|iPhone.Build.0 = Release|Any CPU
		{7C6403A9-0F60-4EF2-A2B2-59C18AFB9006}.Ad-Hoc|iPhone.Deploy.0 = Release|Any CPU
		{7C6403A9-0F60-4EF2-A2B2-59C18AFB9006}.Ad-Hoc|iPhoneSimulator.ActiveCfg = Release|Any CPU
		{7C6403A9-0F60-4EF2-A2B2-59C18AFB9006}.Ad-Hoc|iPhoneSimulator.Build.0 = Release|Any CPU
		{7C6403A9-0F60-4EF2-A2B2-59C18AFB9006}.Ad-Hoc|iPhoneSimulator.Deploy.0 = Release|Any CPU
		{7C6403A9-0F60-4EF2-A2B2-59C18AFB9006}.Ad-Hoc|x64.ActiveCfg = Release|Any CPU
		{7C6403A9-0F60-4EF2-A2B2-59C18AFB9006}.Ad-Hoc|x64.Build.0 = Release|Any CPU
		{7C6403A9-0F60-4EF2-A2B2-59C18AFB9006}.Ad-Hoc|x64.Deploy.0 = Release|Any CPU
		{7C6403A9-0F60-4EF2-A2B2-59C18AFB9006}.Ad-Hoc|x86.ActiveCfg = Release|Any CPU
		{7C6403A9-0F60-4EF2-A2B2-59C18AFB9006}.Ad-Hoc|x86.Build.0 = Release|Any CPU
		{7C6403A9-0F60-4EF2-A2B2-59C18AFB9006}.Ad-Hoc|x86.Deploy.0 = Release|Any CPU
		{7C6403A9-0F60-4EF2-A2B2-59C18AFB9006}.AppStore|Any CPU.ActiveCfg = Release|Any CPU
		{7C6403A9-0F60-4EF2-A2B2-59C18AFB9006}.AppStore|Any CPU.Build.0 = Release|Any CPU
		{7C6403A9-0F60-4EF2-A2B2-59C18AFB9006}.AppStore|Any CPU.Deploy.0 = Release|Any CPU
		{7C6403A9-0F60-4EF2-A2B2-59C18AFB9006}.AppStore|ARM.ActiveCfg = Release|Any CPU
		{7C6403A9-0F60-4EF2-A2B2-59C18AFB9006}.AppStore|ARM.Build.0 = Release|Any CPU
		{7C6403A9-0F60-4EF2-A2B2-59C18AFB9006}.AppStore|ARM.Deploy.0 = Release|Any CPU
		{7C6403A9-0F60-4EF2-A2B2-59C18AFB9006}.AppStore|iPhone.ActiveCfg = Release|Any CPU
		{7C6403A9-0F60-4EF2-A2B2-59C18AFB9006}.AppStore|iPhone.Build.0 = Release|Any CPU
		{7C6403A9-0F60-4EF2-A2B2-59C18AFB9006}.AppStore|iPhone.Deploy.0 = Release|Any CPU
		{7C6403A9-0F60-4EF2-A2B2-59C18AFB9006}.AppStore|iPhoneSimulator.ActiveCfg = Release|Any CPU
		{7C6403A9-0F60-4EF2-A2B2-59C18AFB9006}.AppStore|iPhoneSimulator.Build.0 = Release|Any CPU
		{7C6403A9-0F60-4EF2-A2B2-59C18AFB9006}.AppStore|iPhoneSimulator.Deploy.0 = Release|Any CPU
		{7C6403A9-0F60-4EF2-A2B2-59C18AFB9006}.AppStore|x64.ActiveCfg = Release|Any CPU
		{7C6403A9-0F60-4EF2-A2B2-59C18AFB9006}.AppStore|x64.Build.0 = Release|Any CPU
		{7C6403A9-0F60-4EF2-A2B2-59C18AFB9006}.AppStore|x64.Deploy.0 = Release|Any CPU
		{7C6403A9-0F60-4EF2-A2B2-59C18AFB9006}.AppStore|x86.ActiveCfg = Release|Any CPU
		{7C6403A9-0F60-4EF2-A2B2-59C18AFB9006}.AppStore|x86.Build.0 = Release|Any CPU
		{7C6403A9-0F60-4EF2-A2B2-59C18AFB9006}.AppStore|x86.Deploy.0 = Release|Any CPU
		{7C6403A9-0F60-4EF2-A2B2-59C18AFB9006}.Debug|Any CPU.ActiveCfg = Debug|Any CPU
		{7C6403A9-0F60-4EF2-A2B2-59C18AFB9006}.Debug|Any CPU.Build.0 = Debug|Any CPU
		{7C6403A9-0F60-4EF2-A2B2-59C18AFB9006}.Debug|Any CPU.Deploy.0 = Debug|Any CPU
		{7C6403A9-0F60-4EF2-A2B2-59C18AFB9006}.Debug|ARM.ActiveCfg = Debug|Any CPU
		{7C6403A9-0F60-4EF2-A2B2-59C18AFB9006}.Debug|ARM.Build.0 = Debug|Any CPU
		{7C6403A9-0F60-4EF2-A2B2-59C18AFB9006}.Debug|ARM.Deploy.0 = Debug|Any CPU
		{7C6403A9-0F60-4EF2-A2B2-59C18AFB9006}.Debug|iPhone.ActiveCfg = Debug|Any CPU
		{7C6403A9-0F60-4EF2-A2B2-59C18AFB9006}.Debug|iPhone.Build.0 = Debug|Any CPU
		{7C6403A9-0F60-4EF2-A2B2-59C18AFB9006}.Debug|iPhone.Deploy.0 = Debug|Any CPU
		{7C6403A9-0F60-4EF2-A2B2-59C18AFB9006}.Debug|iPhoneSimulator.ActiveCfg = Debug|Any CPU
		{7C6403A9-0F60-4EF2-A2B2-59C18AFB9006}.Debug|iPhoneSimulator.Build.0 = Debug|Any CPU
		{7C6403A9-0F60-4EF2-A2B2-59C18AFB9006}.Debug|iPhoneSimulator.Deploy.0 = Debug|Any CPU
		{7C6403A9-0F60-4EF2-A2B2-59C18AFB9006}.Debug|x64.ActiveCfg = Debug|Any CPU
		{7C6403A9-0F60-4EF2-A2B2-59C18AFB9006}.Debug|x64.Build.0 = Debug|Any CPU
		{7C6403A9-0F60-4EF2-A2B2-59C18AFB9006}.Debug|x64.Deploy.0 = Debug|Any CPU
		{7C6403A9-0F60-4EF2-A2B2-59C18AFB9006}.Debug|x86.ActiveCfg = Debug|Any CPU
		{7C6403A9-0F60-4EF2-A2B2-59C18AFB9006}.Debug|x86.Build.0 = Debug|Any CPU
		{7C6403A9-0F60-4EF2-A2B2-59C18AFB9006}.Debug|x86.Deploy.0 = Debug|Any CPU
		{7C6403A9-0F60-4EF2-A2B2-59C18AFB9006}.Release|Any CPU.ActiveCfg = Release|Any CPU
		{7C6403A9-0F60-4EF2-A2B2-59C18AFB9006}.Release|Any CPU.Build.0 = Release|Any CPU
		{7C6403A9-0F60-4EF2-A2B2-59C18AFB9006}.Release|Any CPU.Deploy.0 = Release|Any CPU
		{7C6403A9-0F60-4EF2-A2B2-59C18AFB9006}.Release|ARM.ActiveCfg = Release|Any CPU
		{7C6403A9-0F60-4EF2-A2B2-59C18AFB9006}.Release|ARM.Build.0 = Release|Any CPU
		{7C6403A9-0F60-4EF2-A2B2-59C18AFB9006}.Release|ARM.Deploy.0 = Release|Any CPU
		{7C6403A9-0F60-4EF2-A2B2-59C18AFB9006}.Release|iPhone.ActiveCfg = Release|Any CPU
		{7C6403A9-0F60-4EF2-A2B2-59C18AFB9006}.Release|iPhone.Build.0 = Release|Any CPU
		{7C6403A9-0F60-4EF2-A2B2-59C18AFB9006}.Release|iPhone.Deploy.0 = Release|Any CPU
		{7C6403A9-0F60-4EF2-A2B2-59C18AFB9006}.Release|iPhoneSimulator.ActiveCfg = Release|Any CPU
		{7C6403A9-0F60-4EF2-A2B2-59C18AFB9006}.Release|iPhoneSimulator.Build.0 = Release|Any CPU
		{7C6403A9-0F60-4EF2-A2B2-59C18AFB9006}.Release|iPhoneSimulator.Deploy.0 = Release|Any CPU
		{7C6403A9-0F60-4EF2-A2B2-59C18AFB9006}.Release|x64.ActiveCfg = Release|Any CPU
		{7C6403A9-0F60-4EF2-A2B2-59C18AFB9006}.Release|x64.Build.0 = Release|Any CPU
		{7C6403A9-0F60-4EF2-A2B2-59C18AFB9006}.Release|x64.Deploy.0 = Release|Any CPU
		{7C6403A9-0F60-4EF2-A2B2-59C18AFB9006}.Release|x86.ActiveCfg = Release|Any CPU
		{7C6403A9-0F60-4EF2-A2B2-59C18AFB9006}.Release|x86.Build.0 = Release|Any CPU
		{7C6403A9-0F60-4EF2-A2B2-59C18AFB9006}.Release|x86.Deploy.0 = Release|Any CPU
		{5488245E-20EA-4308-8E17-C10CC5CAB2B2}.Ad-Hoc|Any CPU.ActiveCfg = Ad-Hoc|iPhone
		{5488245E-20EA-4308-8E17-C10CC5CAB2B2}.Ad-Hoc|ARM.ActiveCfg = Ad-Hoc|iPhone
		{5488245E-20EA-4308-8E17-C10CC5CAB2B2}.Ad-Hoc|iPhone.ActiveCfg = Ad-Hoc|iPhone
		{5488245E-20EA-4308-8E17-C10CC5CAB2B2}.Ad-Hoc|iPhone.Build.0 = Ad-Hoc|iPhone
		{5488245E-20EA-4308-8E17-C10CC5CAB2B2}.Ad-Hoc|iPhoneSimulator.ActiveCfg = Ad-Hoc|iPhoneSimulator
		{5488245E-20EA-4308-8E17-C10CC5CAB2B2}.Ad-Hoc|iPhoneSimulator.Build.0 = Ad-Hoc|iPhoneSimulator
		{5488245E-20EA-4308-8E17-C10CC5CAB2B2}.Ad-Hoc|x64.ActiveCfg = Ad-Hoc|iPhone
		{5488245E-20EA-4308-8E17-C10CC5CAB2B2}.Ad-Hoc|x86.ActiveCfg = Ad-Hoc|iPhone
		{5488245E-20EA-4308-8E17-C10CC5CAB2B2}.AppStore|Any CPU.ActiveCfg = AppStore|iPhone
		{5488245E-20EA-4308-8E17-C10CC5CAB2B2}.AppStore|ARM.ActiveCfg = AppStore|iPhone
		{5488245E-20EA-4308-8E17-C10CC5CAB2B2}.AppStore|iPhone.ActiveCfg = AppStore|iPhone
		{5488245E-20EA-4308-8E17-C10CC5CAB2B2}.AppStore|iPhone.Build.0 = AppStore|iPhone
		{5488245E-20EA-4308-8E17-C10CC5CAB2B2}.AppStore|iPhoneSimulator.ActiveCfg = AppStore|iPhoneSimulator
		{5488245E-20EA-4308-8E17-C10CC5CAB2B2}.AppStore|iPhoneSimulator.Build.0 = AppStore|iPhoneSimulator
		{5488245E-20EA-4308-8E17-C10CC5CAB2B2}.AppStore|x64.ActiveCfg = AppStore|iPhone
		{5488245E-20EA-4308-8E17-C10CC5CAB2B2}.AppStore|x86.ActiveCfg = AppStore|iPhone
		{5488245E-20EA-4308-8E17-C10CC5CAB2B2}.Debug|Any CPU.ActiveCfg = Debug|iPhone
		{5488245E-20EA-4308-8E17-C10CC5CAB2B2}.Debug|ARM.ActiveCfg = Debug|iPhone
		{5488245E-20EA-4308-8E17-C10CC5CAB2B2}.Debug|iPhone.ActiveCfg = Debug|iPhone
		{5488245E-20EA-4308-8E17-C10CC5CAB2B2}.Debug|iPhone.Build.0 = Debug|iPhone
		{5488245E-20EA-4308-8E17-C10CC5CAB2B2}.Debug|iPhoneSimulator.ActiveCfg = Debug|iPhoneSimulator
		{5488245E-20EA-4308-8E17-C10CC5CAB2B2}.Debug|iPhoneSimulator.Build.0 = Debug|iPhoneSimulator
		{5488245E-20EA-4308-8E17-C10CC5CAB2B2}.Debug|x64.ActiveCfg = Debug|iPhone
		{5488245E-20EA-4308-8E17-C10CC5CAB2B2}.Debug|x86.ActiveCfg = Debug|iPhone
		{5488245E-20EA-4308-8E17-C10CC5CAB2B2}.Release|Any CPU.ActiveCfg = Release|iPhone
		{5488245E-20EA-4308-8E17-C10CC5CAB2B2}.Release|ARM.ActiveCfg = Release|iPhone
		{5488245E-20EA-4308-8E17-C10CC5CAB2B2}.Release|iPhone.ActiveCfg = Release|iPhone
		{5488245E-20EA-4308-8E17-C10CC5CAB2B2}.Release|iPhone.Build.0 = Release|iPhone
		{5488245E-20EA-4308-8E17-C10CC5CAB2B2}.Release|iPhoneSimulator.ActiveCfg = Release|iPhoneSimulator
		{5488245E-20EA-4308-8E17-C10CC5CAB2B2}.Release|iPhoneSimulator.Build.0 = Release|iPhoneSimulator
		{5488245E-20EA-4308-8E17-C10CC5CAB2B2}.Release|x64.ActiveCfg = Release|iPhone
		{5488245E-20EA-4308-8E17-C10CC5CAB2B2}.Release|x86.ActiveCfg = Release|iPhone
		{EC333056-F000-4946-8B48-A43C6EBB3208}.Ad-Hoc|Any CPU.ActiveCfg = Release|x86
		{EC333056-F000-4946-8B48-A43C6EBB3208}.Ad-Hoc|Any CPU.Build.0 = Release|x86
		{EC333056-F000-4946-8B48-A43C6EBB3208}.Ad-Hoc|Any CPU.Deploy.0 = Release|x86
		{EC333056-F000-4946-8B48-A43C6EBB3208}.Ad-Hoc|ARM.ActiveCfg = Release|ARM
		{EC333056-F000-4946-8B48-A43C6EBB3208}.Ad-Hoc|ARM.Build.0 = Release|ARM
		{EC333056-F000-4946-8B48-A43C6EBB3208}.Ad-Hoc|ARM.Deploy.0 = Release|ARM
		{EC333056-F000-4946-8B48-A43C6EBB3208}.Ad-Hoc|iPhone.ActiveCfg = Release|x86
		{EC333056-F000-4946-8B48-A43C6EBB3208}.Ad-Hoc|iPhone.Build.0 = Release|x86
		{EC333056-F000-4946-8B48-A43C6EBB3208}.Ad-Hoc|iPhone.Deploy.0 = Release|x86
		{EC333056-F000-4946-8B48-A43C6EBB3208}.Ad-Hoc|iPhoneSimulator.ActiveCfg = Release|x86
		{EC333056-F000-4946-8B48-A43C6EBB3208}.Ad-Hoc|iPhoneSimulator.Build.0 = Release|x86
		{EC333056-F000-4946-8B48-A43C6EBB3208}.Ad-Hoc|iPhoneSimulator.Deploy.0 = Release|x86
		{EC333056-F000-4946-8B48-A43C6EBB3208}.Ad-Hoc|x64.ActiveCfg = Release|x64
		{EC333056-F000-4946-8B48-A43C6EBB3208}.Ad-Hoc|x64.Build.0 = Release|x64
		{EC333056-F000-4946-8B48-A43C6EBB3208}.Ad-Hoc|x64.Deploy.0 = Release|x64
		{EC333056-F000-4946-8B48-A43C6EBB3208}.Ad-Hoc|x86.ActiveCfg = Release|x86
		{EC333056-F000-4946-8B48-A43C6EBB3208}.Ad-Hoc|x86.Build.0 = Release|x86
		{EC333056-F000-4946-8B48-A43C6EBB3208}.Ad-Hoc|x86.Deploy.0 = Release|x86
		{EC333056-F000-4946-8B48-A43C6EBB3208}.AppStore|Any CPU.ActiveCfg = Release|x86
		{EC333056-F000-4946-8B48-A43C6EBB3208}.AppStore|Any CPU.Build.0 = Release|x86
		{EC333056-F000-4946-8B48-A43C6EBB3208}.AppStore|Any CPU.Deploy.0 = Release|x86
		{EC333056-F000-4946-8B48-A43C6EBB3208}.AppStore|ARM.ActiveCfg = Release|ARM
		{EC333056-F000-4946-8B48-A43C6EBB3208}.AppStore|ARM.Build.0 = Release|ARM
		{EC333056-F000-4946-8B48-A43C6EBB3208}.AppStore|ARM.Deploy.0 = Release|ARM
		{EC333056-F000-4946-8B48-A43C6EBB3208}.AppStore|iPhone.ActiveCfg = Release|x86
		{EC333056-F000-4946-8B48-A43C6EBB3208}.AppStore|iPhone.Build.0 = Release|x86
		{EC333056-F000-4946-8B48-A43C6EBB3208}.AppStore|iPhone.Deploy.0 = Release|x86
		{EC333056-F000-4946-8B48-A43C6EBB3208}.AppStore|iPhoneSimulator.ActiveCfg = Release|x86
		{EC333056-F000-4946-8B48-A43C6EBB3208}.AppStore|iPhoneSimulator.Build.0 = Release|x86
		{EC333056-F000-4946-8B48-A43C6EBB3208}.AppStore|iPhoneSimulator.Deploy.0 = Release|x86
		{EC333056-F000-4946-8B48-A43C6EBB3208}.AppStore|x64.ActiveCfg = Release|x64
		{EC333056-F000-4946-8B48-A43C6EBB3208}.AppStore|x64.Build.0 = Release|x64
		{EC333056-F000-4946-8B48-A43C6EBB3208}.AppStore|x64.Deploy.0 = Release|x64
		{EC333056-F000-4946-8B48-A43C6EBB3208}.AppStore|x86.ActiveCfg = Release|x86
		{EC333056-F000-4946-8B48-A43C6EBB3208}.AppStore|x86.Build.0 = Release|x86
		{EC333056-F000-4946-8B48-A43C6EBB3208}.AppStore|x86.Deploy.0 = Release|x86
		{EC333056-F000-4946-8B48-A43C6EBB3208}.Debug|Any CPU.ActiveCfg = Debug|x86
		{EC333056-F000-4946-8B48-A43C6EBB3208}.Debug|Any CPU.Build.0 = Debug|x86
		{EC333056-F000-4946-8B48-A43C6EBB3208}.Debug|Any CPU.Deploy.0 = Debug|x86
		{EC333056-F000-4946-8B48-A43C6EBB3208}.Debug|ARM.ActiveCfg = Debug|ARM
		{EC333056-F000-4946-8B48-A43C6EBB3208}.Debug|ARM.Build.0 = Debug|ARM
		{EC333056-F000-4946-8B48-A43C6EBB3208}.Debug|ARM.Deploy.0 = Debug|ARM
		{EC333056-F000-4946-8B48-A43C6EBB3208}.Debug|iPhone.ActiveCfg = Debug|x86
		{EC333056-F000-4946-8B48-A43C6EBB3208}.Debug|iPhoneSimulator.ActiveCfg = Debug|x86
		{EC333056-F000-4946-8B48-A43C6EBB3208}.Debug|x64.ActiveCfg = Debug|x64
		{EC333056-F000-4946-8B48-A43C6EBB3208}.Debug|x64.Build.0 = Debug|x64
		{EC333056-F000-4946-8B48-A43C6EBB3208}.Debug|x64.Deploy.0 = Debug|x64
		{EC333056-F000-4946-8B48-A43C6EBB3208}.Debug|x86.ActiveCfg = Debug|x86
		{EC333056-F000-4946-8B48-A43C6EBB3208}.Debug|x86.Build.0 = Debug|x86
		{EC333056-F000-4946-8B48-A43C6EBB3208}.Debug|x86.Deploy.0 = Debug|x86
		{EC333056-F000-4946-8B48-A43C6EBB3208}.Release|Any CPU.ActiveCfg = Release|x86
		{EC333056-F000-4946-8B48-A43C6EBB3208}.Release|ARM.ActiveCfg = Release|ARM
		{EC333056-F000-4946-8B48-A43C6EBB3208}.Release|ARM.Build.0 = Release|ARM
		{EC333056-F000-4946-8B48-A43C6EBB3208}.Release|ARM.Deploy.0 = Release|ARM
		{EC333056-F000-4946-8B48-A43C6EBB3208}.Release|iPhone.ActiveCfg = Release|x86
		{EC333056-F000-4946-8B48-A43C6EBB3208}.Release|iPhone.Build.0 = Release|x86
		{EC333056-F000-4946-8B48-A43C6EBB3208}.Release|iPhone.Deploy.0 = Release|x86
		{EC333056-F000-4946-8B48-A43C6EBB3208}.Release|iPhoneSimulator.ActiveCfg = Release|x86
		{EC333056-F000-4946-8B48-A43C6EBB3208}.Release|x64.ActiveCfg = Release|x64
		{EC333056-F000-4946-8B48-A43C6EBB3208}.Release|x64.Build.0 = Release|x64
		{EC333056-F000-4946-8B48-A43C6EBB3208}.Release|x64.Deploy.0 = Release|x64
		{EC333056-F000-4946-8B48-A43C6EBB3208}.Release|x86.ActiveCfg = Release|x86
		{EC333056-F000-4946-8B48-A43C6EBB3208}.Release|x86.Build.0 = Release|x86
		{EC333056-F000-4946-8B48-A43C6EBB3208}.Release|x86.Deploy.0 = Release|x86
		{75D84E18-58A7-407F-8604-062AC35F0448}.Ad-Hoc|Any CPU.ActiveCfg = Release|Any CPU
		{75D84E18-58A7-407F-8604-062AC35F0448}.Ad-Hoc|Any CPU.Build.0 = Release|Any CPU
		{75D84E18-58A7-407F-8604-062AC35F0448}.Ad-Hoc|ARM.ActiveCfg = Release|Any CPU
		{75D84E18-58A7-407F-8604-062AC35F0448}.Ad-Hoc|ARM.Build.0 = Release|Any CPU
		{75D84E18-58A7-407F-8604-062AC35F0448}.Ad-Hoc|iPhone.ActiveCfg = Release|Any CPU
		{75D84E18-58A7-407F-8604-062AC35F0448}.Ad-Hoc|iPhone.Build.0 = Release|Any CPU
		{75D84E18-58A7-407F-8604-062AC35F0448}.Ad-Hoc|iPhoneSimulator.ActiveCfg = Release|Any CPU
		{75D84E18-58A7-407F-8604-062AC35F0448}.Ad-Hoc|iPhoneSimulator.Build.0 = Release|Any CPU
		{75D84E18-58A7-407F-8604-062AC35F0448}.Ad-Hoc|x64.ActiveCfg = Release|Any CPU
		{75D84E18-58A7-407F-8604-062AC35F0448}.Ad-Hoc|x64.Build.0 = Release|Any CPU
		{75D84E18-58A7-407F-8604-062AC35F0448}.Ad-Hoc|x86.ActiveCfg = Release|Any CPU
		{75D84E18-58A7-407F-8604-062AC35F0448}.Ad-Hoc|x86.Build.0 = Release|Any CPU
		{75D84E18-58A7-407F-8604-062AC35F0448}.AppStore|Any CPU.ActiveCfg = Release|Any CPU
		{75D84E18-58A7-407F-8604-062AC35F0448}.AppStore|Any CPU.Build.0 = Release|Any CPU
		{75D84E18-58A7-407F-8604-062AC35F0448}.AppStore|ARM.ActiveCfg = Release|Any CPU
		{75D84E18-58A7-407F-8604-062AC35F0448}.AppStore|ARM.Build.0 = Release|Any CPU
		{75D84E18-58A7-407F-8604-062AC35F0448}.AppStore|iPhone.ActiveCfg = Release|Any CPU
		{75D84E18-58A7-407F-8604-062AC35F0448}.AppStore|iPhone.Build.0 = Release|Any CPU
		{75D84E18-58A7-407F-8604-062AC35F0448}.AppStore|iPhoneSimulator.ActiveCfg = Release|Any CPU
		{75D84E18-58A7-407F-8604-062AC35F0448}.AppStore|iPhoneSimulator.Build.0 = Release|Any CPU
		{75D84E18-58A7-407F-8604-062AC35F0448}.AppStore|x64.ActiveCfg = Release|Any CPU
		{75D84E18-58A7-407F-8604-062AC35F0448}.AppStore|x64.Build.0 = Release|Any CPU
		{75D84E18-58A7-407F-8604-062AC35F0448}.AppStore|x86.ActiveCfg = Release|Any CPU
		{75D84E18-58A7-407F-8604-062AC35F0448}.AppStore|x86.Build.0 = Release|Any CPU
		{75D84E18-58A7-407F-8604-062AC35F0448}.Debug|Any CPU.ActiveCfg = Debug|Any CPU
		{75D84E18-58A7-407F-8604-062AC35F0448}.Debug|Any CPU.Build.0 = Debug|Any CPU
		{75D84E18-58A7-407F-8604-062AC35F0448}.Debug|ARM.ActiveCfg = Debug|Any CPU
		{75D84E18-58A7-407F-8604-062AC35F0448}.Debug|ARM.Build.0 = Debug|Any CPU
		{75D84E18-58A7-407F-8604-062AC35F0448}.Debug|iPhone.ActiveCfg = Debug|Any CPU
		{75D84E18-58A7-407F-8604-062AC35F0448}.Debug|iPhone.Build.0 = Debug|Any CPU
		{75D84E18-58A7-407F-8604-062AC35F0448}.Debug|iPhoneSimulator.ActiveCfg = Debug|Any CPU
		{75D84E18-58A7-407F-8604-062AC35F0448}.Debug|iPhoneSimulator.Build.0 = Debug|Any CPU
		{75D84E18-58A7-407F-8604-062AC35F0448}.Debug|x64.ActiveCfg = Debug|Any CPU
		{75D84E18-58A7-407F-8604-062AC35F0448}.Debug|x64.Build.0 = Debug|Any CPU
		{75D84E18-58A7-407F-8604-062AC35F0448}.Debug|x86.ActiveCfg = Debug|Any CPU
		{75D84E18-58A7-407F-8604-062AC35F0448}.Debug|x86.Build.0 = Debug|Any CPU
		{75D84E18-58A7-407F-8604-062AC35F0448}.Release|Any CPU.ActiveCfg = Release|Any CPU
		{75D84E18-58A7-407F-8604-062AC35F0448}.Release|Any CPU.Build.0 = Release|Any CPU
		{75D84E18-58A7-407F-8604-062AC35F0448}.Release|ARM.ActiveCfg = Release|Any CPU
		{75D84E18-58A7-407F-8604-062AC35F0448}.Release|ARM.Build.0 = Release|Any CPU
		{75D84E18-58A7-407F-8604-062AC35F0448}.Release|iPhone.ActiveCfg = Release|Any CPU
		{75D84E18-58A7-407F-8604-062AC35F0448}.Release|iPhone.Build.0 = Release|Any CPU
		{75D84E18-58A7-407F-8604-062AC35F0448}.Release|iPhoneSimulator.ActiveCfg = Release|Any CPU
		{75D84E18-58A7-407F-8604-062AC35F0448}.Release|iPhoneSimulator.Build.0 = Release|Any CPU
		{75D84E18-58A7-407F-8604-062AC35F0448}.Release|x64.ActiveCfg = Release|Any CPU
		{75D84E18-58A7-407F-8604-062AC35F0448}.Release|x64.Build.0 = Release|Any CPU
		{75D84E18-58A7-407F-8604-062AC35F0448}.Release|x86.ActiveCfg = Release|Any CPU
		{75D84E18-58A7-407F-8604-062AC35F0448}.Release|x86.Build.0 = Release|Any CPU
		{495819C6-B497-47FF-90B3-EBCB90645A8D}.Ad-Hoc|Any CPU.ActiveCfg = Release|Any CPU
		{495819C6-B497-47FF-90B3-EBCB90645A8D}.Ad-Hoc|Any CPU.Build.0 = Release|Any CPU
		{495819C6-B497-47FF-90B3-EBCB90645A8D}.Ad-Hoc|ARM.ActiveCfg = Release|Any CPU
		{495819C6-B497-47FF-90B3-EBCB90645A8D}.Ad-Hoc|ARM.Build.0 = Release|Any CPU
		{495819C6-B497-47FF-90B3-EBCB90645A8D}.Ad-Hoc|iPhone.ActiveCfg = Release|Any CPU
		{495819C6-B497-47FF-90B3-EBCB90645A8D}.Ad-Hoc|iPhone.Build.0 = Release|Any CPU
		{495819C6-B497-47FF-90B3-EBCB90645A8D}.Ad-Hoc|iPhoneSimulator.ActiveCfg = Release|Any CPU
		{495819C6-B497-47FF-90B3-EBCB90645A8D}.Ad-Hoc|iPhoneSimulator.Build.0 = Release|Any CPU
		{495819C6-B497-47FF-90B3-EBCB90645A8D}.Ad-Hoc|x64.ActiveCfg = Release|Any CPU
		{495819C6-B497-47FF-90B3-EBCB90645A8D}.Ad-Hoc|x64.Build.0 = Release|Any CPU
		{495819C6-B497-47FF-90B3-EBCB90645A8D}.Ad-Hoc|x86.ActiveCfg = Release|Any CPU
		{495819C6-B497-47FF-90B3-EBCB90645A8D}.Ad-Hoc|x86.Build.0 = Release|Any CPU
		{495819C6-B497-47FF-90B3-EBCB90645A8D}.AppStore|Any CPU.ActiveCfg = Release|Any CPU
		{495819C6-B497-47FF-90B3-EBCB90645A8D}.AppStore|Any CPU.Build.0 = Release|Any CPU
		{495819C6-B497-47FF-90B3-EBCB90645A8D}.AppStore|ARM.ActiveCfg = Release|Any CPU
		{495819C6-B497-47FF-90B3-EBCB90645A8D}.AppStore|ARM.Build.0 = Release|Any CPU
		{495819C6-B497-47FF-90B3-EBCB90645A8D}.AppStore|iPhone.ActiveCfg = Release|Any CPU
		{495819C6-B497-47FF-90B3-EBCB90645A8D}.AppStore|iPhone.Build.0 = Release|Any CPU
		{495819C6-B497-47FF-90B3-EBCB90645A8D}.AppStore|iPhoneSimulator.ActiveCfg = Release|Any CPU
		{495819C6-B497-47FF-90B3-EBCB90645A8D}.AppStore|iPhoneSimulator.Build.0 = Release|Any CPU
		{495819C6-B497-47FF-90B3-EBCB90645A8D}.AppStore|x64.ActiveCfg = Release|Any CPU
		{495819C6-B497-47FF-90B3-EBCB90645A8D}.AppStore|x64.Build.0 = Release|Any CPU
		{495819C6-B497-47FF-90B3-EBCB90645A8D}.AppStore|x86.ActiveCfg = Release|Any CPU
		{495819C6-B497-47FF-90B3-EBCB90645A8D}.AppStore|x86.Build.0 = Release|Any CPU
		{495819C6-B497-47FF-90B3-EBCB90645A8D}.Debug|Any CPU.ActiveCfg = Debug|Any CPU
		{495819C6-B497-47FF-90B3-EBCB90645A8D}.Debug|Any CPU.Build.0 = Debug|Any CPU
		{495819C6-B497-47FF-90B3-EBCB90645A8D}.Debug|ARM.ActiveCfg = Debug|Any CPU
		{495819C6-B497-47FF-90B3-EBCB90645A8D}.Debug|ARM.Build.0 = Debug|Any CPU
		{495819C6-B497-47FF-90B3-EBCB90645A8D}.Debug|iPhone.ActiveCfg = Debug|Any CPU
		{495819C6-B497-47FF-90B3-EBCB90645A8D}.Debug|iPhone.Build.0 = Debug|Any CPU
		{495819C6-B497-47FF-90B3-EBCB90645A8D}.Debug|iPhoneSimulator.ActiveCfg = Debug|Any CPU
		{495819C6-B497-47FF-90B3-EBCB90645A8D}.Debug|iPhoneSimulator.Build.0 = Debug|Any CPU
		{495819C6-B497-47FF-90B3-EBCB90645A8D}.Debug|x64.ActiveCfg = Debug|Any CPU
		{495819C6-B497-47FF-90B3-EBCB90645A8D}.Debug|x64.Build.0 = Debug|Any CPU
		{495819C6-B497-47FF-90B3-EBCB90645A8D}.Debug|x86.ActiveCfg = Debug|Any CPU
		{495819C6-B497-47FF-90B3-EBCB90645A8D}.Debug|x86.Build.0 = Debug|Any CPU
		{495819C6-B497-47FF-90B3-EBCB90645A8D}.Release|Any CPU.ActiveCfg = Release|Any CPU
		{495819C6-B497-47FF-90B3-EBCB90645A8D}.Release|Any CPU.Build.0 = Release|Any CPU
		{495819C6-B497-47FF-90B3-EBCB90645A8D}.Release|ARM.ActiveCfg = Release|Any CPU
		{495819C6-B497-47FF-90B3-EBCB90645A8D}.Release|ARM.Build.0 = Release|Any CPU
		{495819C6-B497-47FF-90B3-EBCB90645A8D}.Release|iPhone.ActiveCfg = Release|Any CPU
		{495819C6-B497-47FF-90B3-EBCB90645A8D}.Release|iPhone.Build.0 = Release|Any CPU
		{495819C6-B497-47FF-90B3-EBCB90645A8D}.Release|iPhoneSimulator.ActiveCfg = Release|Any CPU
		{495819C6-B497-47FF-90B3-EBCB90645A8D}.Release|iPhoneSimulator.Build.0 = Release|Any CPU
		{495819C6-B497-47FF-90B3-EBCB90645A8D}.Release|x64.ActiveCfg = Release|Any CPU
		{495819C6-B497-47FF-90B3-EBCB90645A8D}.Release|x64.Build.0 = Release|Any CPU
		{495819C6-B497-47FF-90B3-EBCB90645A8D}.Release|x86.ActiveCfg = Release|Any CPU
		{495819C6-B497-47FF-90B3-EBCB90645A8D}.Release|x86.Build.0 = Release|Any CPU
		{96A251AA-DB03-4F2A-9B4A-525A614E856A}.Ad-Hoc|Any CPU.ActiveCfg = Release|Any CPU
		{96A251AA-DB03-4F2A-9B4A-525A614E856A}.Ad-Hoc|Any CPU.Build.0 = Release|Any CPU
		{96A251AA-DB03-4F2A-9B4A-525A614E856A}.Ad-Hoc|Any CPU.Deploy.0 = Release|Any CPU
		{96A251AA-DB03-4F2A-9B4A-525A614E856A}.Ad-Hoc|ARM.ActiveCfg = Release|Any CPU
		{96A251AA-DB03-4F2A-9B4A-525A614E856A}.Ad-Hoc|ARM.Build.0 = Release|Any CPU
		{96A251AA-DB03-4F2A-9B4A-525A614E856A}.Ad-Hoc|ARM.Deploy.0 = Release|Any CPU
		{96A251AA-DB03-4F2A-9B4A-525A614E856A}.Ad-Hoc|iPhone.ActiveCfg = Release|Any CPU
		{96A251AA-DB03-4F2A-9B4A-525A614E856A}.Ad-Hoc|iPhone.Build.0 = Release|Any CPU
		{96A251AA-DB03-4F2A-9B4A-525A614E856A}.Ad-Hoc|iPhone.Deploy.0 = Release|Any CPU
		{96A251AA-DB03-4F2A-9B4A-525A614E856A}.Ad-Hoc|iPhoneSimulator.ActiveCfg = Release|Any CPU
		{96A251AA-DB03-4F2A-9B4A-525A614E856A}.Ad-Hoc|iPhoneSimulator.Build.0 = Release|Any CPU
		{96A251AA-DB03-4F2A-9B4A-525A614E856A}.Ad-Hoc|iPhoneSimulator.Deploy.0 = Release|Any CPU
		{96A251AA-DB03-4F2A-9B4A-525A614E856A}.Ad-Hoc|x64.ActiveCfg = Release|Any CPU
		{96A251AA-DB03-4F2A-9B4A-525A614E856A}.Ad-Hoc|x64.Build.0 = Release|Any CPU
		{96A251AA-DB03-4F2A-9B4A-525A614E856A}.Ad-Hoc|x64.Deploy.0 = Release|Any CPU
		{96A251AA-DB03-4F2A-9B4A-525A614E856A}.Ad-Hoc|x86.ActiveCfg = Release|Any CPU
		{96A251AA-DB03-4F2A-9B4A-525A614E856A}.Ad-Hoc|x86.Build.0 = Release|Any CPU
		{96A251AA-DB03-4F2A-9B4A-525A614E856A}.Ad-Hoc|x86.Deploy.0 = Release|Any CPU
		{96A251AA-DB03-4F2A-9B4A-525A614E856A}.AppStore|Any CPU.ActiveCfg = Release|Any CPU
		{96A251AA-DB03-4F2A-9B4A-525A614E856A}.AppStore|Any CPU.Build.0 = Release|Any CPU
		{96A251AA-DB03-4F2A-9B4A-525A614E856A}.AppStore|Any CPU.Deploy.0 = Release|Any CPU
		{96A251AA-DB03-4F2A-9B4A-525A614E856A}.AppStore|ARM.ActiveCfg = Release|Any CPU
		{96A251AA-DB03-4F2A-9B4A-525A614E856A}.AppStore|ARM.Build.0 = Release|Any CPU
		{96A251AA-DB03-4F2A-9B4A-525A614E856A}.AppStore|ARM.Deploy.0 = Release|Any CPU
		{96A251AA-DB03-4F2A-9B4A-525A614E856A}.AppStore|iPhone.ActiveCfg = Release|Any CPU
		{96A251AA-DB03-4F2A-9B4A-525A614E856A}.AppStore|iPhone.Build.0 = Release|Any CPU
		{96A251AA-DB03-4F2A-9B4A-525A614E856A}.AppStore|iPhone.Deploy.0 = Release|Any CPU
		{96A251AA-DB03-4F2A-9B4A-525A614E856A}.AppStore|iPhoneSimulator.ActiveCfg = Release|Any CPU
		{96A251AA-DB03-4F2A-9B4A-525A614E856A}.AppStore|iPhoneSimulator.Build.0 = Release|Any CPU
		{96A251AA-DB03-4F2A-9B4A-525A614E856A}.AppStore|iPhoneSimulator.Deploy.0 = Release|Any CPU
		{96A251AA-DB03-4F2A-9B4A-525A614E856A}.AppStore|x64.ActiveCfg = Release|Any CPU
		{96A251AA-DB03-4F2A-9B4A-525A614E856A}.AppStore|x64.Build.0 = Release|Any CPU
		{96A251AA-DB03-4F2A-9B4A-525A614E856A}.AppStore|x64.Deploy.0 = Release|Any CPU
		{96A251AA-DB03-4F2A-9B4A-525A614E856A}.AppStore|x86.ActiveCfg = Release|Any CPU
		{96A251AA-DB03-4F2A-9B4A-525A614E856A}.AppStore|x86.Build.0 = Release|Any CPU
		{96A251AA-DB03-4F2A-9B4A-525A614E856A}.AppStore|x86.Deploy.0 = Release|Any CPU
		{96A251AA-DB03-4F2A-9B4A-525A614E856A}.Debug|Any CPU.ActiveCfg = Debug|Any CPU
		{96A251AA-DB03-4F2A-9B4A-525A614E856A}.Debug|Any CPU.Build.0 = Debug|Any CPU
		{96A251AA-DB03-4F2A-9B4A-525A614E856A}.Debug|Any CPU.Deploy.0 = Debug|Any CPU
		{96A251AA-DB03-4F2A-9B4A-525A614E856A}.Debug|ARM.ActiveCfg = Debug|Any CPU
		{96A251AA-DB03-4F2A-9B4A-525A614E856A}.Debug|ARM.Build.0 = Debug|Any CPU
		{96A251AA-DB03-4F2A-9B4A-525A614E856A}.Debug|ARM.Deploy.0 = Debug|Any CPU
		{96A251AA-DB03-4F2A-9B4A-525A614E856A}.Debug|iPhone.ActiveCfg = Debug|Any CPU
		{96A251AA-DB03-4F2A-9B4A-525A614E856A}.Debug|iPhone.Build.0 = Debug|Any CPU
		{96A251AA-DB03-4F2A-9B4A-525A614E856A}.Debug|iPhone.Deploy.0 = Debug|Any CPU
		{96A251AA-DB03-4F2A-9B4A-525A614E856A}.Debug|iPhoneSimulator.ActiveCfg = Debug|Any CPU
		{96A251AA-DB03-4F2A-9B4A-525A614E856A}.Debug|iPhoneSimulator.Build.0 = Debug|Any CPU
		{96A251AA-DB03-4F2A-9B4A-525A614E856A}.Debug|iPhoneSimulator.Deploy.0 = Debug|Any CPU
		{96A251AA-DB03-4F2A-9B4A-525A614E856A}.Debug|x64.ActiveCfg = Debug|Any CPU
		{96A251AA-DB03-4F2A-9B4A-525A614E856A}.Debug|x64.Build.0 = Debug|Any CPU
		{96A251AA-DB03-4F2A-9B4A-525A614E856A}.Debug|x64.Deploy.0 = Debug|Any CPU
		{96A251AA-DB03-4F2A-9B4A-525A614E856A}.Debug|x86.ActiveCfg = Debug|Any CPU
		{96A251AA-DB03-4F2A-9B4A-525A614E856A}.Debug|x86.Build.0 = Debug|Any CPU
		{96A251AA-DB03-4F2A-9B4A-525A614E856A}.Debug|x86.Deploy.0 = Debug|Any CPU
		{96A251AA-DB03-4F2A-9B4A-525A614E856A}.Release|Any CPU.ActiveCfg = Release|Any CPU
		{96A251AA-DB03-4F2A-9B4A-525A614E856A}.Release|Any CPU.Build.0 = Release|Any CPU
		{96A251AA-DB03-4F2A-9B4A-525A614E856A}.Release|Any CPU.Deploy.0 = Release|Any CPU
		{96A251AA-DB03-4F2A-9B4A-525A614E856A}.Release|ARM.ActiveCfg = Release|Any CPU
		{96A251AA-DB03-4F2A-9B4A-525A614E856A}.Release|ARM.Build.0 = Release|Any CPU
		{96A251AA-DB03-4F2A-9B4A-525A614E856A}.Release|ARM.Deploy.0 = Release|Any CPU
		{96A251AA-DB03-4F2A-9B4A-525A614E856A}.Release|iPhone.ActiveCfg = Release|Any CPU
		{96A251AA-DB03-4F2A-9B4A-525A614E856A}.Release|iPhone.Build.0 = Release|Any CPU
		{96A251AA-DB03-4F2A-9B4A-525A614E856A}.Release|iPhone.Deploy.0 = Release|Any CPU
		{96A251AA-DB03-4F2A-9B4A-525A614E856A}.Release|iPhoneSimulator.ActiveCfg = Release|Any CPU
		{96A251AA-DB03-4F2A-9B4A-525A614E856A}.Release|iPhoneSimulator.Build.0 = Release|Any CPU
		{96A251AA-DB03-4F2A-9B4A-525A614E856A}.Release|iPhoneSimulator.Deploy.0 = Release|Any CPU
		{96A251AA-DB03-4F2A-9B4A-525A614E856A}.Release|x64.ActiveCfg = Release|Any CPU
		{96A251AA-DB03-4F2A-9B4A-525A614E856A}.Release|x64.Build.0 = Release|Any CPU
		{96A251AA-DB03-4F2A-9B4A-525A614E856A}.Release|x64.Deploy.0 = Release|Any CPU
		{96A251AA-DB03-4F2A-9B4A-525A614E856A}.Release|x86.ActiveCfg = Release|Any CPU
		{96A251AA-DB03-4F2A-9B4A-525A614E856A}.Release|x86.Build.0 = Release|Any CPU
		{96A251AA-DB03-4F2A-9B4A-525A614E856A}.Release|x86.Deploy.0 = Release|Any CPU
		{7BDE5BBB-9CC5-4CE6-B43E-83EFA499D6E9}.Ad-Hoc|Any CPU.ActiveCfg = Ad-Hoc|iPhone
		{7BDE5BBB-9CC5-4CE6-B43E-83EFA499D6E9}.Ad-Hoc|ARM.ActiveCfg = Ad-Hoc|iPhone
		{7BDE5BBB-9CC5-4CE6-B43E-83EFA499D6E9}.Ad-Hoc|iPhone.ActiveCfg = Ad-Hoc|iPhone
		{7BDE5BBB-9CC5-4CE6-B43E-83EFA499D6E9}.Ad-Hoc|iPhone.Build.0 = Ad-Hoc|iPhone
		{7BDE5BBB-9CC5-4CE6-B43E-83EFA499D6E9}.Ad-Hoc|iPhoneSimulator.ActiveCfg = Ad-Hoc|iPhoneSimulator
		{7BDE5BBB-9CC5-4CE6-B43E-83EFA499D6E9}.Ad-Hoc|iPhoneSimulator.Build.0 = Ad-Hoc|iPhoneSimulator
		{7BDE5BBB-9CC5-4CE6-B43E-83EFA499D6E9}.Ad-Hoc|x64.ActiveCfg = Ad-Hoc|iPhone
		{7BDE5BBB-9CC5-4CE6-B43E-83EFA499D6E9}.Ad-Hoc|x86.ActiveCfg = Ad-Hoc|iPhone
		{7BDE5BBB-9CC5-4CE6-B43E-83EFA499D6E9}.AppStore|Any CPU.ActiveCfg = AppStore|iPhone
		{7BDE5BBB-9CC5-4CE6-B43E-83EFA499D6E9}.AppStore|ARM.ActiveCfg = AppStore|iPhone
		{7BDE5BBB-9CC5-4CE6-B43E-83EFA499D6E9}.AppStore|iPhone.ActiveCfg = AppStore|iPhone
		{7BDE5BBB-9CC5-4CE6-B43E-83EFA499D6E9}.AppStore|iPhone.Build.0 = AppStore|iPhone
		{7BDE5BBB-9CC5-4CE6-B43E-83EFA499D6E9}.AppStore|iPhoneSimulator.ActiveCfg = AppStore|iPhoneSimulator
		{7BDE5BBB-9CC5-4CE6-B43E-83EFA499D6E9}.AppStore|iPhoneSimulator.Build.0 = AppStore|iPhoneSimulator
		{7BDE5BBB-9CC5-4CE6-B43E-83EFA499D6E9}.AppStore|x64.ActiveCfg = AppStore|iPhone
		{7BDE5BBB-9CC5-4CE6-B43E-83EFA499D6E9}.AppStore|x86.ActiveCfg = AppStore|iPhone
		{7BDE5BBB-9CC5-4CE6-B43E-83EFA499D6E9}.Debug|Any CPU.ActiveCfg = Debug|iPhone
		{7BDE5BBB-9CC5-4CE6-B43E-83EFA499D6E9}.Debug|ARM.ActiveCfg = Debug|iPhone
		{7BDE5BBB-9CC5-4CE6-B43E-83EFA499D6E9}.Debug|iPhone.ActiveCfg = Debug|iPhone
		{7BDE5BBB-9CC5-4CE6-B43E-83EFA499D6E9}.Debug|iPhone.Build.0 = Debug|iPhone
		{7BDE5BBB-9CC5-4CE6-B43E-83EFA499D6E9}.Debug|iPhoneSimulator.ActiveCfg = Debug|iPhoneSimulator
		{7BDE5BBB-9CC5-4CE6-B43E-83EFA499D6E9}.Debug|iPhoneSimulator.Build.0 = Debug|iPhoneSimulator
		{7BDE5BBB-9CC5-4CE6-B43E-83EFA499D6E9}.Debug|x64.ActiveCfg = Debug|iPhone
		{7BDE5BBB-9CC5-4CE6-B43E-83EFA499D6E9}.Debug|x86.ActiveCfg = Debug|iPhone
		{7BDE5BBB-9CC5-4CE6-B43E-83EFA499D6E9}.Release|Any CPU.ActiveCfg = Release|iPhone
		{7BDE5BBB-9CC5-4CE6-B43E-83EFA499D6E9}.Release|ARM.ActiveCfg = Release|iPhone
		{7BDE5BBB-9CC5-4CE6-B43E-83EFA499D6E9}.Release|iPhone.ActiveCfg = Release|iPhone
		{7BDE5BBB-9CC5-4CE6-B43E-83EFA499D6E9}.Release|iPhone.Build.0 = Release|iPhone
		{7BDE5BBB-9CC5-4CE6-B43E-83EFA499D6E9}.Release|iPhoneSimulator.ActiveCfg = Release|iPhoneSimulator
		{7BDE5BBB-9CC5-4CE6-B43E-83EFA499D6E9}.Release|iPhoneSimulator.Build.0 = Release|iPhoneSimulator
		{7BDE5BBB-9CC5-4CE6-B43E-83EFA499D6E9}.Release|x64.ActiveCfg = Release|iPhone
		{7BDE5BBB-9CC5-4CE6-B43E-83EFA499D6E9}.Release|x86.ActiveCfg = Release|iPhone
		{18DAAC58-CDC2-4742-A9E5-5FCD33ED8EAD}.Ad-Hoc|Any CPU.ActiveCfg = Release|Any CPU
		{18DAAC58-CDC2-4742-A9E5-5FCD33ED8EAD}.Ad-Hoc|Any CPU.Build.0 = Release|Any CPU
		{18DAAC58-CDC2-4742-A9E5-5FCD33ED8EAD}.Ad-Hoc|Any CPU.Deploy.0 = Release|Any CPU
		{18DAAC58-CDC2-4742-A9E5-5FCD33ED8EAD}.Ad-Hoc|ARM.ActiveCfg = Release|ARM
		{18DAAC58-CDC2-4742-A9E5-5FCD33ED8EAD}.Ad-Hoc|ARM.Build.0 = Release|ARM
		{18DAAC58-CDC2-4742-A9E5-5FCD33ED8EAD}.Ad-Hoc|ARM.Deploy.0 = Release|ARM
		{18DAAC58-CDC2-4742-A9E5-5FCD33ED8EAD}.Ad-Hoc|iPhone.ActiveCfg = Release|Any CPU
		{18DAAC58-CDC2-4742-A9E5-5FCD33ED8EAD}.Ad-Hoc|iPhone.Build.0 = Release|Any CPU
		{18DAAC58-CDC2-4742-A9E5-5FCD33ED8EAD}.Ad-Hoc|iPhone.Deploy.0 = Release|Any CPU
		{18DAAC58-CDC2-4742-A9E5-5FCD33ED8EAD}.Ad-Hoc|iPhoneSimulator.ActiveCfg = Release|Any CPU
		{18DAAC58-CDC2-4742-A9E5-5FCD33ED8EAD}.Ad-Hoc|iPhoneSimulator.Build.0 = Release|Any CPU
		{18DAAC58-CDC2-4742-A9E5-5FCD33ED8EAD}.Ad-Hoc|iPhoneSimulator.Deploy.0 = Release|Any CPU
		{18DAAC58-CDC2-4742-A9E5-5FCD33ED8EAD}.Ad-Hoc|x64.ActiveCfg = Release|Any CPU
		{18DAAC58-CDC2-4742-A9E5-5FCD33ED8EAD}.Ad-Hoc|x64.Build.0 = Release|Any CPU
		{18DAAC58-CDC2-4742-A9E5-5FCD33ED8EAD}.Ad-Hoc|x64.Deploy.0 = Release|Any CPU
		{18DAAC58-CDC2-4742-A9E5-5FCD33ED8EAD}.Ad-Hoc|x86.ActiveCfg = Release|x86
		{18DAAC58-CDC2-4742-A9E5-5FCD33ED8EAD}.Ad-Hoc|x86.Build.0 = Release|x86
		{18DAAC58-CDC2-4742-A9E5-5FCD33ED8EAD}.Ad-Hoc|x86.Deploy.0 = Release|x86
		{18DAAC58-CDC2-4742-A9E5-5FCD33ED8EAD}.AppStore|Any CPU.ActiveCfg = Release|Any CPU
		{18DAAC58-CDC2-4742-A9E5-5FCD33ED8EAD}.AppStore|Any CPU.Build.0 = Release|Any CPU
		{18DAAC58-CDC2-4742-A9E5-5FCD33ED8EAD}.AppStore|Any CPU.Deploy.0 = Release|Any CPU
		{18DAAC58-CDC2-4742-A9E5-5FCD33ED8EAD}.AppStore|ARM.ActiveCfg = Release|ARM
		{18DAAC58-CDC2-4742-A9E5-5FCD33ED8EAD}.AppStore|ARM.Build.0 = Release|ARM
		{18DAAC58-CDC2-4742-A9E5-5FCD33ED8EAD}.AppStore|ARM.Deploy.0 = Release|ARM
		{18DAAC58-CDC2-4742-A9E5-5FCD33ED8EAD}.AppStore|iPhone.ActiveCfg = Release|Any CPU
		{18DAAC58-CDC2-4742-A9E5-5FCD33ED8EAD}.AppStore|iPhone.Build.0 = Release|Any CPU
		{18DAAC58-CDC2-4742-A9E5-5FCD33ED8EAD}.AppStore|iPhone.Deploy.0 = Release|Any CPU
		{18DAAC58-CDC2-4742-A9E5-5FCD33ED8EAD}.AppStore|iPhoneSimulator.ActiveCfg = Release|Any CPU
		{18DAAC58-CDC2-4742-A9E5-5FCD33ED8EAD}.AppStore|iPhoneSimulator.Build.0 = Release|Any CPU
		{18DAAC58-CDC2-4742-A9E5-5FCD33ED8EAD}.AppStore|iPhoneSimulator.Deploy.0 = Release|Any CPU
		{18DAAC58-CDC2-4742-A9E5-5FCD33ED8EAD}.AppStore|x64.ActiveCfg = Release|Any CPU
		{18DAAC58-CDC2-4742-A9E5-5FCD33ED8EAD}.AppStore|x64.Build.0 = Release|Any CPU
		{18DAAC58-CDC2-4742-A9E5-5FCD33ED8EAD}.AppStore|x64.Deploy.0 = Release|Any CPU
		{18DAAC58-CDC2-4742-A9E5-5FCD33ED8EAD}.AppStore|x86.ActiveCfg = Release|x86
		{18DAAC58-CDC2-4742-A9E5-5FCD33ED8EAD}.AppStore|x86.Build.0 = Release|x86
		{18DAAC58-CDC2-4742-A9E5-5FCD33ED8EAD}.AppStore|x86.Deploy.0 = Release|x86
		{18DAAC58-CDC2-4742-A9E5-5FCD33ED8EAD}.Debug|Any CPU.ActiveCfg = Debug|Any CPU
		{18DAAC58-CDC2-4742-A9E5-5FCD33ED8EAD}.Debug|Any CPU.Build.0 = Debug|Any CPU
		{18DAAC58-CDC2-4742-A9E5-5FCD33ED8EAD}.Debug|Any CPU.Deploy.0 = Debug|Any CPU
		{18DAAC58-CDC2-4742-A9E5-5FCD33ED8EAD}.Debug|ARM.ActiveCfg = Debug|ARM
		{18DAAC58-CDC2-4742-A9E5-5FCD33ED8EAD}.Debug|ARM.Build.0 = Debug|ARM
		{18DAAC58-CDC2-4742-A9E5-5FCD33ED8EAD}.Debug|ARM.Deploy.0 = Debug|ARM
		{18DAAC58-CDC2-4742-A9E5-5FCD33ED8EAD}.Debug|iPhone.ActiveCfg = Debug|Any CPU
		{18DAAC58-CDC2-4742-A9E5-5FCD33ED8EAD}.Debug|iPhone.Build.0 = Debug|Any CPU
		{18DAAC58-CDC2-4742-A9E5-5FCD33ED8EAD}.Debug|iPhone.Deploy.0 = Debug|Any CPU
		{18DAAC58-CDC2-4742-A9E5-5FCD33ED8EAD}.Debug|iPhoneSimulator.ActiveCfg = Debug|Any CPU
		{18DAAC58-CDC2-4742-A9E5-5FCD33ED8EAD}.Debug|iPhoneSimulator.Build.0 = Debug|Any CPU
		{18DAAC58-CDC2-4742-A9E5-5FCD33ED8EAD}.Debug|iPhoneSimulator.Deploy.0 = Debug|Any CPU
		{18DAAC58-CDC2-4742-A9E5-5FCD33ED8EAD}.Debug|x64.ActiveCfg = Debug|Any CPU
		{18DAAC58-CDC2-4742-A9E5-5FCD33ED8EAD}.Debug|x64.Build.0 = Debug|Any CPU
		{18DAAC58-CDC2-4742-A9E5-5FCD33ED8EAD}.Debug|x64.Deploy.0 = Debug|Any CPU
		{18DAAC58-CDC2-4742-A9E5-5FCD33ED8EAD}.Debug|x86.ActiveCfg = Debug|x86
		{18DAAC58-CDC2-4742-A9E5-5FCD33ED8EAD}.Debug|x86.Build.0 = Debug|x86
		{18DAAC58-CDC2-4742-A9E5-5FCD33ED8EAD}.Debug|x86.Deploy.0 = Debug|x86
		{18DAAC58-CDC2-4742-A9E5-5FCD33ED8EAD}.Release|Any CPU.ActiveCfg = Release|Any CPU
		{18DAAC58-CDC2-4742-A9E5-5FCD33ED8EAD}.Release|Any CPU.Build.0 = Release|Any CPU
		{18DAAC58-CDC2-4742-A9E5-5FCD33ED8EAD}.Release|Any CPU.Deploy.0 = Release|Any CPU
		{18DAAC58-CDC2-4742-A9E5-5FCD33ED8EAD}.Release|ARM.ActiveCfg = Release|ARM
		{18DAAC58-CDC2-4742-A9E5-5FCD33ED8EAD}.Release|ARM.Build.0 = Release|ARM
		{18DAAC58-CDC2-4742-A9E5-5FCD33ED8EAD}.Release|ARM.Deploy.0 = Release|ARM
		{18DAAC58-CDC2-4742-A9E5-5FCD33ED8EAD}.Release|iPhone.ActiveCfg = Release|Any CPU
		{18DAAC58-CDC2-4742-A9E5-5FCD33ED8EAD}.Release|iPhone.Build.0 = Release|Any CPU
		{18DAAC58-CDC2-4742-A9E5-5FCD33ED8EAD}.Release|iPhone.Deploy.0 = Release|Any CPU
		{18DAAC58-CDC2-4742-A9E5-5FCD33ED8EAD}.Release|iPhoneSimulator.ActiveCfg = Release|Any CPU
		{18DAAC58-CDC2-4742-A9E5-5FCD33ED8EAD}.Release|iPhoneSimulator.Build.0 = Release|Any CPU
		{18DAAC58-CDC2-4742-A9E5-5FCD33ED8EAD}.Release|iPhoneSimulator.Deploy.0 = Release|Any CPU
		{18DAAC58-CDC2-4742-A9E5-5FCD33ED8EAD}.Release|x64.ActiveCfg = Release|Any CPU
		{18DAAC58-CDC2-4742-A9E5-5FCD33ED8EAD}.Release|x64.Build.0 = Release|Any CPU
		{18DAAC58-CDC2-4742-A9E5-5FCD33ED8EAD}.Release|x64.Deploy.0 = Release|Any CPU
		{18DAAC58-CDC2-4742-A9E5-5FCD33ED8EAD}.Release|x86.ActiveCfg = Release|x86
		{18DAAC58-CDC2-4742-A9E5-5FCD33ED8EAD}.Release|x86.Build.0 = Release|x86
		{18DAAC58-CDC2-4742-A9E5-5FCD33ED8EAD}.Release|x86.Deploy.0 = Release|x86
		{2193D7F9-F04B-49A2-9F95-735BF8AE2E64}.Ad-Hoc|Any CPU.ActiveCfg = Release|Any CPU
		{2193D7F9-F04B-49A2-9F95-735BF8AE2E64}.Ad-Hoc|Any CPU.Build.0 = Release|Any CPU
		{2193D7F9-F04B-49A2-9F95-735BF8AE2E64}.Ad-Hoc|ARM.ActiveCfg = Release|Any CPU
		{2193D7F9-F04B-49A2-9F95-735BF8AE2E64}.Ad-Hoc|ARM.Build.0 = Release|Any CPU
		{2193D7F9-F04B-49A2-9F95-735BF8AE2E64}.Ad-Hoc|iPhone.ActiveCfg = Release|Any CPU
		{2193D7F9-F04B-49A2-9F95-735BF8AE2E64}.Ad-Hoc|iPhone.Build.0 = Release|Any CPU
		{2193D7F9-F04B-49A2-9F95-735BF8AE2E64}.Ad-Hoc|iPhoneSimulator.ActiveCfg = Release|Any CPU
		{2193D7F9-F04B-49A2-9F95-735BF8AE2E64}.Ad-Hoc|iPhoneSimulator.Build.0 = Release|Any CPU
		{2193D7F9-F04B-49A2-9F95-735BF8AE2E64}.Ad-Hoc|x64.ActiveCfg = Release|Any CPU
		{2193D7F9-F04B-49A2-9F95-735BF8AE2E64}.Ad-Hoc|x64.Build.0 = Release|Any CPU
		{2193D7F9-F04B-49A2-9F95-735BF8AE2E64}.Ad-Hoc|x86.ActiveCfg = Release|Any CPU
		{2193D7F9-F04B-49A2-9F95-735BF8AE2E64}.Ad-Hoc|x86.Build.0 = Release|Any CPU
		{2193D7F9-F04B-49A2-9F95-735BF8AE2E64}.AppStore|Any CPU.ActiveCfg = Release|Any CPU
		{2193D7F9-F04B-49A2-9F95-735BF8AE2E64}.AppStore|Any CPU.Build.0 = Release|Any CPU
		{2193D7F9-F04B-49A2-9F95-735BF8AE2E64}.AppStore|ARM.ActiveCfg = Release|Any CPU
		{2193D7F9-F04B-49A2-9F95-735BF8AE2E64}.AppStore|ARM.Build.0 = Release|Any CPU
		{2193D7F9-F04B-49A2-9F95-735BF8AE2E64}.AppStore|iPhone.ActiveCfg = Release|Any CPU
		{2193D7F9-F04B-49A2-9F95-735BF8AE2E64}.AppStore|iPhone.Build.0 = Release|Any CPU
		{2193D7F9-F04B-49A2-9F95-735BF8AE2E64}.AppStore|iPhoneSimulator.ActiveCfg = Release|Any CPU
		{2193D7F9-F04B-49A2-9F95-735BF8AE2E64}.AppStore|iPhoneSimulator.Build.0 = Release|Any CPU
		{2193D7F9-F04B-49A2-9F95-735BF8AE2E64}.AppStore|x64.ActiveCfg = Release|Any CPU
		{2193D7F9-F04B-49A2-9F95-735BF8AE2E64}.AppStore|x64.Build.0 = Release|Any CPU
		{2193D7F9-F04B-49A2-9F95-735BF8AE2E64}.AppStore|x86.ActiveCfg = Release|Any CPU
		{2193D7F9-F04B-49A2-9F95-735BF8AE2E64}.AppStore|x86.Build.0 = Release|Any CPU
		{2193D7F9-F04B-49A2-9F95-735BF8AE2E64}.Debug|Any CPU.ActiveCfg = Debug|Any CPU
		{2193D7F9-F04B-49A2-9F95-735BF8AE2E64}.Debug|Any CPU.Build.0 = Debug|Any CPU
		{2193D7F9-F04B-49A2-9F95-735BF8AE2E64}.Debug|ARM.ActiveCfg = Debug|Any CPU
		{2193D7F9-F04B-49A2-9F95-735BF8AE2E64}.Debug|ARM.Build.0 = Debug|Any CPU
		{2193D7F9-F04B-49A2-9F95-735BF8AE2E64}.Debug|iPhone.ActiveCfg = Debug|Any CPU
		{2193D7F9-F04B-49A2-9F95-735BF8AE2E64}.Debug|iPhone.Build.0 = Debug|Any CPU
		{2193D7F9-F04B-49A2-9F95-735BF8AE2E64}.Debug|iPhoneSimulator.ActiveCfg = Debug|Any CPU
		{2193D7F9-F04B-49A2-9F95-735BF8AE2E64}.Debug|iPhoneSimulator.Build.0 = Debug|Any CPU
		{2193D7F9-F04B-49A2-9F95-735BF8AE2E64}.Debug|x64.ActiveCfg = Debug|Any CPU
		{2193D7F9-F04B-49A2-9F95-735BF8AE2E64}.Debug|x64.Build.0 = Debug|Any CPU
		{2193D7F9-F04B-49A2-9F95-735BF8AE2E64}.Debug|x86.ActiveCfg = Debug|Any CPU
		{2193D7F9-F04B-49A2-9F95-735BF8AE2E64}.Debug|x86.Build.0 = Debug|Any CPU
		{2193D7F9-F04B-49A2-9F95-735BF8AE2E64}.Release|Any CPU.ActiveCfg = Release|Any CPU
		{2193D7F9-F04B-49A2-9F95-735BF8AE2E64}.Release|Any CPU.Build.0 = Release|Any CPU
		{2193D7F9-F04B-49A2-9F95-735BF8AE2E64}.Release|ARM.ActiveCfg = Release|Any CPU
		{2193D7F9-F04B-49A2-9F95-735BF8AE2E64}.Release|ARM.Build.0 = Release|Any CPU
		{2193D7F9-F04B-49A2-9F95-735BF8AE2E64}.Release|iPhone.ActiveCfg = Release|Any CPU
		{2193D7F9-F04B-49A2-9F95-735BF8AE2E64}.Release|iPhone.Build.0 = Release|Any CPU
		{2193D7F9-F04B-49A2-9F95-735BF8AE2E64}.Release|iPhoneSimulator.ActiveCfg = Release|Any CPU
		{2193D7F9-F04B-49A2-9F95-735BF8AE2E64}.Release|iPhoneSimulator.Build.0 = Release|Any CPU
		{2193D7F9-F04B-49A2-9F95-735BF8AE2E64}.Release|x64.ActiveCfg = Release|Any CPU
		{2193D7F9-F04B-49A2-9F95-735BF8AE2E64}.Release|x64.Build.0 = Release|Any CPU
		{2193D7F9-F04B-49A2-9F95-735BF8AE2E64}.Release|x86.ActiveCfg = Release|Any CPU
		{2193D7F9-F04B-49A2-9F95-735BF8AE2E64}.Release|x86.Build.0 = Release|Any CPU
	EndGlobalSection
	GlobalSection(SolutionProperties) = preSolution
		HideSolutionNode = FALSE
	EndGlobalSection
	GlobalSection(NestedProjects) = preSolution
		{576A2416-F225-4A60-B9E3-C042B9A9E684} = {7F1741F7-10A4-4B7E-883B-F893302C5595}
		{A213B57C-8765-48C6-9A01-B2C7B0A1338E} = {7F1741F7-10A4-4B7E-883B-F893302C5595}
		{E7D7F55B-F9BC-4C69-AA3C-6A4172096D77} = {7F1741F7-10A4-4B7E-883B-F893302C5595}
		{90E5BA70-1058-49B4-84FE-41FB714ED073} = {7F1741F7-10A4-4B7E-883B-F893302C5595}
		{D445FCD3-8DA4-4B29-8983-DDCDF982E252} = {3ADC907E-043A-4744-AFE8-2F24F8025E62}
		{6C60F255-DED7-4BBF-A5BE-70242F80D503} = {3ADC907E-043A-4744-AFE8-2F24F8025E62}
		{DA637640-3BE5-4FE2-B802-E067AD97DFF3} = {3ADC907E-043A-4744-AFE8-2F24F8025E62}
		{A5B5F8D4-9D53-4673-B259-F1FA9406959C} = {3ADC907E-043A-4744-AFE8-2F24F8025E62}
		{DB3B0CE8-5E42-46FA-BB07-6EB40D00FE2D} = {854A35BC-8C93-4305-88DA-4A145DEA53F8}
		{BAAD8E83-E481-4ACE-ABB3-2A635A4E8EBC} = {854A35BC-8C93-4305-88DA-4A145DEA53F8}
		{F47FADBF-F098-4290-96D5-A748C2E036F9} = {854A35BC-8C93-4305-88DA-4A145DEA53F8}
		{270F043A-9EFC-44C2-9FDA-1660B12E79F1} = {854A35BC-8C93-4305-88DA-4A145DEA53F8}
		{7C6403A9-0F60-4EF2-A2B2-59C18AFB9006} = {0490CCC6-8EAF-4535-86A9-FA21711B6934}
		{5488245E-20EA-4308-8E17-C10CC5CAB2B2} = {0490CCC6-8EAF-4535-86A9-FA21711B6934}
		{EC333056-F000-4946-8B48-A43C6EBB3208} = {0490CCC6-8EAF-4535-86A9-FA21711B6934}
		{75D84E18-58A7-407F-8604-062AC35F0448} = {0490CCC6-8EAF-4535-86A9-FA21711B6934}
		{495819C6-B497-47FF-90B3-EBCB90645A8D} = {0490CCC6-8EAF-4535-86A9-FA21711B6934}
		{96A251AA-DB03-4F2A-9B4A-525A614E856A} = {1B753C23-7D22-497B-A142-80F00ED4886A}
		{7BDE5BBB-9CC5-4CE6-B43E-83EFA499D6E9} = {1B753C23-7D22-497B-A142-80F00ED4886A}
		{18DAAC58-CDC2-4742-A9E5-5FCD33ED8EAD} = {1B753C23-7D22-497B-A142-80F00ED4886A}
		{2193D7F9-F04B-49A2-9F95-735BF8AE2E64} = {1B753C23-7D22-497B-A142-80F00ED4886A}
	EndGlobalSection
EndGlobal
