
Microsoft Visual Studio Solution File, Format Version 12.00
# Visual Studio 15
VisualStudioVersion = 15.0.26430.6
MinimumVisualStudioVersion = 10.0.40219.1
Project("{FAE04EC0-301F-11D3-BF4B-00C04F79EFBC}") = "Forms.Bindings.Droid", "Forms.Bindings\Forms.Bindings.Droid\Forms.Bindings.Droid.csproj", "{576A2416-F225-4A60-B9E3-C042B9A9E684}"
EndProject
Project("{FAE04EC0-301F-11D3-BF4B-00C04F79EFBC}") = "Forms.Bindings.iOS", "Forms.Bindings\Forms.Bindings.iOS\Forms.Bindings.iOS.csproj", "{A213B57C-8765-48C6-9A01-B2C7B0A1338E}"
EndProject
Project("{FAE04EC0-301F-11D3-BF4B-00C04F79EFBC}") = "Forms.Bindings.UWP", "Forms.Bindings\Forms.Bindings.UWP\Forms.Bindings.UWP.csproj", "{E7D7F55B-F9BC-4C69-AA3C-6A4172096D77}"
EndProject
Project("{FAE04EC0-301F-11D3-BF4B-00C04F79EFBC}") = "Forms.Bindings", "Forms.Bindings\Forms.Bindings\Forms.Bindings.csproj", "{90E5BA70-1058-49B4-84FE-41FB714ED073}"
EndProject
Global
	GlobalSection(SolutionConfigurationPlatforms) = preSolution
		Ad-Hoc|Any CPU = Ad-Hoc|Any CPU
		Ad-Hoc|ARM = Ad-Hoc|ARM
		Ad-Hoc|iPhone = Ad-Hoc|iPhone
		Ad-Hoc|iPhoneSimulator = Ad-Hoc|iPhoneSimulator
		Ad-Hoc|x64 = Ad-Hoc|x64
		Ad-Hoc|x86 = Ad-Hoc|x86
		AppStore|Any CPU = AppStore|Any CPU
		AppStore|ARM = AppStore|ARM
		AppStore|iPhone = AppStore|iPhone
		AppStore|iPhoneSimulator = AppStore|iPhoneSimulator
		AppStore|x64 = AppStore|x64
		AppStore|x86 = AppStore|x86
		Debug|Any CPU = Debug|Any CPU
		Debug|ARM = Debug|ARM
		Debug|iPhone = Debug|iPhone
		Debug|iPhoneSimulator = Debug|iPhoneSimulator
		Debug|x64 = Debug|x64
		Debug|x86 = Debug|x86
		Release|Any CPU = Release|Any CPU
		Release|ARM = Release|ARM
		Release|iPhone = Release|iPhone
		Release|iPhoneSimulator = Release|iPhoneSimulator
		Release|x64 = Release|x64
		Release|x86 = Release|x86
	EndGlobalSection
	GlobalSection(ProjectConfigurationPlatforms) = postSolution
		{576A2416-F225-4A60-B9E3-C042B9A9E684}.Ad-Hoc|Any CPU.ActiveCfg = Release|Any CPU
		{576A2416-F225-4A60-B9E3-C042B9A9E684}.Ad-Hoc|Any CPU.Build.0 = Release|Any CPU
		{576A2416-F225-4A60-B9E3-C042B9A9E684}.Ad-Hoc|Any CPU.Deploy.0 = Release|Any CPU
		{576A2416-F225-4A60-B9E3-C042B9A9E684}.Ad-Hoc|ARM.ActiveCfg = Release|Any CPU
		{576A2416-F225-4A60-B9E3-C042B9A9E684}.Ad-Hoc|ARM.Build.0 = Release|Any CPU
		{576A2416-F225-4A60-B9E3-C042B9A9E684}.Ad-Hoc|ARM.Deploy.0 = Release|Any CPU
		{576A2416-F225-4A60-B9E3-C042B9A9E684}.Ad-Hoc|iPhone.ActiveCfg = Release|Any CPU
		{576A2416-F225-4A60-B9E3-C042B9A9E684}.Ad-Hoc|iPhone.Build.0 = Release|Any CPU
		{576A2416-F225-4A60-B9E3-C042B9A9E684}.Ad-Hoc|iPhone.Deploy.0 = Release|Any CPU
		{576A2416-F225-4A60-B9E3-C042B9A9E684}.Ad-Hoc|iPhoneSimulator.ActiveCfg = Release|Any CPU
		{576A2416-F225-4A60-B9E3-C042B9A9E684}.Ad-Hoc|iPhoneSimulator.Build.0 = Release|Any CPU
		{576A2416-F225-4A60-B9E3-C042B9A9E684}.Ad-Hoc|iPhoneSimulator.Deploy.0 = Release|Any CPU
		{576A2416-F225-4A60-B9E3-C042B9A9E684}.Ad-Hoc|x64.ActiveCfg = Release|Any CPU
		{576A2416-F225-4A60-B9E3-C042B9A9E684}.Ad-Hoc|x64.Build.0 = Release|Any CPU
		{576A2416-F225-4A60-B9E3-C042B9A9E684}.Ad-Hoc|x64.Deploy.0 = Release|Any CPU
		{576A2416-F225-4A60-B9E3-C042B9A9E684}.Ad-Hoc|x86.ActiveCfg = Release|Any CPU
		{576A2416-F225-4A60-B9E3-C042B9A9E684}.Ad-Hoc|x86.Build.0 = Release|Any CPU
		{576A2416-F225-4A60-B9E3-C042B9A9E684}.Ad-Hoc|x86.Deploy.0 = Release|Any CPU
		{576A2416-F225-4A60-B9E3-C042B9A9E684}.AppStore|Any CPU.ActiveCfg = Release|Any CPU
		{576A2416-F225-4A60-B9E3-C042B9A9E684}.AppStore|Any CPU.Build.0 = Release|Any CPU
		{576A2416-F225-4A60-B9E3-C042B9A9E684}.AppStore|Any CPU.Deploy.0 = Release|Any CPU
		{576A2416-F225-4A60-B9E3-C042B9A9E684}.AppStore|ARM.ActiveCfg = Release|Any CPU
		{576A2416-F225-4A60-B9E3-C042B9A9E684}.AppStore|ARM.Build.0 = Release|Any CPU
		{576A2416-F225-4A60-B9E3-C042B9A9E684}.AppStore|ARM.Deploy.0 = Release|Any CPU
		{576A2416-F225-4A60-B9E3-C042B9A9E684}.AppStore|iPhone.ActiveCfg = Release|Any CPU
		{576A2416-F225-4A60-B9E3-C042B9A9E684}.AppStore|iPhone.Build.0 = Release|Any CPU
		{576A2416-F225-4A60-B9E3-C042B9A9E684}.AppStore|iPhone.Deploy.0 = Release|Any CPU
		{576A2416-F225-4A60-B9E3-C042B9A9E684}.AppStore|iPhoneSimulator.ActiveCfg = Release|Any CPU
		{576A2416-F225-4A60-B9E3-C042B9A9E684}.AppStore|iPhoneSimulator.Build.0 = Release|Any CPU
		{576A2416-F225-4A60-B9E3-C042B9A9E684}.AppStore|iPhoneSimulator.Deploy.0 = Release|Any CPU
		{576A2416-F225-4A60-B9E3-C042B9A9E684}.AppStore|x64.ActiveCfg = Release|Any CPU
		{576A2416-F225-4A60-B9E3-C042B9A9E684}.AppStore|x64.Build.0 = Release|Any CPU
		{576A2416-F225-4A60-B9E3-C042B9A9E684}.AppStore|x64.Deploy.0 = Release|Any CPU
		{576A2416-F225-4A60-B9E3-C042B9A9E684}.AppStore|x86.ActiveCfg = Release|Any CPU
		{576A2416-F225-4A60-B9E3-C042B9A9E684}.AppStore|x86.Build.0 = Release|Any CPU
		{576A2416-F225-4A60-B9E3-C042B9A9E684}.AppStore|x86.Deploy.0 = Release|Any CPU
		{576A2416-F225-4A60-B9E3-C042B9A9E684}.Debug|Any CPU.ActiveCfg = Debug|Any CPU
		{576A2416-F225-4A60-B9E3-C042B9A9E684}.Debug|Any CPU.Build.0 = Debug|Any CPU
		{576A2416-F225-4A60-B9E3-C042B9A9E684}.Debug|Any CPU.Deploy.0 = Debug|Any CPU
		{576A2416-F225-4A60-B9E3-C042B9A9E684}.Debug|ARM.ActiveCfg = Debug|Any CPU
		{576A2416-F225-4A60-B9E3-C042B9A9E684}.Debug|ARM.Build.0 = Debug|Any CPU
		{576A2416-F225-4A60-B9E3-C042B9A9E684}.Debug|ARM.Deploy.0 = Debug|Any CPU
		{576A2416-F225-4A60-B9E3-C042B9A9E684}.Debug|iPhone.ActiveCfg = Debug|Any CPU
		{576A2416-F225-4A60-B9E3-C042B9A9E684}.Debug|iPhone.Build.0 = Debug|Any CPU
		{576A2416-F225-4A60-B9E3-C042B9A9E684}.Debug|iPhone.Deploy.0 = Debug|Any CPU
		{576A2416-F225-4A60-B9E3-C042B9A9E684}.Debug|iPhoneSimulator.ActiveCfg = Debug|Any CPU
		{576A2416-F225-4A60-B9E3-C042B9A9E684}.Debug|iPhoneSimulator.Build.0 = Debug|Any CPU
		{576A2416-F225-4A60-B9E3-C042B9A9E684}.Debug|iPhoneSimulator.Deploy.0 = Debug|Any CPU
		{576A2416-F225-4A60-B9E3-C042B9A9E684}.Debug|x64.ActiveCfg = Debug|Any CPU
		{576A2416-F225-4A60-B9E3-C042B9A9E684}.Debug|x64.Build.0 = Debug|Any CPU
		{576A2416-F225-4A60-B9E3-C042B9A9E684}.Debug|x64.Deploy.0 = Debug|Any CPU
		{576A2416-F225-4A60-B9E3-C042B9A9E684}.Debug|x86.ActiveCfg = Debug|Any CPU
		{576A2416-F225-4A60-B9E3-C042B9A9E684}.Debug|x86.Build.0 = Debug|Any CPU
		{576A2416-F225-4A60-B9E3-C042B9A9E684}.Debug|x86.Deploy.0 = Debug|Any CPU
		{576A2416-F225-4A60-B9E3-C042B9A9E684}.Release|Any CPU.ActiveCfg = Release|Any CPU
		{576A2416-F225-4A60-B9E3-C042B9A9E684}.Release|Any CPU.Build.0 = Release|Any CPU
		{576A2416-F225-4A60-B9E3-C042B9A9E684}.Release|Any CPU.Deploy.0 = Release|Any CPU
		{576A2416-F225-4A60-B9E3-C042B9A9E684}.Release|ARM.ActiveCfg = Release|Any CPU
		{576A2416-F225-4A60-B9E3-C042B9A9E684}.Release|ARM.Build.0 = Release|Any CPU
		{576A2416-F225-4A60-B9E3-C042B9A9E684}.Release|ARM.Deploy.0 = Release|Any CPU
		{576A2416-F225-4A60-B9E3-C042B9A9E684}.Release|iPhone.ActiveCfg = Release|Any CPU
		{576A2416-F225-4A60-B9E3-C042B9A9E684}.Release|iPhone.Build.0 = Release|Any CPU
		{576A2416-F225-4A60-B9E3-C042B9A9E684}.Release|iPhone.Deploy.0 = Release|Any CPU
		{576A2416-F225-4A60-B9E3-C042B9A9E684}.Release|iPhoneSimulator.ActiveCfg = Release|Any CPU
		{576A2416-F225-4A60-B9E3-C042B9A9E684}.Release|iPhoneSimulator.Build.0 = Release|Any CPU
		{576A2416-F225-4A60-B9E3-C042B9A9E684}.Release|iPhoneSimulator.Deploy.0 = Release|Any CPU
		{576A2416-F225-4A60-B9E3-C042B9A9E684}.Release|x64.ActiveCfg = Release|Any CPU
		{576A2416-F225-4A60-B9E3-C042B9A9E684}.Release|x64.Build.0 = Release|Any CPU
		{576A2416-F225-4A60-B9E3-C042B9A9E684}.Release|x64.Deploy.0 = Release|Any CPU
		{576A2416-F225-4A60-B9E3-C042B9A9E684}.Release|x86.ActiveCfg = Release|Any CPU
		{576A2416-F225-4A60-B9E3-C042B9A9E684}.Release|x86.Build.0 = Release|Any CPU
		{576A2416-F225-4A60-B9E3-C042B9A9E684}.Release|x86.Deploy.0 = Release|Any CPU
		{A213B57C-8765-48C6-9A01-B2C7B0A1338E}.Ad-Hoc|Any CPU.ActiveCfg = Ad-Hoc|iPhone
		{A213B57C-8765-48C6-9A01-B2C7B0A1338E}.Ad-Hoc|ARM.ActiveCfg = Ad-Hoc|iPhone
		{A213B57C-8765-48C6-9A01-B2C7B0A1338E}.Ad-Hoc|iPhone.ActiveCfg = Ad-Hoc|iPhone
		{A213B57C-8765-48C6-9A01-B2C7B0A1338E}.Ad-Hoc|iPhone.Build.0 = Ad-Hoc|iPhone
		{A213B57C-8765-48C6-9A01-B2C7B0A1338E}.Ad-Hoc|iPhoneSimulator.ActiveCfg = Ad-Hoc|iPhoneSimulator
		{A213B57C-8765-48C6-9A01-B2C7B0A1338E}.Ad-Hoc|iPhoneSimulator.Build.0 = Ad-Hoc|iPhoneSimulator
		{A213B57C-8765-48C6-9A01-B2C7B0A1338E}.Ad-Hoc|x64.ActiveCfg = Ad-Hoc|iPhone
		{A213B57C-8765-48C6-9A01-B2C7B0A1338E}.Ad-Hoc|x86.ActiveCfg = Ad-Hoc|iPhone
		{A213B57C-8765-48C6-9A01-B2C7B0A1338E}.AppStore|Any CPU.ActiveCfg = AppStore|iPhone
		{A213B57C-8765-48C6-9A01-B2C7B0A1338E}.AppStore|ARM.ActiveCfg = AppStore|iPhone
		{A213B57C-8765-48C6-9A01-B2C7B0A1338E}.AppStore|iPhone.ActiveCfg = AppStore|iPhone
		{A213B57C-8765-48C6-9A01-B2C7B0A1338E}.AppStore|iPhone.Build.0 = AppStore|iPhone
		{A213B57C-8765-48C6-9A01-B2C7B0A1338E}.AppStore|iPhoneSimulator.ActiveCfg = AppStore|iPhoneSimulator
		{A213B57C-8765-48C6-9A01-B2C7B0A1338E}.AppStore|iPhoneSimulator.Build.0 = AppStore|iPhoneSimulator
		{A213B57C-8765-48C6-9A01-B2C7B0A1338E}.AppStore|x64.ActiveCfg = AppStore|iPhone
		{A213B57C-8765-48C6-9A01-B2C7B0A1338E}.AppStore|x86.ActiveCfg = AppStore|iPhone
		{A213B57C-8765-48C6-9A01-B2C7B0A1338E}.Debug|Any CPU.ActiveCfg = Debug|iPhone
		{A213B57C-8765-48C6-9A01-B2C7B0A1338E}.Debug|ARM.ActiveCfg = Debug|iPhone
		{A213B57C-8765-48C6-9A01-B2C7B0A1338E}.Debug|iPhone.ActiveCfg = Debug|iPhone
		{A213B57C-8765-48C6-9A01-B2C7B0A1338E}.Debug|iPhone.Build.0 = Debug|iPhone
		{A213B57C-8765-48C6-9A01-B2C7B0A1338E}.Debug|iPhoneSimulator.ActiveCfg = Debug|iPhoneSimulator
		{A213B57C-8765-48C6-9A01-B2C7B0A1338E}.Debug|iPhoneSimulator.Build.0 = Debug|iPhoneSimulator
		{A213B57C-8765-48C6-9A01-B2C7B0A1338E}.Debug|x64.ActiveCfg = Debug|iPhone
		{A213B57C-8765-48C6-9A01-B2C7B0A1338E}.Debug|x86.ActiveCfg = Debug|iPhone
		{A213B57C-8765-48C6-9A01-B2C7B0A1338E}.Release|Any CPU.ActiveCfg = Release|iPhone
		{A213B57C-8765-48C6-9A01-B2C7B0A1338E}.Release|Any CPU.Build.0 = Release|iPhone
		{A213B57C-8765-48C6-9A01-B2C7B0A1338E}.Release|ARM.ActiveCfg = Release|iPhone
		{A213B57C-8765-48C6-9A01-B2C7B0A1338E}.Release|iPhone.ActiveCfg = Release|iPhone
		{A213B57C-8765-48C6-9A01-B2C7B0A1338E}.Release|iPhone.Build.0 = Release|iPhone
		{A213B57C-8765-48C6-9A01-B2C7B0A1338E}.Release|iPhoneSimulator.ActiveCfg = Release|iPhoneSimulator
		{A213B57C-8765-48C6-9A01-B2C7B0A1338E}.Release|iPhoneSimulator.Build.0 = Release|iPhoneSimulator
		{A213B57C-8765-48C6-9A01-B2C7B0A1338E}.Release|x64.ActiveCfg = Release|iPhone
		{A213B57C-8765-48C6-9A01-B2C7B0A1338E}.Release|x86.ActiveCfg = Release|iPhone
		{E7D7F55B-F9BC-4C69-AA3C-6A4172096D77}.Ad-Hoc|Any CPU.ActiveCfg = Release|x86
		{E7D7F55B-F9BC-4C69-AA3C-6A4172096D77}.Ad-Hoc|Any CPU.Build.0 = Release|x86
		{E7D7F55B-F9BC-4C69-AA3C-6A4172096D77}.Ad-Hoc|Any CPU.Deploy.0 = Release|x86
		{E7D7F55B-F9BC-4C69-AA3C-6A4172096D77}.Ad-Hoc|ARM.ActiveCfg = Release|ARM
		{E7D7F55B-F9BC-4C69-AA3C-6A4172096D77}.Ad-Hoc|ARM.Build.0 = Release|ARM
		{E7D7F55B-F9BC-4C69-AA3C-6A4172096D77}.Ad-Hoc|ARM.Deploy.0 = Release|ARM
		{E7D7F55B-F9BC-4C69-AA3C-6A4172096D77}.Ad-Hoc|iPhone.ActiveCfg = Release|x86
		{E7D7F55B-F9BC-4C69-AA3C-6A4172096D77}.Ad-Hoc|iPhone.Build.0 = Release|x86
		{E7D7F55B-F9BC-4C69-AA3C-6A4172096D77}.Ad-Hoc|iPhone.Deploy.0 = Release|x86
		{E7D7F55B-F9BC-4C69-AA3C-6A4172096D77}.Ad-Hoc|iPhoneSimulator.ActiveCfg = Release|x86
		{E7D7F55B-F9BC-4C69-AA3C-6A4172096D77}.Ad-Hoc|iPhoneSimulator.Build.0 = Release|x86
		{E7D7F55B-F9BC-4C69-AA3C-6A4172096D77}.Ad-Hoc|iPhoneSimulator.Deploy.0 = Release|x86
		{E7D7F55B-F9BC-4C69-AA3C-6A4172096D77}.Ad-Hoc|x64.ActiveCfg = Release|x64
		{E7D7F55B-F9BC-4C69-AA3C-6A4172096D77}.Ad-Hoc|x64.Build.0 = Release|x64
		{E7D7F55B-F9BC-4C69-AA3C-6A4172096D77}.Ad-Hoc|x64.Deploy.0 = Release|x64
		{E7D7F55B-F9BC-4C69-AA3C-6A4172096D77}.Ad-Hoc|x86.ActiveCfg = Release|x86
		{E7D7F55B-F9BC-4C69-AA3C-6A4172096D77}.Ad-Hoc|x86.Build.0 = Release|x86
		{E7D7F55B-F9BC-4C69-AA3C-6A4172096D77}.Ad-Hoc|x86.Deploy.0 = Release|x86
		{E7D7F55B-F9BC-4C69-AA3C-6A4172096D77}.AppStore|Any CPU.ActiveCfg = Release|x86
		{E7D7F55B-F9BC-4C69-AA3C-6A4172096D77}.AppStore|Any CPU.Build.0 = Release|x86
		{E7D7F55B-F9BC-4C69-AA3C-6A4172096D77}.AppStore|Any CPU.Deploy.0 = Release|x86
		{E7D7F55B-F9BC-4C69-AA3C-6A4172096D77}.AppStore|ARM.ActiveCfg = Release|ARM
		{E7D7F55B-F9BC-4C69-AA3C-6A4172096D77}.AppStore|ARM.Build.0 = Release|ARM
		{E7D7F55B-F9BC-4C69-AA3C-6A4172096D77}.AppStore|ARM.Deploy.0 = Release|ARM
		{E7D7F55B-F9BC-4C69-AA3C-6A4172096D77}.AppStore|iPhone.ActiveCfg = Release|x86
		{E7D7F55B-F9BC-4C69-AA3C-6A4172096D77}.AppStore|iPhone.Build.0 = Release|x86
		{E7D7F55B-F9BC-4C69-AA3C-6A4172096D77}.AppStore|iPhone.Deploy.0 = Release|x86
		{E7D7F55B-F9BC-4C69-AA3C-6A4172096D77}.AppStore|iPhoneSimulator.ActiveCfg = Release|x86
		{E7D7F55B-F9BC-4C69-AA3C-6A4172096D77}.AppStore|iPhoneSimulator.Build.0 = Release|x86
		{E7D7F55B-F9BC-4C69-AA3C-6A4172096D77}.AppStore|iPhoneSimulator.Deploy.0 = Release|x86
		{E7D7F55B-F9BC-4C69-AA3C-6A4172096D77}.AppStore|x64.ActiveCfg = Release|x64
		{E7D7F55B-F9BC-4C69-AA3C-6A4172096D77}.AppStore|x64.Build.0 = Release|x64
		{E7D7F55B-F9BC-4C69-AA3C-6A4172096D77}.AppStore|x64.Deploy.0 = Release|x64
		{E7D7F55B-F9BC-4C69-AA3C-6A4172096D77}.AppStore|x86.ActiveCfg = Release|x86
		{E7D7F55B-F9BC-4C69-AA3C-6A4172096D77}.AppStore|x86.Build.0 = Release|x86
		{E7D7F55B-F9BC-4C69-AA3C-6A4172096D77}.AppStore|x86.Deploy.0 = Release|x86
		{E7D7F55B-F9BC-4C69-AA3C-6A4172096D77}.Debug|Any CPU.ActiveCfg = Debug|x86
		{E7D7F55B-F9BC-4C69-AA3C-6A4172096D77}.Debug|Any CPU.Build.0 = Debug|x86
		{E7D7F55B-F9BC-4C69-AA3C-6A4172096D77}.Debug|Any CPU.Deploy.0 = Debug|x86
		{E7D7F55B-F9BC-4C69-AA3C-6A4172096D77}.Debug|ARM.ActiveCfg = Debug|ARM
		{E7D7F55B-F9BC-4C69-AA3C-6A4172096D77}.Debug|ARM.Build.0 = Debug|ARM
		{E7D7F55B-F9BC-4C69-AA3C-6A4172096D77}.Debug|ARM.Deploy.0 = Debug|ARM
		{E7D7F55B-F9BC-4C69-AA3C-6A4172096D77}.Debug|iPhone.ActiveCfg = Debug|x86
		{E7D7F55B-F9BC-4C69-AA3C-6A4172096D77}.Debug|iPhoneSimulator.ActiveCfg = Debug|x86
		{E7D7F55B-F9BC-4C69-AA3C-6A4172096D77}.Debug|x64.ActiveCfg = Debug|x64
		{E7D7F55B-F9BC-4C69-AA3C-6A4172096D77}.Debug|x64.Build.0 = Debug|x64
		{E7D7F55B-F9BC-4C69-AA3C-6A4172096D77}.Debug|x64.Deploy.0 = Debug|x64
		{E7D7F55B-F9BC-4C69-AA3C-6A4172096D77}.Debug|x86.ActiveCfg = Debug|x86
		{E7D7F55B-F9BC-4C69-AA3C-6A4172096D77}.Debug|x86.Build.0 = Debug|x86
		{E7D7F55B-F9BC-4C69-AA3C-6A4172096D77}.Debug|x86.Deploy.0 = Debug|x86
		{E7D7F55B-F9BC-4C69-AA3C-6A4172096D77}.Release|Any CPU.ActiveCfg = Release|x86
		{E7D7F55B-F9BC-4C69-AA3C-6A4172096D77}.Release|Any CPU.Build.0 = Release|x86
		{E7D7F55B-F9BC-4C69-AA3C-6A4172096D77}.Release|Any CPU.Deploy.0 = Release|x86
		{E7D7F55B-F9BC-4C69-AA3C-6A4172096D77}.Release|ARM.ActiveCfg = Release|ARM
		{E7D7F55B-F9BC-4C69-AA3C-6A4172096D77}.Release|ARM.Build.0 = Release|ARM
		{E7D7F55B-F9BC-4C69-AA3C-6A4172096D77}.Release|ARM.Deploy.0 = Release|ARM
		{E7D7F55B-F9BC-4C69-AA3C-6A4172096D77}.Release|iPhone.ActiveCfg = Release|x86
		{E7D7F55B-F9BC-4C69-AA3C-6A4172096D77}.Release|iPhone.Build.0 = Release|x86
		{E7D7F55B-F9BC-4C69-AA3C-6A4172096D77}.Release|iPhone.Deploy.0 = Release|x86
		{E7D7F55B-F9BC-4C69-AA3C-6A4172096D77}.Release|iPhoneSimulator.ActiveCfg = Release|x86
		{E7D7F55B-F9BC-4C69-AA3C-6A4172096D77}.Release|x64.ActiveCfg = Release|x64
		{E7D7F55B-F9BC-4C69-AA3C-6A4172096D77}.Release|x64.Build.0 = Release|x64
		{E7D7F55B-F9BC-4C69-AA3C-6A4172096D77}.Release|x64.Deploy.0 = Release|x64
		{E7D7F55B-F9BC-4C69-AA3C-6A4172096D77}.Release|x86.ActiveCfg = Release|x86
		{E7D7F55B-F9BC-4C69-AA3C-6A4172096D77}.Release|x86.Build.0 = Release|x86
		{E7D7F55B-F9BC-4C69-AA3C-6A4172096D77}.Release|x86.Deploy.0 = Release|x86
		{90E5BA70-1058-49B4-84FE-41FB714ED073}.Ad-Hoc|Any CPU.ActiveCfg = Release|Any CPU
		{90E5BA70-1058-49B4-84FE-41FB714ED073}.Ad-Hoc|Any CPU.Build.0 = Release|Any CPU
		{90E5BA70-1058-49B4-84FE-41FB714ED073}.Ad-Hoc|ARM.ActiveCfg = Release|Any CPU
		{90E5BA70-1058-49B4-84FE-41FB714ED073}.Ad-Hoc|ARM.Build.0 = Release|Any CPU
		{90E5BA70-1058-49B4-84FE-41FB714ED073}.Ad-Hoc|iPhone.ActiveCfg = Release|Any CPU
		{90E5BA70-1058-49B4-84FE-41FB714ED073}.Ad-Hoc|iPhone.Build.0 = Release|Any CPU
		{90E5BA70-1058-49B4-84FE-41FB714ED073}.Ad-Hoc|iPhoneSimulator.ActiveCfg = Release|Any CPU
		{90E5BA70-1058-49B4-84FE-41FB714ED073}.Ad-Hoc|iPhoneSimulator.Build.0 = Release|Any CPU
		{90E5BA70-1058-49B4-84FE-41FB714ED073}.Ad-Hoc|x64.ActiveCfg = Release|Any CPU
		{90E5BA70-1058-49B4-84FE-41FB714ED073}.Ad-Hoc|x64.Build.0 = Release|Any CPU
		{90E5BA70-1058-49B4-84FE-41FB714ED073}.Ad-Hoc|x86.ActiveCfg = Release|Any CPU
		{90E5BA70-1058-49B4-84FE-41FB714ED073}.Ad-Hoc|x86.Build.0 = Release|Any CPU
		{90E5BA70-1058-49B4-84FE-41FB714ED073}.AppStore|Any CPU.ActiveCfg = Release|Any CPU
		{90E5BA70-1058-49B4-84FE-41FB714ED073}.AppStore|Any CPU.Build.0 = Release|Any CPU
		{90E5BA70-1058-49B4-84FE-41FB714ED073}.AppStore|ARM.ActiveCfg = Release|Any CPU
		{90E5BA70-1058-49B4-84FE-41FB714ED073}.AppStore|ARM.Build.0 = Release|Any CPU
		{90E5BA70-1058-49B4-84FE-41FB714ED073}.AppStore|iPhone.ActiveCfg = Release|Any CPU
		{90E5BA70-1058-49B4-84FE-41FB714ED073}.AppStore|iPhone.Build.0 = Release|Any CPU
		{90E5BA70-1058-49B4-84FE-41FB714ED073}.AppStore|iPhoneSimulator.ActiveCfg = Release|Any CPU
		{90E5BA70-1058-49B4-84FE-41FB714ED073}.AppStore|iPhoneSimulator.Build.0 = Release|Any CPU
		{90E5BA70-1058-49B4-84FE-41FB714ED073}.AppStore|x64.ActiveCfg = Release|Any CPU
		{90E5BA70-1058-49B4-84FE-41FB714ED073}.AppStore|x64.Build.0 = Release|Any CPU
		{90E5BA70-1058-49B4-84FE-41FB714ED073}.AppStore|x86.ActiveCfg = Release|Any CPU
		{90E5BA70-1058-49B4-84FE-41FB714ED073}.AppStore|x86.Build.0 = Release|Any CPU
		{90E5BA70-1058-49B4-84FE-41FB714ED073}.Debug|Any CPU.ActiveCfg = Debug|Any CPU
		{90E5BA70-1058-49B4-84FE-41FB714ED073}.Debug|Any CPU.Build.0 = Debug|Any CPU
		{90E5BA70-1058-49B4-84FE-41FB714ED073}.Debug|ARM.ActiveCfg = Debug|Any CPU
		{90E5BA70-1058-49B4-84FE-41FB714ED073}.Debug|ARM.Build.0 = Debug|Any CPU
		{90E5BA70-1058-49B4-84FE-41FB714ED073}.Debug|iPhone.ActiveCfg = Debug|Any CPU
		{90E5BA70-1058-49B4-84FE-41FB714ED073}.Debug|iPhone.Build.0 = Debug|Any CPU
		{90E5BA70-1058-49B4-84FE-41FB714ED073}.Debug|iPhoneSimulator.ActiveCfg = Debug|Any CPU
		{90E5BA70-1058-49B4-84FE-41FB714ED073}.Debug|iPhoneSimulator.Build.0 = Debug|Any CPU
		{90E5BA70-1058-49B4-84FE-41FB714ED073}.Debug|x64.ActiveCfg = Debug|Any CPU
		{90E5BA70-1058-49B4-84FE-41FB714ED073}.Debug|x64.Build.0 = Debug|Any CPU
		{90E5BA70-1058-49B4-84FE-41FB714ED073}.Debug|x86.ActiveCfg = Debug|Any CPU
		{90E5BA70-1058-49B4-84FE-41FB714ED073}.Debug|x86.Build.0 = Debug|Any CPU
		{90E5BA70-1058-49B4-84FE-41FB714ED073}.Release|Any CPU.ActiveCfg = Release|Any CPU
		{90E5BA70-1058-49B4-84FE-41FB714ED073}.Release|Any CPU.Build.0 = Release|Any CPU
		{90E5BA70-1058-49B4-84FE-41FB714ED073}.Release|ARM.ActiveCfg = Release|Any CPU
		{90E5BA70-1058-49B4-84FE-41FB714ED073}.Release|ARM.Build.0 = Release|Any CPU
		{90E5BA70-1058-49B4-84FE-41FB714ED073}.Release|iPhone.ActiveCfg = Release|Any CPU
		{90E5BA70-1058-49B4-84FE-41FB714ED073}.Release|iPhone.Build.0 = Release|Any CPU
		{90E5BA70-1058-49B4-84FE-41FB714ED073}.Release|iPhoneSimulator.ActiveCfg = Release|Any CPU
		{90E5BA70-1058-49B4-84FE-41FB714ED073}.Release|iPhoneSimulator.Build.0 = Release|Any CPU
		{90E5BA70-1058-49B4-84FE-41FB714ED073}.Release|x64.ActiveCfg = Release|Any CPU
		{90E5BA70-1058-49B4-84FE-41FB714ED073}.Release|x64.Build.0 = Release|Any CPU
		{90E5BA70-1058-49B4-84FE-41FB714ED073}.Release|x86.ActiveCfg = Release|Any CPU
		{90E5BA70-1058-49B4-84FE-41FB714ED073}.Release|x86.Build.0 = Release|Any CPU
	EndGlobalSection
	GlobalSection(SolutionProperties) = preSolution
		HideSolutionNode = FALSE
	EndGlobalSection
EndGlobal
