
Microsoft Visual Studio Solution File, Format Version 12.00
# Visual Studio 15
VisualStudioVersion = 15.0.26430.6
MinimumVisualStudioVersion = 10.0.40219.1
Project("{FAE04EC0-301F-11D3-BF4B-00C04F79EFBC}") = "XamNatMVVMCross.Droid", "XamNatMVVMCross\XamNatMVVMCross.Droid\XamNatMVVMCross.Droid.csproj", "{C7FEF79F-470B-4CC2-96F1-A358E369FB21}"
EndProject
Project("{FAE04EC0-301F-11D3-BF4B-00C04F79EFBC}") = "XamNatMVVMCross.iOS", "XamNatMVVMCross\XamNatMVVMCross.iOS\XamNatMVVMCross.iOS.csproj", "{4378E6E1-6400-4D07-9EEC-FFC2DA27D769}"
EndProject
Project("{FAE04EC0-301F-11D3-BF4B-00C04F79EFBC}") = "XamNatMVVMCross", "XamNatMVVMCross\XamNatMVVMCross\XamNatMVVMCross.csproj", "{43C475E5-9C77-4266-993A-E9E101F24678}"
EndProject
Project("{FAE04EC0-301F-11D3-BF4B-00C04F79EFBC}") = "XamNatMVVMCross.UWP", "XamNatMVVMCross.UWP\XamNatMVVMCross.UWP.csproj", "{DE30AE5B-81DB-4326-82FD-0695F0214FC4}"
EndProject
Global
	GlobalSection(SolutionConfigurationPlatforms) = preSolution
		Debug|Any CPU = Debug|Any CPU
		Debug|ARM = Debug|ARM
		Debug|iPhone = Debug|iPhone
		Debug|iPhoneSimulator = Debug|iPhoneSimulator
		Debug|x64 = Debug|x64
		Debug|x86 = Debug|x86
		Release|Any CPU = Release|Any CPU
		Release|ARM = Release|ARM
		Release|iPhone = Release|iPhone
		Release|iPhoneSimulator = Release|iPhoneSimulator
		Release|x64 = Release|x64
		Release|x86 = Release|x86
	EndGlobalSection
	GlobalSection(ProjectConfigurationPlatforms) = postSolution
		{C7FEF79F-470B-4CC2-96F1-A358E369FB21}.Debug|Any CPU.ActiveCfg = Debug|Any CPU
		{C7FEF79F-470B-4CC2-96F1-A358E369FB21}.Debug|Any CPU.Build.0 = Debug|Any CPU
		{C7FEF79F-470B-4CC2-96F1-A358E369FB21}.Debug|Any CPU.Deploy.0 = Debug|Any CPU
		{C7FEF79F-470B-4CC2-96F1-A358E369FB21}.Debug|ARM.ActiveCfg = Debug|Any CPU
		{C7FEF79F-470B-4CC2-96F1-A358E369FB21}.Debug|ARM.Build.0 = Debug|Any CPU
		{C7FEF79F-470B-4CC2-96F1-A358E369FB21}.Debug|ARM.Deploy.0 = Debug|Any CPU
		{C7FEF79F-470B-4CC2-96F1-A358E369FB21}.Debug|iPhone.ActiveCfg = Debug|Any CPU
		{C7FEF79F-470B-4CC2-96F1-A358E369FB21}.Debug|iPhone.Build.0 = Debug|Any CPU
		{C7FEF79F-470B-4CC2-96F1-A358E369FB21}.Debug|iPhone.Deploy.0 = Debug|Any CPU
		{C7FEF79F-470B-4CC2-96F1-A358E369FB21}.Debug|iPhoneSimulator.ActiveCfg = Debug|Any CPU
		{C7FEF79F-470B-4CC2-96F1-A358E369FB21}.Debug|iPhoneSimulator.Build.0 = Debug|Any CPU
		{C7FEF79F-470B-4CC2-96F1-A358E369FB21}.Debug|iPhoneSimulator.Deploy.0 = Debug|Any CPU
		{C7FEF79F-470B-4CC2-96F1-A358E369FB21}.Debug|x64.ActiveCfg = Debug|Any CPU
		{C7FEF79F-470B-4CC2-96F1-A358E369FB21}.Debug|x64.Build.0 = Debug|Any CPU
		{C7FEF79F-470B-4CC2-96F1-A358E369FB21}.Debug|x64.Deploy.0 = Debug|Any CPU
		{C7FEF79F-470B-4CC2-96F1-A358E369FB21}.Debug|x86.ActiveCfg = Debug|Any CPU
		{C7FEF79F-470B-4CC2-96F1-A358E369FB21}.Debug|x86.Build.0 = Debug|Any CPU
		{C7FEF79F-470B-4CC2-96F1-A358E369FB21}.Debug|x86.Deploy.0 = Debug|Any CPU
		{C7FEF79F-470B-4CC2-96F1-A358E369FB21}.Release|Any CPU.ActiveCfg = Release|Any CPU
		{C7FEF79F-470B-4CC2-96F1-A358E369FB21}.Release|Any CPU.Build.0 = Release|Any CPU
		{C7FEF79F-470B-4CC2-96F1-A358E369FB21}.Release|Any CPU.Deploy.0 = Release|Any CPU
		{C7FEF79F-470B-4CC2-96F1-A358E369FB21}.Release|ARM.ActiveCfg = Release|Any CPU
		{C7FEF79F-470B-4CC2-96F1-A358E369FB21}.Release|ARM.Build.0 = Release|Any CPU
		{C7FEF79F-470B-4CC2-96F1-A358E369FB21}.Release|ARM.Deploy.0 = Release|Any CPU
		{C7FEF79F-470B-4CC2-96F1-A358E369FB21}.Release|iPhone.ActiveCfg = Release|Any CPU
		{C7FEF79F-470B-4CC2-96F1-A358E369FB21}.Release|iPhone.Build.0 = Release|Any CPU
		{C7FEF79F-470B-4CC2-96F1-A358E369FB21}.Release|iPhone.Deploy.0 = Release|Any CPU
		{C7FEF79F-470B-4CC2-96F1-A358E369FB21}.Release|iPhoneSimulator.ActiveCfg = Release|Any CPU
		{C7FEF79F-470B-4CC2-96F1-A358E369FB21}.Release|iPhoneSimulator.Build.0 = Release|Any CPU
		{C7FEF79F-470B-4CC2-96F1-A358E369FB21}.Release|iPhoneSimulator.Deploy.0 = Release|Any CPU
		{C7FEF79F-470B-4CC2-96F1-A358E369FB21}.Release|x64.ActiveCfg = Release|Any CPU
		{C7FEF79F-470B-4CC2-96F1-A358E369FB21}.Release|x64.Build.0 = Release|Any CPU
		{C7FEF79F-470B-4CC2-96F1-A358E369FB21}.Release|x64.Deploy.0 = Release|Any CPU
		{C7FEF79F-470B-4CC2-96F1-A358E369FB21}.Release|x86.ActiveCfg = Release|Any CPU
		{C7FEF79F-470B-4CC2-96F1-A358E369FB21}.Release|x86.Build.0 = Release|Any CPU
		{C7FEF79F-470B-4CC2-96F1-A358E369FB21}.Release|x86.Deploy.0 = Release|Any CPU
		{4378E6E1-6400-4D07-9EEC-FFC2DA27D769}.Debug|Any CPU.ActiveCfg = Debug|iPhone
		{4378E6E1-6400-4D07-9EEC-FFC2DA27D769}.Debug|ARM.ActiveCfg = Debug|iPhone
		{4378E6E1-6400-4D07-9EEC-FFC2DA27D769}.Debug|iPhone.ActiveCfg = Debug|iPhone
		{4378E6E1-6400-4D07-9EEC-FFC2DA27D769}.Debug|iPhone.Build.0 = Debug|iPhone
		{4378E6E1-6400-4D07-9EEC-FFC2DA27D769}.Debug|iPhoneSimulator.ActiveCfg = Debug|iPhoneSimulator
		{4378E6E1-6400-4D07-9EEC-FFC2DA27D769}.Debug|iPhoneSimulator.Build.0 = Debug|iPhoneSimulator
		{4378E6E1-6400-4D07-9EEC-FFC2DA27D769}.Debug|x64.ActiveCfg = Debug|iPhone
		{4378E6E1-6400-4D07-9EEC-FFC2DA27D769}.Debug|x86.ActiveCfg = Debug|iPhone
		{4378E6E1-6400-4D07-9EEC-FFC2DA27D769}.Release|Any CPU.ActiveCfg = Release|iPhone
		{4378E6E1-6400-4D07-9EEC-FFC2DA27D769}.Release|Any CPU.Build.0 = Release|iPhone
		{4378E6E1-6400-4D07-9EEC-FFC2DA27D769}.Release|ARM.ActiveCfg = Release|iPhone
		{4378E6E1-6400-4D07-9EEC-FFC2DA27D769}.Release|iPhone.ActiveCfg = Release|iPhone
		{4378E6E1-6400-4D07-9EEC-FFC2DA27D769}.Release|iPhone.Build.0 = Release|iPhone
		{4378E6E1-6400-4D07-9EEC-FFC2DA27D769}.Release|iPhoneSimulator.ActiveCfg = Release|iPhoneSimulator
		{4378E6E1-6400-4D07-9EEC-FFC2DA27D769}.Release|iPhoneSimulator.Build.0 = Release|iPhoneSimulator
		{4378E6E1-6400-4D07-9EEC-FFC2DA27D769}.Release|x64.ActiveCfg = Release|iPhone
		{4378E6E1-6400-4D07-9EEC-FFC2DA27D769}.Release|x86.ActiveCfg = Release|iPhone
		{43C475E5-9C77-4266-993A-E9E101F24678}.Debug|Any CPU.ActiveCfg = Debug|Any CPU
		{43C475E5-9C77-4266-993A-E9E101F24678}.Debug|Any CPU.Build.0 = Debug|Any CPU
		{43C475E5-9C77-4266-993A-E9E101F24678}.Debug|ARM.ActiveCfg = Debug|Any CPU
		{43C475E5-9C77-4266-993A-E9E101F24678}.Debug|ARM.Build.0 = Debug|Any CPU
		{43C475E5-9C77-4266-993A-E9E101F24678}.Debug|iPhone.ActiveCfg = Debug|Any CPU
		{43C475E5-9C77-4266-993A-E9E101F24678}.Debug|iPhone.Build.0 = Debug|Any CPU
		{43C475E5-9C77-4266-993A-E9E101F24678}.Debug|iPhoneSimulator.ActiveCfg = Debug|Any CPU
		{43C475E5-9C77-4266-993A-E9E101F24678}.Debug|iPhoneSimulator.Build.0 = Debug|Any CPU
		{43C475E5-9C77-4266-993A-E9E101F24678}.Debug|x64.ActiveCfg = Debug|Any CPU
		{43C475E5-9C77-4266-993A-E9E101F24678}.Debug|x64.Build.0 = Debug|Any CPU
		{43C475E5-9C77-4266-993A-E9E101F24678}.Debug|x86.ActiveCfg = Debug|Any CPU
		{43C475E5-9C77-4266-993A-E9E101F24678}.Debug|x86.Build.0 = Debug|Any CPU
		{43C475E5-9C77-4266-993A-E9E101F24678}.Release|Any CPU.ActiveCfg = Release|Any CPU
		{43C475E5-9C77-4266-993A-E9E101F24678}.Release|Any CPU.Build.0 = Release|Any CPU
		{43C475E5-9C77-4266-993A-E9E101F24678}.Release|ARM.ActiveCfg = Release|Any CPU
		{43C475E5-9C77-4266-993A-E9E101F24678}.Release|ARM.Build.0 = Release|Any CPU
		{43C475E5-9C77-4266-993A-E9E101F24678}.Release|iPhone.ActiveCfg = Release|Any CPU
		{43C475E5-9C77-4266-993A-E9E101F24678}.Release|iPhone.Build.0 = Release|Any CPU
		{43C475E5-9C77-4266-993A-E9E101F24678}.Release|iPhoneSimulator.ActiveCfg = Release|Any CPU
		{43C475E5-9C77-4266-993A-E9E101F24678}.Release|iPhoneSimulator.Build.0 = Release|Any CPU
		{43C475E5-9C77-4266-993A-E9E101F24678}.Release|x64.ActiveCfg = Release|Any CPU
		{43C475E5-9C77-4266-993A-E9E101F24678}.Release|x64.Build.0 = Release|Any CPU
		{43C475E5-9C77-4266-993A-E9E101F24678}.Release|x86.ActiveCfg = Release|Any CPU
		{43C475E5-9C77-4266-993A-E9E101F24678}.Release|x86.Build.0 = Release|Any CPU
		{DE30AE5B-81DB-4326-82FD-0695F0214FC4}.Debug|Any CPU.ActiveCfg = Debug|x86
		{DE30AE5B-81DB-4326-82FD-0695F0214FC4}.Debug|Any CPU.Build.0 = Debug|x86
		{DE30AE5B-81DB-4326-82FD-0695F0214FC4}.Debug|Any CPU.Deploy.0 = Debug|x86
		{DE30AE5B-81DB-4326-82FD-0695F0214FC4}.Debug|ARM.ActiveCfg = Debug|ARM
		{DE30AE5B-81DB-4326-82FD-0695F0214FC4}.Debug|ARM.Build.0 = Debug|ARM
		{DE30AE5B-81DB-4326-82FD-0695F0214FC4}.Debug|ARM.Deploy.0 = Debug|ARM
		{DE30AE5B-81DB-4326-82FD-0695F0214FC4}.Debug|iPhone.ActiveCfg = Debug|x86
		{DE30AE5B-81DB-4326-82FD-0695F0214FC4}.Debug|iPhoneSimulator.ActiveCfg = Debug|x86
		{DE30AE5B-81DB-4326-82FD-0695F0214FC4}.Debug|x64.ActiveCfg = Debug|x64
		{DE30AE5B-81DB-4326-82FD-0695F0214FC4}.Debug|x64.Build.0 = Debug|x64
		{DE30AE5B-81DB-4326-82FD-0695F0214FC4}.Debug|x64.Deploy.0 = Debug|x64
		{DE30AE5B-81DB-4326-82FD-0695F0214FC4}.Debug|x86.ActiveCfg = Debug|x86
		{DE30AE5B-81DB-4326-82FD-0695F0214FC4}.Debug|x86.Build.0 = Debug|x86
		{DE30AE5B-81DB-4326-82FD-0695F0214FC4}.Debug|x86.Deploy.0 = Debug|x86
		{DE30AE5B-81DB-4326-82FD-0695F0214FC4}.Release|Any CPU.ActiveCfg = Release|x86
		{DE30AE5B-81DB-4326-82FD-0695F0214FC4}.Release|Any CPU.Build.0 = Release|x86
		{DE30AE5B-81DB-4326-82FD-0695F0214FC4}.Release|Any CPU.Deploy.0 = Release|x86
		{DE30AE5B-81DB-4326-82FD-0695F0214FC4}.Release|ARM.ActiveCfg = Release|ARM
		{DE30AE5B-81DB-4326-82FD-0695F0214FC4}.Release|ARM.Build.0 = Release|ARM
		{DE30AE5B-81DB-4326-82FD-0695F0214FC4}.Release|ARM.Deploy.0 = Release|ARM
		{DE30AE5B-81DB-4326-82FD-0695F0214FC4}.Release|iPhone.ActiveCfg = Release|x86
		{DE30AE5B-81DB-4326-82FD-0695F0214FC4}.Release|iPhone.Build.0 = Release|x86
		{DE30AE5B-81DB-4326-82FD-0695F0214FC4}.Release|iPhone.Deploy.0 = Release|x86
		{DE30AE5B-81DB-4326-82FD-0695F0214FC4}.Release|iPhoneSimulator.ActiveCfg = Release|x86
		{DE30AE5B-81DB-4326-82FD-0695F0214FC4}.Release|x64.ActiveCfg = Release|x64
		{DE30AE5B-81DB-4326-82FD-0695F0214FC4}.Release|x64.Build.0 = Release|x64
		{DE30AE5B-81DB-4326-82FD-0695F0214FC4}.Release|x64.Deploy.0 = Release|x64
		{DE30AE5B-81DB-4326-82FD-0695F0214FC4}.Release|x86.ActiveCfg = Release|x86
		{DE30AE5B-81DB-4326-82FD-0695F0214FC4}.Release|x86.Build.0 = Release|x86
		{DE30AE5B-81DB-4326-82FD-0695F0214FC4}.Release|x86.Deploy.0 = Release|x86
	EndGlobalSection
	GlobalSection(SolutionProperties) = preSolution
		HideSolutionNode = FALSE
	EndGlobalSection
EndGlobal
