
Microsoft Visual Studio Solution File, Format Version 12.00
# Visual Studio 14
VisualStudioVersion = 14.0.25420.1
MinimumVisualStudioVersion = 10.0.40219.1
Project("{FAE04EC0-301F-11D3-BF4B-00C04F79EFBC}") = "Forms_PlatformCustomization.Droid", "Forms-PlatformCustomization\Forms_PlatformCustomization.Droid\Forms_PlatformCustomization.Droid.csproj", "{D445FCD3-8DA4-4B29-8983-DDCDF982E252}"
EndProject
Project("{FAE04EC0-301F-11D3-BF4B-00C04F79EFBC}") = "Forms_PlatformCustomization.iOS", "Forms-PlatformCustomization\Forms_PlatformCustomization.iOS\Forms_PlatformCustomization.iOS.csproj", "{6C60F255-DED7-4BBF-A5BE-70242F80D503}"
EndProject
Project("{FAE04EC0-301F-11D3-BF4B-00C04F79EFBC}") = "Forms_PlatformCustomization.UWP", "Forms-PlatformCustomization\Forms_PlatformCustomization.UWP\Forms_PlatformCustomization.UWP.csproj", "{DA637640-3BE5-4FE2-B802-E067AD97DFF3}"
EndProject
Project("{FAE04EC0-301F-11D3-BF4B-00C04F79EFBC}") = "Forms_PlatformCustomization", "Forms-PlatformCustomization\Forms_PlatformCustomization\Forms_PlatformCustomization.csproj", "{A5B5F8D4-9D53-4673-B259-F1FA9406959C}"
EndProject
Global
	GlobalSection(SolutionConfigurationPlatforms) = preSolution
		Ad-Hoc|Any CPU = Ad-Hoc|Any CPU
		Ad-Hoc|ARM = Ad-Hoc|ARM
		Ad-Hoc|iPhone = Ad-Hoc|iPhone
		Ad-Hoc|iPhoneSimulator = Ad-Hoc|iPhoneSimulator
		Ad-Hoc|x64 = Ad-Hoc|x64
		Ad-Hoc|x86 = Ad-Hoc|x86
		AppStore|Any CPU = AppStore|Any CPU
		AppStore|ARM = AppStore|ARM
		AppStore|iPhone = AppStore|iPhone
		AppStore|iPhoneSimulator = AppStore|iPhoneSimulator
		AppStore|x64 = AppStore|x64
		AppStore|x86 = AppStore|x86
		Debug|Any CPU = Debug|Any CPU
		Debug|ARM = Debug|ARM
		Debug|iPhone = Debug|iPhone
		Debug|iPhoneSimulator = Debug|iPhoneSimulator
		Debug|x64 = Debug|x64
		Debug|x86 = Debug|x86
		Release|Any CPU = Release|Any CPU
		Release|ARM = Release|ARM
		Release|iPhone = Release|iPhone
		Release|iPhoneSimulator = Release|iPhoneSimulator
		Release|x64 = Release|x64
		Release|x86 = Release|x86
	EndGlobalSection
	GlobalSection(ProjectConfigurationPlatforms) = postSolution
		{D445FCD3-8DA4-4B29-8983-DDCDF982E252}.Ad-Hoc|Any CPU.ActiveCfg = Release|Any CPU
		{D445FCD3-8DA4-4B29-8983-DDCDF982E252}.Ad-Hoc|Any CPU.Build.0 = Release|Any CPU
		{D445FCD3-8DA4-4B29-8983-DDCDF982E252}.Ad-Hoc|Any CPU.Deploy.0 = Release|Any CPU
		{D445FCD3-8DA4-4B29-8983-DDCDF982E252}.Ad-Hoc|ARM.ActiveCfg = Release|Any CPU
		{D445FCD3-8DA4-4B29-8983-DDCDF982E252}.Ad-Hoc|ARM.Build.0 = Release|Any CPU
		{D445FCD3-8DA4-4B29-8983-DDCDF982E252}.Ad-Hoc|ARM.Deploy.0 = Release|Any CPU
		{D445FCD3-8DA4-4B29-8983-DDCDF982E252}.Ad-Hoc|iPhone.ActiveCfg = Release|Any CPU
		{D445FCD3-8DA4-4B29-8983-DDCDF982E252}.Ad-Hoc|iPhone.Build.0 = Release|Any CPU
		{D445FCD3-8DA4-4B29-8983-DDCDF982E252}.Ad-Hoc|iPhone.Deploy.0 = Release|Any CPU
		{D445FCD3-8DA4-4B29-8983-DDCDF982E252}.Ad-Hoc|iPhoneSimulator.ActiveCfg = Release|Any CPU
		{D445FCD3-8DA4-4B29-8983-DDCDF982E252}.Ad-Hoc|iPhoneSimulator.Build.0 = Release|Any CPU
		{D445FCD3-8DA4-4B29-8983-DDCDF982E252}.Ad-Hoc|iPhoneSimulator.Deploy.0 = Release|Any CPU
		{D445FCD3-8DA4-4B29-8983-DDCDF982E252}.Ad-Hoc|x64.ActiveCfg = Release|Any CPU
		{D445FCD3-8DA4-4B29-8983-DDCDF982E252}.Ad-Hoc|x64.Build.0 = Release|Any CPU
		{D445FCD3-8DA4-4B29-8983-DDCDF982E252}.Ad-Hoc|x64.Deploy.0 = Release|Any CPU
		{D445FCD3-8DA4-4B29-8983-DDCDF982E252}.Ad-Hoc|x86.ActiveCfg = Release|Any CPU
		{D445FCD3-8DA4-4B29-8983-DDCDF982E252}.Ad-Hoc|x86.Build.0 = Release|Any CPU
		{D445FCD3-8DA4-4B29-8983-DDCDF982E252}.Ad-Hoc|x86.Deploy.0 = Release|Any CPU
		{D445FCD3-8DA4-4B29-8983-DDCDF982E252}.AppStore|Any CPU.ActiveCfg = Release|Any CPU
		{D445FCD3-8DA4-4B29-8983-DDCDF982E252}.AppStore|Any CPU.Build.0 = Release|Any CPU
		{D445FCD3-8DA4-4B29-8983-DDCDF982E252}.AppStore|Any CPU.Deploy.0 = Release|Any CPU
		{D445FCD3-8DA4-4B29-8983-DDCDF982E252}.AppStore|ARM.ActiveCfg = Release|Any CPU
		{D445FCD3-8DA4-4B29-8983-DDCDF982E252}.AppStore|ARM.Build.0 = Release|Any CPU
		{D445FCD3-8DA4-4B29-8983-DDCDF982E252}.AppStore|ARM.Deploy.0 = Release|Any CPU
		{D445FCD3-8DA4-4B29-8983-DDCDF982E252}.AppStore|iPhone.ActiveCfg = Release|Any CPU
		{D445FCD3-8DA4-4B29-8983-DDCDF982E252}.AppStore|iPhone.Build.0 = Release|Any CPU
		{D445FCD3-8DA4-4B29-8983-DDCDF982E252}.AppStore|iPhone.Deploy.0 = Release|Any CPU
		{D445FCD3-8DA4-4B29-8983-DDCDF982E252}.AppStore|iPhoneSimulator.ActiveCfg = Release|Any CPU
		{D445FCD3-8DA4-4B29-8983-DDCDF982E252}.AppStore|iPhoneSimulator.Build.0 = Release|Any CPU
		{D445FCD3-8DA4-4B29-8983-DDCDF982E252}.AppStore|iPhoneSimulator.Deploy.0 = Release|Any CPU
		{D445FCD3-8DA4-4B29-8983-DDCDF982E252}.AppStore|x64.ActiveCfg = Release|Any CPU
		{D445FCD3-8DA4-4B29-8983-DDCDF982E252}.AppStore|x64.Build.0 = Release|Any CPU
		{D445FCD3-8DA4-4B29-8983-DDCDF982E252}.AppStore|x64.Deploy.0 = Release|Any CPU
		{D445FCD3-8DA4-4B29-8983-DDCDF982E252}.AppStore|x86.ActiveCfg = Release|Any CPU
		{D445FCD3-8DA4-4B29-8983-DDCDF982E252}.AppStore|x86.Build.0 = Release|Any CPU
		{D445FCD3-8DA4-4B29-8983-DDCDF982E252}.AppStore|x86.Deploy.0 = Release|Any CPU
		{D445FCD3-8DA4-4B29-8983-DDCDF982E252}.Debug|Any CPU.ActiveCfg = Debug|Any CPU
		{D445FCD3-8DA4-4B29-8983-DDCDF982E252}.Debug|Any CPU.Build.0 = Debug|Any CPU
		{D445FCD3-8DA4-4B29-8983-DDCDF982E252}.Debug|Any CPU.Deploy.0 = Debug|Any CPU
		{D445FCD3-8DA4-4B29-8983-DDCDF982E252}.Debug|ARM.ActiveCfg = Debug|Any CPU
		{D445FCD3-8DA4-4B29-8983-DDCDF982E252}.Debug|ARM.Build.0 = Debug|Any CPU
		{D445FCD3-8DA4-4B29-8983-DDCDF982E252}.Debug|ARM.Deploy.0 = Debug|Any CPU
		{D445FCD3-8DA4-4B29-8983-DDCDF982E252}.Debug|iPhone.ActiveCfg = Debug|Any CPU
		{D445FCD3-8DA4-4B29-8983-DDCDF982E252}.Debug|iPhone.Build.0 = Debug|Any CPU
		{D445FCD3-8DA4-4B29-8983-DDCDF982E252}.Debug|iPhone.Deploy.0 = Debug|Any CPU
		{D445FCD3-8DA4-4B29-8983-DDCDF982E252}.Debug|iPhoneSimulator.ActiveCfg = Debug|Any CPU
		{D445FCD3-8DA4-4B29-8983-DDCDF982E252}.Debug|iPhoneSimulator.Build.0 = Debug|Any CPU
		{D445FCD3-8DA4-4B29-8983-DDCDF982E252}.Debug|iPhoneSimulator.Deploy.0 = Debug|Any CPU
		{D445FCD3-8DA4-4B29-8983-DDCDF982E252}.Debug|x64.ActiveCfg = Debug|Any CPU
		{D445FCD3-8DA4-4B29-8983-DDCDF982E252}.Debug|x64.Build.0 = Debug|Any CPU
		{D445FCD3-8DA4-4B29-8983-DDCDF982E252}.Debug|x64.Deploy.0 = Debug|Any CPU
		{D445FCD3-8DA4-4B29-8983-DDCDF982E252}.Debug|x86.ActiveCfg = Debug|Any CPU
		{D445FCD3-8DA4-4B29-8983-DDCDF982E252}.Debug|x86.Build.0 = Debug|Any CPU
		{D445FCD3-8DA4-4B29-8983-DDCDF982E252}.Debug|x86.Deploy.0 = Debug|Any CPU
		{D445FCD3-8DA4-4B29-8983-DDCDF982E252}.Release|Any CPU.ActiveCfg = Release|Any CPU
		{D445FCD3-8DA4-4B29-8983-DDCDF982E252}.Release|Any CPU.Build.0 = Release|Any CPU
		{D445FCD3-8DA4-4B29-8983-DDCDF982E252}.Release|Any CPU.Deploy.0 = Release|Any CPU
		{D445FCD3-8DA4-4B29-8983-DDCDF982E252}.Release|ARM.ActiveCfg = Release|Any CPU
		{D445FCD3-8DA4-4B29-8983-DDCDF982E252}.Release|ARM.Build.0 = Release|Any CPU
		{D445FCD3-8DA4-4B29-8983-DDCDF982E252}.Release|ARM.Deploy.0 = Release|Any CPU
		{D445FCD3-8DA4-4B29-8983-DDCDF982E252}.Release|iPhone.ActiveCfg = Release|Any CPU
		{D445FCD3-8DA4-4B29-8983-DDCDF982E252}.Release|iPhone.Build.0 = Release|Any CPU
		{D445FCD3-8DA4-4B29-8983-DDCDF982E252}.Release|iPhone.Deploy.0 = Release|Any CPU
		{D445FCD3-8DA4-4B29-8983-DDCDF982E252}.Release|iPhoneSimulator.ActiveCfg = Release|Any CPU
		{D445FCD3-8DA4-4B29-8983-DDCDF982E252}.Release|iPhoneSimulator.Build.0 = Release|Any CPU
		{D445FCD3-8DA4-4B29-8983-DDCDF982E252}.Release|iPhoneSimulator.Deploy.0 = Release|Any CPU
		{D445FCD3-8DA4-4B29-8983-DDCDF982E252}.Release|x64.ActiveCfg = Release|Any CPU
		{D445FCD3-8DA4-4B29-8983-DDCDF982E252}.Release|x64.Build.0 = Release|Any CPU
		{D445FCD3-8DA4-4B29-8983-DDCDF982E252}.Release|x64.Deploy.0 = Release|Any CPU
		{D445FCD3-8DA4-4B29-8983-DDCDF982E252}.Release|x86.ActiveCfg = Release|Any CPU
		{D445FCD3-8DA4-4B29-8983-DDCDF982E252}.Release|x86.Build.0 = Release|Any CPU
		{D445FCD3-8DA4-4B29-8983-DDCDF982E252}.Release|x86.Deploy.0 = Release|Any CPU
		{6C60F255-DED7-4BBF-A5BE-70242F80D503}.Ad-Hoc|Any CPU.ActiveCfg = Ad-Hoc|iPhone
		{6C60F255-DED7-4BBF-A5BE-70242F80D503}.Ad-Hoc|ARM.ActiveCfg = Ad-Hoc|iPhone
		{6C60F255-DED7-4BBF-A5BE-70242F80D503}.Ad-Hoc|iPhone.ActiveCfg = Ad-Hoc|iPhone
		{6C60F255-DED7-4BBF-A5BE-70242F80D503}.Ad-Hoc|iPhone.Build.0 = Ad-Hoc|iPhone
		{6C60F255-DED7-4BBF-A5BE-70242F80D503}.Ad-Hoc|iPhoneSimulator.ActiveCfg = Ad-Hoc|iPhoneSimulator
		{6C60F255-DED7-4BBF-A5BE-70242F80D503}.Ad-Hoc|iPhoneSimulator.Build.0 = Ad-Hoc|iPhoneSimulator
		{6C60F255-DED7-4BBF-A5BE-70242F80D503}.Ad-Hoc|x64.ActiveCfg = Ad-Hoc|iPhone
		{6C60F255-DED7-4BBF-A5BE-70242F80D503}.Ad-Hoc|x86.ActiveCfg = Ad-Hoc|iPhone
		{6C60F255-DED7-4BBF-A5BE-70242F80D503}.AppStore|Any CPU.ActiveCfg = AppStore|iPhone
		{6C60F255-DED7-4BBF-A5BE-70242F80D503}.AppStore|ARM.ActiveCfg = AppStore|iPhone
		{6C60F255-DED7-4BBF-A5BE-70242F80D503}.AppStore|iPhone.ActiveCfg = AppStore|iPhone
		{6C60F255-DED7-4BBF-A5BE-70242F80D503}.AppStore|iPhone.Build.0 = AppStore|iPhone
		{6C60F255-DED7-4BBF-A5BE-70242F80D503}.AppStore|iPhoneSimulator.ActiveCfg = AppStore|iPhoneSimulator
		{6C60F255-DED7-4BBF-A5BE-70242F80D503}.AppStore|iPhoneSimulator.Build.0 = AppStore|iPhoneSimulator
		{6C60F255-DED7-4BBF-A5BE-70242F80D503}.AppStore|x64.ActiveCfg = AppStore|iPhone
		{6C60F255-DED7-4BBF-A5BE-70242F80D503}.AppStore|x86.ActiveCfg = AppStore|iPhone
		{6C60F255-DED7-4BBF-A5BE-70242F80D503}.Debug|Any CPU.ActiveCfg = Debug|iPhone
		{6C60F255-DED7-4BBF-A5BE-70242F80D503}.Debug|ARM.ActiveCfg = Debug|iPhone
		{6C60F255-DED7-4BBF-A5BE-70242F80D503}.Debug|iPhone.ActiveCfg = Debug|iPhone
		{6C60F255-DED7-4BBF-A5BE-70242F80D503}.Debug|iPhone.Build.0 = Debug|iPhone
		{6C60F255-DED7-4BBF-A5BE-70242F80D503}.Debug|iPhoneSimulator.ActiveCfg = Debug|iPhoneSimulator
		{6C60F255-DED7-4BBF-A5BE-70242F80D503}.Debug|iPhoneSimulator.Build.0 = Debug|iPhoneSimulator
		{6C60F255-DED7-4BBF-A5BE-70242F80D503}.Debug|x64.ActiveCfg = Debug|iPhone
		{6C60F255-DED7-4BBF-A5BE-70242F80D503}.Debug|x86.ActiveCfg = Debug|iPhone
		{6C60F255-DED7-4BBF-A5BE-70242F80D503}.Release|Any CPU.ActiveCfg = Release|iPhone
		{6C60F255-DED7-4BBF-A5BE-70242F80D503}.Release|ARM.ActiveCfg = Release|iPhone
		{6C60F255-DED7-4BBF-A5BE-70242F80D503}.Release|iPhone.ActiveCfg = Release|iPhone
		{6C60F255-DED7-4BBF-A5BE-70242F80D503}.Release|iPhone.Build.0 = Release|iPhone
		{6C60F255-DED7-4BBF-A5BE-70242F80D503}.Release|iPhoneSimulator.ActiveCfg = Release|iPhoneSimulator
		{6C60F255-DED7-4BBF-A5BE-70242F80D503}.Release|iPhoneSimulator.Build.0 = Release|iPhoneSimulator
		{6C60F255-DED7-4BBF-A5BE-70242F80D503}.Release|x64.ActiveCfg = Release|iPhone
		{6C60F255-DED7-4BBF-A5BE-70242F80D503}.Release|x86.ActiveCfg = Release|iPhone
		{DA637640-3BE5-4FE2-B802-E067AD97DFF3}.Ad-Hoc|Any CPU.ActiveCfg = Release|x86
		{DA637640-3BE5-4FE2-B802-E067AD97DFF3}.Ad-Hoc|Any CPU.Build.0 = Release|x86
		{DA637640-3BE5-4FE2-B802-E067AD97DFF3}.Ad-Hoc|Any CPU.Deploy.0 = Release|x86
		{DA637640-3BE5-4FE2-B802-E067AD97DFF3}.Ad-Hoc|ARM.ActiveCfg = Release|ARM
		{DA637640-3BE5-4FE2-B802-E067AD97DFF3}.Ad-Hoc|ARM.Build.0 = Release|ARM
		{DA637640-3BE5-4FE2-B802-E067AD97DFF3}.Ad-Hoc|ARM.Deploy.0 = Release|ARM
		{DA637640-3BE5-4FE2-B802-E067AD97DFF3}.Ad-Hoc|iPhone.ActiveCfg = Release|x86
		{DA637640-3BE5-4FE2-B802-E067AD97DFF3}.Ad-Hoc|iPhone.Build.0 = Release|x86
		{DA637640-3BE5-4FE2-B802-E067AD97DFF3}.Ad-Hoc|iPhone.Deploy.0 = Release|x86
		{DA637640-3BE5-4FE2-B802-E067AD97DFF3}.Ad-Hoc|iPhoneSimulator.ActiveCfg = Release|x86
		{DA637640-3BE5-4FE2-B802-E067AD97DFF3}.Ad-Hoc|iPhoneSimulator.Build.0 = Release|x86
		{DA637640-3BE5-4FE2-B802-E067AD97DFF3}.Ad-Hoc|iPhoneSimulator.Deploy.0 = Release|x86
		{DA637640-3BE5-4FE2-B802-E067AD97DFF3}.Ad-Hoc|x64.ActiveCfg = Release|x64
		{DA637640-3BE5-4FE2-B802-E067AD97DFF3}.Ad-Hoc|x64.Build.0 = Release|x64
		{DA637640-3BE5-4FE2-B802-E067AD97DFF3}.Ad-Hoc|x64.Deploy.0 = Release|x64
		{DA637640-3BE5-4FE2-B802-E067AD97DFF3}.Ad-Hoc|x86.ActiveCfg = Release|x86
		{DA637640-3BE5-4FE2-B802-E067AD97DFF3}.Ad-Hoc|x86.Build.0 = Release|x86
		{DA637640-3BE5-4FE2-B802-E067AD97DFF3}.Ad-Hoc|x86.Deploy.0 = Release|x86
		{DA637640-3BE5-4FE2-B802-E067AD97DFF3}.AppStore|Any CPU.ActiveCfg = Release|x86
		{DA637640-3BE5-4FE2-B802-E067AD97DFF3}.AppStore|Any CPU.Build.0 = Release|x86
		{DA637640-3BE5-4FE2-B802-E067AD97DFF3}.AppStore|Any CPU.Deploy.0 = Release|x86
		{DA637640-3BE5-4FE2-B802-E067AD97DFF3}.AppStore|ARM.ActiveCfg = Release|ARM
		{DA637640-3BE5-4FE2-B802-E067AD97DFF3}.AppStore|ARM.Build.0 = Release|ARM
		{DA637640-3BE5-4FE2-B802-E067AD97DFF3}.AppStore|ARM.Deploy.0 = Release|ARM
		{DA637640-3BE5-4FE2-B802-E067AD97DFF3}.AppStore|iPhone.ActiveCfg = Release|x86
		{DA637640-3BE5-4FE2-B802-E067AD97DFF3}.AppStore|iPhone.Build.0 = Release|x86
		{DA637640-3BE5-4FE2-B802-E067AD97DFF3}.AppStore|iPhone.Deploy.0 = Release|x86
		{DA637640-3BE5-4FE2-B802-E067AD97DFF3}.AppStore|iPhoneSimulator.ActiveCfg = Release|x86
		{DA637640-3BE5-4FE2-B802-E067AD97DFF3}.AppStore|iPhoneSimulator.Build.0 = Release|x86
		{DA637640-3BE5-4FE2-B802-E067AD97DFF3}.AppStore|iPhoneSimulator.Deploy.0 = Release|x86
		{DA637640-3BE5-4FE2-B802-E067AD97DFF3}.AppStore|x64.ActiveCfg = Release|x64
		{DA637640-3BE5-4FE2-B802-E067AD97DFF3}.AppStore|x64.Build.0 = Release|x64
		{DA637640-3BE5-4FE2-B802-E067AD97DFF3}.AppStore|x64.Deploy.0 = Release|x64
		{DA637640-3BE5-4FE2-B802-E067AD97DFF3}.AppStore|x86.ActiveCfg = Release|x86
		{DA637640-3BE5-4FE2-B802-E067AD97DFF3}.AppStore|x86.Build.0 = Release|x86
		{DA637640-3BE5-4FE2-B802-E067AD97DFF3}.AppStore|x86.Deploy.0 = Release|x86
		{DA637640-3BE5-4FE2-B802-E067AD97DFF3}.Debug|Any CPU.ActiveCfg = Debug|x86
		{DA637640-3BE5-4FE2-B802-E067AD97DFF3}.Debug|Any CPU.Build.0 = Debug|x86
		{DA637640-3BE5-4FE2-B802-E067AD97DFF3}.Debug|Any CPU.Deploy.0 = Debug|x86
		{DA637640-3BE5-4FE2-B802-E067AD97DFF3}.Debug|ARM.ActiveCfg = Debug|ARM
		{DA637640-3BE5-4FE2-B802-E067AD97DFF3}.Debug|ARM.Build.0 = Debug|ARM
		{DA637640-3BE5-4FE2-B802-E067AD97DFF3}.Debug|ARM.Deploy.0 = Debug|ARM
		{DA637640-3BE5-4FE2-B802-E067AD97DFF3}.Debug|iPhone.ActiveCfg = Debug|x86
		{DA637640-3BE5-4FE2-B802-E067AD97DFF3}.Debug|iPhoneSimulator.ActiveCfg = Debug|x86
		{DA637640-3BE5-4FE2-B802-E067AD97DFF3}.Debug|x64.ActiveCfg = Debug|x64
		{DA637640-3BE5-4FE2-B802-E067AD97DFF3}.Debug|x64.Build.0 = Debug|x64
		{DA637640-3BE5-4FE2-B802-E067AD97DFF3}.Debug|x64.Deploy.0 = Debug|x64
		{DA637640-3BE5-4FE2-B802-E067AD97DFF3}.Debug|x86.ActiveCfg = Debug|x86
		{DA637640-3BE5-4FE2-B802-E067AD97DFF3}.Debug|x86.Build.0 = Debug|x86
		{DA637640-3BE5-4FE2-B802-E067AD97DFF3}.Debug|x86.Deploy.0 = Debug|x86
		{DA637640-3BE5-4FE2-B802-E067AD97DFF3}.Release|Any CPU.ActiveCfg = Release|x86
		{DA637640-3BE5-4FE2-B802-E067AD97DFF3}.Release|ARM.ActiveCfg = Release|ARM
		{DA637640-3BE5-4FE2-B802-E067AD97DFF3}.Release|ARM.Build.0 = Release|ARM
		{DA637640-3BE5-4FE2-B802-E067AD97DFF3}.Release|ARM.Deploy.0 = Release|ARM
		{DA637640-3BE5-4FE2-B802-E067AD97DFF3}.Release|iPhone.ActiveCfg = Release|x86
		{DA637640-3BE5-4FE2-B802-E067AD97DFF3}.Release|iPhoneSimulator.ActiveCfg = Release|x86
		{DA637640-3BE5-4FE2-B802-E067AD97DFF3}.Release|x64.ActiveCfg = Release|x64
		{DA637640-3BE5-4FE2-B802-E067AD97DFF3}.Release|x64.Build.0 = Release|x64
		{DA637640-3BE5-4FE2-B802-E067AD97DFF3}.Release|x64.Deploy.0 = Release|x64
		{DA637640-3BE5-4FE2-B802-E067AD97DFF3}.Release|x86.ActiveCfg = Release|x86
		{DA637640-3BE5-4FE2-B802-E067AD97DFF3}.Release|x86.Build.0 = Release|x86
		{DA637640-3BE5-4FE2-B802-E067AD97DFF3}.Release|x86.Deploy.0 = Release|x86
		{A5B5F8D4-9D53-4673-B259-F1FA9406959C}.Ad-Hoc|Any CPU.ActiveCfg = Release|Any CPU
		{A5B5F8D4-9D53-4673-B259-F1FA9406959C}.Ad-Hoc|Any CPU.Build.0 = Release|Any CPU
		{A5B5F8D4-9D53-4673-B259-F1FA9406959C}.Ad-Hoc|ARM.ActiveCfg = Release|Any CPU
		{A5B5F8D4-9D53-4673-B259-F1FA9406959C}.Ad-Hoc|ARM.Build.0 = Release|Any CPU
		{A5B5F8D4-9D53-4673-B259-F1FA9406959C}.Ad-Hoc|iPhone.ActiveCfg = Release|Any CPU
		{A5B5F8D4-9D53-4673-B259-F1FA9406959C}.Ad-Hoc|iPhone.Build.0 = Release|Any CPU
		{A5B5F8D4-9D53-4673-B259-F1FA9406959C}.Ad-Hoc|iPhoneSimulator.ActiveCfg = Release|Any CPU
		{A5B5F8D4-9D53-4673-B259-F1FA9406959C}.Ad-Hoc|iPhoneSimulator.Build.0 = Release|Any CPU
		{A5B5F8D4-9D53-4673-B259-F1FA9406959C}.Ad-Hoc|x64.ActiveCfg = Release|Any CPU
		{A5B5F8D4-9D53-4673-B259-F1FA9406959C}.Ad-Hoc|x64.Build.0 = Release|Any CPU
		{A5B5F8D4-9D53-4673-B259-F1FA9406959C}.Ad-Hoc|x86.ActiveCfg = Release|Any CPU
		{A5B5F8D4-9D53-4673-B259-F1FA9406959C}.Ad-Hoc|x86.Build.0 = Release|Any CPU
		{A5B5F8D4-9D53-4673-B259-F1FA9406959C}.AppStore|Any CPU.ActiveCfg = Release|Any CPU
		{A5B5F8D4-9D53-4673-B259-F1FA9406959C}.AppStore|Any CPU.Build.0 = Release|Any CPU
		{A5B5F8D4-9D53-4673-B259-F1FA9406959C}.AppStore|ARM.ActiveCfg = Release|Any CPU
		{A5B5F8D4-9D53-4673-B259-F1FA9406959C}.AppStore|ARM.Build.0 = Release|Any CPU
		{A5B5F8D4-9D53-4673-B259-F1FA9406959C}.AppStore|iPhone.ActiveCfg = Release|Any CPU
		{A5B5F8D4-9D53-4673-B259-F1FA9406959C}.AppStore|iPhone.Build.0 = Release|Any CPU
		{A5B5F8D4-9D53-4673-B259-F1FA9406959C}.AppStore|iPhoneSimulator.ActiveCfg = Release|Any CPU
		{A5B5F8D4-9D53-4673-B259-F1FA9406959C}.AppStore|iPhoneSimulator.Build.0 = Release|Any CPU
		{A5B5F8D4-9D53-4673-B259-F1FA9406959C}.AppStore|x64.ActiveCfg = Release|Any CPU
		{A5B5F8D4-9D53-4673-B259-F1FA9406959C}.AppStore|x64.Build.0 = Release|Any CPU
		{A5B5F8D4-9D53-4673-B259-F1FA9406959C}.AppStore|x86.ActiveCfg = Release|Any CPU
		{A5B5F8D4-9D53-4673-B259-F1FA9406959C}.AppStore|x86.Build.0 = Release|Any CPU
		{A5B5F8D4-9D53-4673-B259-F1FA9406959C}.Debug|Any CPU.ActiveCfg = Debug|Any CPU
		{A5B5F8D4-9D53-4673-B259-F1FA9406959C}.Debug|Any CPU.Build.0 = Debug|Any CPU
		{A5B5F8D4-9D53-4673-B259-F1FA9406959C}.Debug|ARM.ActiveCfg = Debug|Any CPU
		{A5B5F8D4-9D53-4673-B259-F1FA9406959C}.Debug|ARM.Build.0 = Debug|Any CPU
		{A5B5F8D4-9D53-4673-B259-F1FA9406959C}.Debug|iPhone.ActiveCfg = Debug|Any CPU
		{A5B5F8D4-9D53-4673-B259-F1FA9406959C}.Debug|iPhone.Build.0 = Debug|Any CPU
		{A5B5F8D4-9D53-4673-B259-F1FA9406959C}.Debug|iPhoneSimulator.ActiveCfg = Debug|Any CPU
		{A5B5F8D4-9D53-4673-B259-F1FA9406959C}.Debug|iPhoneSimulator.Build.0 = Debug|Any CPU
		{A5B5F8D4-9D53-4673-B259-F1FA9406959C}.Debug|x64.ActiveCfg = Debug|Any CPU
		{A5B5F8D4-9D53-4673-B259-F1FA9406959C}.Debug|x64.Build.0 = Debug|Any CPU
		{A5B5F8D4-9D53-4673-B259-F1FA9406959C}.Debug|x86.ActiveCfg = Debug|Any CPU
		{A5B5F8D4-9D53-4673-B259-F1FA9406959C}.Debug|x86.Build.0 = Debug|Any CPU
		{A5B5F8D4-9D53-4673-B259-F1FA9406959C}.Release|Any CPU.ActiveCfg = Release|Any CPU
		{A5B5F8D4-9D53-4673-B259-F1FA9406959C}.Release|Any CPU.Build.0 = Release|Any CPU
		{A5B5F8D4-9D53-4673-B259-F1FA9406959C}.Release|ARM.ActiveCfg = Release|Any CPU
		{A5B5F8D4-9D53-4673-B259-F1FA9406959C}.Release|ARM.Build.0 = Release|Any CPU
		{A5B5F8D4-9D53-4673-B259-F1FA9406959C}.Release|iPhone.ActiveCfg = Release|Any CPU
		{A5B5F8D4-9D53-4673-B259-F1FA9406959C}.Release|iPhone.Build.0 = Release|Any CPU
		{A5B5F8D4-9D53-4673-B259-F1FA9406959C}.Release|iPhoneSimulator.ActiveCfg = Release|Any CPU
		{A5B5F8D4-9D53-4673-B259-F1FA9406959C}.Release|iPhoneSimulator.Build.0 = Release|Any CPU
		{A5B5F8D4-9D53-4673-B259-F1FA9406959C}.Release|x64.ActiveCfg = Release|Any CPU
		{A5B5F8D4-9D53-4673-B259-F1FA9406959C}.Release|x64.Build.0 = Release|Any CPU
		{A5B5F8D4-9D53-4673-B259-F1FA9406959C}.Release|x86.ActiveCfg = Release|Any CPU
		{A5B5F8D4-9D53-4673-B259-F1FA9406959C}.Release|x86.Build.0 = Release|Any CPU
	EndGlobalSection
	GlobalSection(SolutionProperties) = preSolution
		HideSolutionNode = FALSE
	EndGlobalSection
EndGlobal
