
Microsoft Visual Studio Solution File, Format Version 12.00
# Visual Studio 14
VisualStudioVersion = 14.0.25420.1
MinimumVisualStudioVersion = 10.0.40219.1
Project("{FAE04EC0-301F-11D3-BF4B-00C04F79EFBC}") = "XamFormsHttpClient.Droid", "XamFormsHttpClient\XamFormsHttpClient.Droid\XamFormsHttpClient.Droid.csproj", "{7C6403A9-0F60-4EF2-A2B2-59C18AFB9006}"
EndProject
Project("{FAE04EC0-301F-11D3-BF4B-00C04F79EFBC}") = "XamFormsHttpClient.iOS", "XamFormsHttpClient\XamFormsHttpClient.iOS\XamFormsHttpClient.iOS.csproj", "{5488245E-20EA-4308-8E17-C10CC5CAB2B2}"
EndProject
Project("{FAE04EC0-301F-11D3-BF4B-00C04F79EFBC}") = "XamFormsHttpClient.UWP", "XamFormsHttpClient\XamFormsHttpClient.UWP\XamFormsHttpClient.UWP.csproj", "{EC333056-F000-4946-8B48-A43C6EBB3208}"
EndProject
Project("{FAE04EC0-301F-11D3-BF4B-00C04F79EFBC}") = "XamFormsHttpClient", "XamFormsHttpClient\XamFormsHttpClient\XamFormsHttpClient.csproj", "{75D84E18-58A7-407F-8604-062AC35F0448}"
EndProject
Project("{FAE04EC0-301F-11D3-BF4B-00C04F79EFBC}") = "WebApplication1", "WebApplication1\WebApplication1.csproj", "{495819C6-B497-47FF-90B3-EBCB90645A8D}"
EndProject
Global
	GlobalSection(SolutionConfigurationPlatforms) = preSolution
		Ad-Hoc|Any CPU = Ad-Hoc|Any CPU
		Ad-Hoc|ARM = Ad-Hoc|ARM
		Ad-Hoc|iPhone = Ad-Hoc|iPhone
		Ad-Hoc|iPhoneSimulator = Ad-Hoc|iPhoneSimulator
		Ad-Hoc|x64 = Ad-Hoc|x64
		Ad-Hoc|x86 = Ad-Hoc|x86
		AppStore|Any CPU = AppStore|Any CPU
		AppStore|ARM = AppStore|ARM
		AppStore|iPhone = AppStore|iPhone
		AppStore|iPhoneSimulator = AppStore|iPhoneSimulator
		AppStore|x64 = AppStore|x64
		AppStore|x86 = AppStore|x86
		Debug|Any CPU = Debug|Any CPU
		Debug|ARM = Debug|ARM
		Debug|iPhone = Debug|iPhone
		Debug|iPhoneSimulator = Debug|iPhoneSimulator
		Debug|x64 = Debug|x64
		Debug|x86 = Debug|x86
		Release|Any CPU = Release|Any CPU
		Release|ARM = Release|ARM
		Release|iPhone = Release|iPhone
		Release|iPhoneSimulator = Release|iPhoneSimulator
		Release|x64 = Release|x64
		Release|x86 = Release|x86
	EndGlobalSection
	GlobalSection(ProjectConfigurationPlatforms) = postSolution
		{7C6403A9-0F60-4EF2-A2B2-59C18AFB9006}.Ad-Hoc|Any CPU.ActiveCfg = Release|Any CPU
		{7C6403A9-0F60-4EF2-A2B2-59C18AFB9006}.Ad-Hoc|Any CPU.Build.0 = Release|Any CPU
		{7C6403A9-0F60-4EF2-A2B2-59C18AFB9006}.Ad-Hoc|Any CPU.Deploy.0 = Release|Any CPU
		{7C6403A9-0F60-4EF2-A2B2-59C18AFB9006}.Ad-Hoc|ARM.ActiveCfg = Release|Any CPU
		{7C6403A9-0F60-4EF2-A2B2-59C18AFB9006}.Ad-Hoc|ARM.Build.0 = Release|Any CPU
		{7C6403A9-0F60-4EF2-A2B2-59C18AFB9006}.Ad-Hoc|ARM.Deploy.0 = Release|Any CPU
		{7C6403A9-0F60-4EF2-A2B2-59C18AFB9006}.Ad-Hoc|iPhone.ActiveCfg = Release|Any CPU
		{7C6403A9-0F60-4EF2-A2B2-59C18AFB9006}.Ad-Hoc|iPhone.Build.0 = Release|Any CPU
		{7C6403A9-0F60-4EF2-A2B2-59C18AFB9006}.Ad-Hoc|iPhone.Deploy.0 = Release|Any CPU
		{7C6403A9-0F60-4EF2-A2B2-59C18AFB9006}.Ad-Hoc|iPhoneSimulator.ActiveCfg = Release|Any CPU
		{7C6403A9-0F60-4EF2-A2B2-59C18AFB9006}.Ad-Hoc|iPhoneSimulator.Build.0 = Release|Any CPU
		{7C6403A9-0F60-4EF2-A2B2-59C18AFB9006}.Ad-Hoc|iPhoneSimulator.Deploy.0 = Release|Any CPU
		{7C6403A9-0F60-4EF2-A2B2-59C18AFB9006}.Ad-Hoc|x64.ActiveCfg = Release|Any CPU
		{7C6403A9-0F60-4EF2-A2B2-59C18AFB9006}.Ad-Hoc|x64.Build.0 = Release|Any CPU
		{7C6403A9-0F60-4EF2-A2B2-59C18AFB9006}.Ad-Hoc|x64.Deploy.0 = Release|Any CPU
		{7C6403A9-0F60-4EF2-A2B2-59C18AFB9006}.Ad-Hoc|x86.ActiveCfg = Release|Any CPU
		{7C6403A9-0F60-4EF2-A2B2-59C18AFB9006}.Ad-Hoc|x86.Build.0 = Release|Any CPU
		{7C6403A9-0F60-4EF2-A2B2-59C18AFB9006}.Ad-Hoc|x86.Deploy.0 = Release|Any CPU
		{7C6403A9-0F60-4EF2-A2B2-59C18AFB9006}.AppStore|Any CPU.ActiveCfg = Release|Any CPU
		{7C6403A9-0F60-4EF2-A2B2-59C18AFB9006}.AppStore|Any CPU.Build.0 = Release|Any CPU
		{7C6403A9-0F60-4EF2-A2B2-59C18AFB9006}.AppStore|Any CPU.Deploy.0 = Release|Any CPU
		{7C6403A9-0F60-4EF2-A2B2-59C18AFB9006}.AppStore|ARM.ActiveCfg = Release|Any CPU
		{7C6403A9-0F60-4EF2-A2B2-59C18AFB9006}.AppStore|ARM.Build.0 = Release|Any CPU
		{7C6403A9-0F60-4EF2-A2B2-59C18AFB9006}.AppStore|ARM.Deploy.0 = Release|Any CPU
		{7C6403A9-0F60-4EF2-A2B2-59C18AFB9006}.AppStore|iPhone.ActiveCfg = Release|Any CPU
		{7C6403A9-0F60-4EF2-A2B2-59C18AFB9006}.AppStore|iPhone.Build.0 = Release|Any CPU
		{7C6403A9-0F60-4EF2-A2B2-59C18AFB9006}.AppStore|iPhone.Deploy.0 = Release|Any CPU
		{7C6403A9-0F60-4EF2-A2B2-59C18AFB9006}.AppStore|iPhoneSimulator.ActiveCfg = Release|Any CPU
		{7C6403A9-0F60-4EF2-A2B2-59C18AFB9006}.AppStore|iPhoneSimulator.Build.0 = Release|Any CPU
		{7C6403A9-0F60-4EF2-A2B2-59C18AFB9006}.AppStore|iPhoneSimulator.Deploy.0 = Release|Any CPU
		{7C6403A9-0F60-4EF2-A2B2-59C18AFB9006}.AppStore|x64.ActiveCfg = Release|Any CPU
		{7C6403A9-0F60-4EF2-A2B2-59C18AFB9006}.AppStore|x64.Build.0 = Release|Any CPU
		{7C6403A9-0F60-4EF2-A2B2-59C18AFB9006}.AppStore|x64.Deploy.0 = Release|Any CPU
		{7C6403A9-0F60-4EF2-A2B2-59C18AFB9006}.AppStore|x86.ActiveCfg = Release|Any CPU
		{7C6403A9-0F60-4EF2-A2B2-59C18AFB9006}.AppStore|x86.Build.0 = Release|Any CPU
		{7C6403A9-0F60-4EF2-A2B2-59C18AFB9006}.AppStore|x86.Deploy.0 = Release|Any CPU
		{7C6403A9-0F60-4EF2-A2B2-59C18AFB9006}.Debug|Any CPU.ActiveCfg = Debug|Any CPU
		{7C6403A9-0F60-4EF2-A2B2-59C18AFB9006}.Debug|Any CPU.Build.0 = Debug|Any CPU
		{7C6403A9-0F60-4EF2-A2B2-59C18AFB9006}.Debug|Any CPU.Deploy.0 = Debug|Any CPU
		{7C6403A9-0F60-4EF2-A2B2-59C18AFB9006}.Debug|ARM.ActiveCfg = Debug|Any CPU
		{7C6403A9-0F60-4EF2-A2B2-59C18AFB9006}.Debug|ARM.Build.0 = Debug|Any CPU
		{7C6403A9-0F60-4EF2-A2B2-59C18AFB9006}.Debug|ARM.Deploy.0 = Debug|Any CPU
		{7C6403A9-0F60-4EF2-A2B2-59C18AFB9006}.Debug|iPhone.ActiveCfg = Debug|Any CPU
		{7C6403A9-0F60-4EF2-A2B2-59C18AFB9006}.Debug|iPhone.Build.0 = Debug|Any CPU
		{7C6403A9-0F60-4EF2-A2B2-59C18AFB9006}.Debug|iPhone.Deploy.0 = Debug|Any CPU
		{7C6403A9-0F60-4EF2-A2B2-59C18AFB9006}.Debug|iPhoneSimulator.ActiveCfg = Debug|Any CPU
		{7C6403A9-0F60-4EF2-A2B2-59C18AFB9006}.Debug|iPhoneSimulator.Build.0 = Debug|Any CPU
		{7C6403A9-0F60-4EF2-A2B2-59C18AFB9006}.Debug|iPhoneSimulator.Deploy.0 = Debug|Any CPU
		{7C6403A9-0F60-4EF2-A2B2-59C18AFB9006}.Debug|x64.ActiveCfg = Debug|Any CPU
		{7C6403A9-0F60-4EF2-A2B2-59C18AFB9006}.Debug|x64.Build.0 = Debug|Any CPU
		{7C6403A9-0F60-4EF2-A2B2-59C18AFB9006}.Debug|x64.Deploy.0 = Debug|Any CPU
		{7C6403A9-0F60-4EF2-A2B2-59C18AFB9006}.Debug|x86.ActiveCfg = Debug|Any CPU
		{7C6403A9-0F60-4EF2-A2B2-59C18AFB9006}.Debug|x86.Build.0 = Debug|Any CPU
		{7C6403A9-0F60-4EF2-A2B2-59C18AFB9006}.Debug|x86.Deploy.0 = Debug|Any CPU
		{7C6403A9-0F60-4EF2-A2B2-59C18AFB9006}.Release|Any CPU.ActiveCfg = Release|Any CPU
		{7C6403A9-0F60-4EF2-A2B2-59C18AFB9006}.Release|Any CPU.Build.0 = Release|Any CPU
		{7C6403A9-0F60-4EF2-A2B2-59C18AFB9006}.Release|Any CPU.Deploy.0 = Release|Any CPU
		{7C6403A9-0F60-4EF2-A2B2-59C18AFB9006}.Release|ARM.ActiveCfg = Release|Any CPU
		{7C6403A9-0F60-4EF2-A2B2-59C18AFB9006}.Release|ARM.Build.0 = Release|Any CPU
		{7C6403A9-0F60-4EF2-A2B2-59C18AFB9006}.Release|ARM.Deploy.0 = Release|Any CPU
		{7C6403A9-0F60-4EF2-A2B2-59C18AFB9006}.Release|iPhone.ActiveCfg = Release|Any CPU
		{7C6403A9-0F60-4EF2-A2B2-59C18AFB9006}.Release|iPhone.Build.0 = Release|Any CPU
		{7C6403A9-0F60-4EF2-A2B2-59C18AFB9006}.Release|iPhone.Deploy.0 = Release|Any CPU
		{7C6403A9-0F60-4EF2-A2B2-59C18AFB9006}.Release|iPhoneSimulator.ActiveCfg = Release|Any CPU
		{7C6403A9-0F60-4EF2-A2B2-59C18AFB9006}.Release|iPhoneSimulator.Build.0 = Release|Any CPU
		{7C6403A9-0F60-4EF2-A2B2-59C18AFB9006}.Release|iPhoneSimulator.Deploy.0 = Release|Any CPU
		{7C6403A9-0F60-4EF2-A2B2-59C18AFB9006}.Release|x64.ActiveCfg = Release|Any CPU
		{7C6403A9-0F60-4EF2-A2B2-59C18AFB9006}.Release|x64.Build.0 = Release|Any CPU
		{7C6403A9-0F60-4EF2-A2B2-59C18AFB9006}.Release|x64.Deploy.0 = Release|Any CPU
		{7C6403A9-0F60-4EF2-A2B2-59C18AFB9006}.Release|x86.ActiveCfg = Release|Any CPU
		{7C6403A9-0F60-4EF2-A2B2-59C18AFB9006}.Release|x86.Build.0 = Release|Any CPU
		{7C6403A9-0F60-4EF2-A2B2-59C18AFB9006}.Release|x86.Deploy.0 = Release|Any CPU
		{5488245E-20EA-4308-8E17-C10CC5CAB2B2}.Ad-Hoc|Any CPU.ActiveCfg = Ad-Hoc|iPhone
		{5488245E-20EA-4308-8E17-C10CC5CAB2B2}.Ad-Hoc|ARM.ActiveCfg = Ad-Hoc|iPhone
		{5488245E-20EA-4308-8E17-C10CC5CAB2B2}.Ad-Hoc|iPhone.ActiveCfg = Ad-Hoc|iPhone
		{5488245E-20EA-4308-8E17-C10CC5CAB2B2}.Ad-Hoc|iPhone.Build.0 = Ad-Hoc|iPhone
		{5488245E-20EA-4308-8E17-C10CC5CAB2B2}.Ad-Hoc|iPhoneSimulator.ActiveCfg = Ad-Hoc|iPhoneSimulator
		{5488245E-20EA-4308-8E17-C10CC5CAB2B2}.Ad-Hoc|iPhoneSimulator.Build.0 = Ad-Hoc|iPhoneSimulator
		{5488245E-20EA-4308-8E17-C10CC5CAB2B2}.Ad-Hoc|x64.ActiveCfg = Ad-Hoc|iPhone
		{5488245E-20EA-4308-8E17-C10CC5CAB2B2}.Ad-Hoc|x86.ActiveCfg = Ad-Hoc|iPhone
		{5488245E-20EA-4308-8E17-C10CC5CAB2B2}.AppStore|Any CPU.ActiveCfg = AppStore|iPhone
		{5488245E-20EA-4308-8E17-C10CC5CAB2B2}.AppStore|ARM.ActiveCfg = AppStore|iPhone
		{5488245E-20EA-4308-8E17-C10CC5CAB2B2}.AppStore|iPhone.ActiveCfg = AppStore|iPhone
		{5488245E-20EA-4308-8E17-C10CC5CAB2B2}.AppStore|iPhone.Build.0 = AppStore|iPhone
		{5488245E-20EA-4308-8E17-C10CC5CAB2B2}.AppStore|iPhoneSimulator.ActiveCfg = AppStore|iPhoneSimulator
		{5488245E-20EA-4308-8E17-C10CC5CAB2B2}.AppStore|iPhoneSimulator.Build.0 = AppStore|iPhoneSimulator
		{5488245E-20EA-4308-8E17-C10CC5CAB2B2}.AppStore|x64.ActiveCfg = AppStore|iPhone
		{5488245E-20EA-4308-8E17-C10CC5CAB2B2}.AppStore|x86.ActiveCfg = AppStore|iPhone
		{5488245E-20EA-4308-8E17-C10CC5CAB2B2}.Debug|Any CPU.ActiveCfg = Debug|iPhone
		{5488245E-20EA-4308-8E17-C10CC5CAB2B2}.Debug|ARM.ActiveCfg = Debug|iPhone
		{5488245E-20EA-4308-8E17-C10CC5CAB2B2}.Debug|iPhone.ActiveCfg = Debug|iPhone
		{5488245E-20EA-4308-8E17-C10CC5CAB2B2}.Debug|iPhone.Build.0 = Debug|iPhone
		{5488245E-20EA-4308-8E17-C10CC5CAB2B2}.Debug|iPhoneSimulator.ActiveCfg = Debug|iPhoneSimulator
		{5488245E-20EA-4308-8E17-C10CC5CAB2B2}.Debug|iPhoneSimulator.Build.0 = Debug|iPhoneSimulator
		{5488245E-20EA-4308-8E17-C10CC5CAB2B2}.Debug|x64.ActiveCfg = Debug|iPhone
		{5488245E-20EA-4308-8E17-C10CC5CAB2B2}.Debug|x86.ActiveCfg = Debug|iPhone
		{5488245E-20EA-4308-8E17-C10CC5CAB2B2}.Release|Any CPU.ActiveCfg = Release|iPhone
		{5488245E-20EA-4308-8E17-C10CC5CAB2B2}.Release|ARM.ActiveCfg = Release|iPhone
		{5488245E-20EA-4308-8E17-C10CC5CAB2B2}.Release|iPhone.ActiveCfg = Release|iPhone
		{5488245E-20EA-4308-8E17-C10CC5CAB2B2}.Release|iPhone.Build.0 = Release|iPhone
		{5488245E-20EA-4308-8E17-C10CC5CAB2B2}.Release|iPhoneSimulator.ActiveCfg = Release|iPhoneSimulator
		{5488245E-20EA-4308-8E17-C10CC5CAB2B2}.Release|iPhoneSimulator.Build.0 = Release|iPhoneSimulator
		{5488245E-20EA-4308-8E17-C10CC5CAB2B2}.Release|x64.ActiveCfg = Release|iPhone
		{5488245E-20EA-4308-8E17-C10CC5CAB2B2}.Release|x86.ActiveCfg = Release|iPhone
		{EC333056-F000-4946-8B48-A43C6EBB3208}.Ad-Hoc|Any CPU.ActiveCfg = Release|x86
		{EC333056-F000-4946-8B48-A43C6EBB3208}.Ad-Hoc|Any CPU.Build.0 = Release|x86
		{EC333056-F000-4946-8B48-A43C6EBB3208}.Ad-Hoc|Any CPU.Deploy.0 = Release|x86
		{EC333056-F000-4946-8B48-A43C6EBB3208}.Ad-Hoc|ARM.ActiveCfg = Release|ARM
		{EC333056-F000-4946-8B48-A43C6EBB3208}.Ad-Hoc|ARM.Build.0 = Release|ARM
		{EC333056-F000-4946-8B48-A43C6EBB3208}.Ad-Hoc|ARM.Deploy.0 = Release|ARM
		{EC333056-F000-4946-8B48-A43C6EBB3208}.Ad-Hoc|iPhone.ActiveCfg = Release|x86
		{EC333056-F000-4946-8B48-A43C6EBB3208}.Ad-Hoc|iPhone.Build.0 = Release|x86
		{EC333056-F000-4946-8B48-A43C6EBB3208}.Ad-Hoc|iPhone.Deploy.0 = Release|x86
		{EC333056-F000-4946-8B48-A43C6EBB3208}.Ad-Hoc|iPhoneSimulator.ActiveCfg = Release|x86
		{EC333056-F000-4946-8B48-A43C6EBB3208}.Ad-Hoc|iPhoneSimulator.Build.0 = Release|x86
		{EC333056-F000-4946-8B48-A43C6EBB3208}.Ad-Hoc|iPhoneSimulator.Deploy.0 = Release|x86
		{EC333056-F000-4946-8B48-A43C6EBB3208}.Ad-Hoc|x64.ActiveCfg = Release|x64
		{EC333056-F000-4946-8B48-A43C6EBB3208}.Ad-Hoc|x64.Build.0 = Release|x64
		{EC333056-F000-4946-8B48-A43C6EBB3208}.Ad-Hoc|x64.Deploy.0 = Release|x64
		{EC333056-F000-4946-8B48-A43C6EBB3208}.Ad-Hoc|x86.ActiveCfg = Release|x86
		{EC333056-F000-4946-8B48-A43C6EBB3208}.Ad-Hoc|x86.Build.0 = Release|x86
		{EC333056-F000-4946-8B48-A43C6EBB3208}.Ad-Hoc|x86.Deploy.0 = Release|x86
		{EC333056-F000-4946-8B48-A43C6EBB3208}.AppStore|Any CPU.ActiveCfg = Release|x86
		{EC333056-F000-4946-8B48-A43C6EBB3208}.AppStore|Any CPU.Build.0 = Release|x86
		{EC333056-F000-4946-8B48-A43C6EBB3208}.AppStore|Any CPU.Deploy.0 = Release|x86
		{EC333056-F000-4946-8B48-A43C6EBB3208}.AppStore|ARM.ActiveCfg = Release|ARM
		{EC333056-F000-4946-8B48-A43C6EBB3208}.AppStore|ARM.Build.0 = Release|ARM
		{EC333056-F000-4946-8B48-A43C6EBB3208}.AppStore|ARM.Deploy.0 = Release|ARM
		{EC333056-F000-4946-8B48-A43C6EBB3208}.AppStore|iPhone.ActiveCfg = Release|x86
		{EC333056-F000-4946-8B48-A43C6EBB3208}.AppStore|iPhone.Build.0 = Release|x86
		{EC333056-F000-4946-8B48-A43C6EBB3208}.AppStore|iPhone.Deploy.0 = Release|x86
		{EC333056-F000-4946-8B48-A43C6EBB3208}.AppStore|iPhoneSimulator.ActiveCfg = Release|x86
		{EC333056-F000-4946-8B48-A43C6EBB3208}.AppStore|iPhoneSimulator.Build.0 = Release|x86
		{EC333056-F000-4946-8B48-A43C6EBB3208}.AppStore|iPhoneSimulator.Deploy.0 = Release|x86
		{EC333056-F000-4946-8B48-A43C6EBB3208}.AppStore|x64.ActiveCfg = Release|x64
		{EC333056-F000-4946-8B48-A43C6EBB3208}.AppStore|x64.Build.0 = Release|x64
		{EC333056-F000-4946-8B48-A43C6EBB3208}.AppStore|x64.Deploy.0 = Release|x64
		{EC333056-F000-4946-8B48-A43C6EBB3208}.AppStore|x86.ActiveCfg = Release|x86
		{EC333056-F000-4946-8B48-A43C6EBB3208}.AppStore|x86.Build.0 = Release|x86
		{EC333056-F000-4946-8B48-A43C6EBB3208}.AppStore|x86.Deploy.0 = Release|x86
		{EC333056-F000-4946-8B48-A43C6EBB3208}.Debug|Any CPU.ActiveCfg = Debug|x86
		{EC333056-F000-4946-8B48-A43C6EBB3208}.Debug|Any CPU.Build.0 = Debug|x86
		{EC333056-F000-4946-8B48-A43C6EBB3208}.Debug|Any CPU.Deploy.0 = Debug|x86
		{EC333056-F000-4946-8B48-A43C6EBB3208}.Debug|ARM.ActiveCfg = Debug|ARM
		{EC333056-F000-4946-8B48-A43C6EBB3208}.Debug|ARM.Build.0 = Debug|ARM
		{EC333056-F000-4946-8B48-A43C6EBB3208}.Debug|ARM.Deploy.0 = Debug|ARM
		{EC333056-F000-4946-8B48-A43C6EBB3208}.Debug|iPhone.ActiveCfg = Debug|x86
		{EC333056-F000-4946-8B48-A43C6EBB3208}.Debug|iPhoneSimulator.ActiveCfg = Debug|x86
		{EC333056-F000-4946-8B48-A43C6EBB3208}.Debug|x64.ActiveCfg = Debug|x64
		{EC333056-F000-4946-8B48-A43C6EBB3208}.Debug|x64.Build.0 = Debug|x64
		{EC333056-F000-4946-8B48-A43C6EBB3208}.Debug|x64.Deploy.0 = Debug|x64
		{EC333056-F000-4946-8B48-A43C6EBB3208}.Debug|x86.ActiveCfg = Debug|x86
		{EC333056-F000-4946-8B48-A43C6EBB3208}.Debug|x86.Build.0 = Debug|x86
		{EC333056-F000-4946-8B48-A43C6EBB3208}.Debug|x86.Deploy.0 = Debug|x86
		{EC333056-F000-4946-8B48-A43C6EBB3208}.Release|Any CPU.ActiveCfg = Release|x86
		{EC333056-F000-4946-8B48-A43C6EBB3208}.Release|ARM.ActiveCfg = Release|ARM
		{EC333056-F000-4946-8B48-A43C6EBB3208}.Release|ARM.Build.0 = Release|ARM
		{EC333056-F000-4946-8B48-A43C6EBB3208}.Release|ARM.Deploy.0 = Release|ARM
		{EC333056-F000-4946-8B48-A43C6EBB3208}.Release|iPhone.ActiveCfg = Release|x86
		{EC333056-F000-4946-8B48-A43C6EBB3208}.Release|iPhoneSimulator.ActiveCfg = Release|x86
		{EC333056-F000-4946-8B48-A43C6EBB3208}.Release|x64.ActiveCfg = Release|x64
		{EC333056-F000-4946-8B48-A43C6EBB3208}.Release|x64.Build.0 = Release|x64
		{EC333056-F000-4946-8B48-A43C6EBB3208}.Release|x64.Deploy.0 = Release|x64
		{EC333056-F000-4946-8B48-A43C6EBB3208}.Release|x86.ActiveCfg = Release|x86
		{EC333056-F000-4946-8B48-A43C6EBB3208}.Release|x86.Build.0 = Release|x86
		{EC333056-F000-4946-8B48-A43C6EBB3208}.Release|x86.Deploy.0 = Release|x86
		{75D84E18-58A7-407F-8604-062AC35F0448}.Ad-Hoc|Any CPU.ActiveCfg = Release|Any CPU
		{75D84E18-58A7-407F-8604-062AC35F0448}.Ad-Hoc|Any CPU.Build.0 = Release|Any CPU
		{75D84E18-58A7-407F-8604-062AC35F0448}.Ad-Hoc|ARM.ActiveCfg = Release|Any CPU
		{75D84E18-58A7-407F-8604-062AC35F0448}.Ad-Hoc|ARM.Build.0 = Release|Any CPU
		{75D84E18-58A7-407F-8604-062AC35F0448}.Ad-Hoc|iPhone.ActiveCfg = Release|Any CPU
		{75D84E18-58A7-407F-8604-062AC35F0448}.Ad-Hoc|iPhone.Build.0 = Release|Any CPU
		{75D84E18-58A7-407F-8604-062AC35F0448}.Ad-Hoc|iPhoneSimulator.ActiveCfg = Release|Any CPU
		{75D84E18-58A7-407F-8604-062AC35F0448}.Ad-Hoc|iPhoneSimulator.Build.0 = Release|Any CPU
		{75D84E18-58A7-407F-8604-062AC35F0448}.Ad-Hoc|x64.ActiveCfg = Release|Any CPU
		{75D84E18-58A7-407F-8604-062AC35F0448}.Ad-Hoc|x64.Build.0 = Release|Any CPU
		{75D84E18-58A7-407F-8604-062AC35F0448}.Ad-Hoc|x86.ActiveCfg = Release|Any CPU
		{75D84E18-58A7-407F-8604-062AC35F0448}.Ad-Hoc|x86.Build.0 = Release|Any CPU
		{75D84E18-58A7-407F-8604-062AC35F0448}.AppStore|Any CPU.ActiveCfg = Release|Any CPU
		{75D84E18-58A7-407F-8604-062AC35F0448}.AppStore|Any CPU.Build.0 = Release|Any CPU
		{75D84E18-58A7-407F-8604-062AC35F0448}.AppStore|ARM.ActiveCfg = Release|Any CPU
		{75D84E18-58A7-407F-8604-062AC35F0448}.AppStore|ARM.Build.0 = Release|Any CPU
		{75D84E18-58A7-407F-8604-062AC35F0448}.AppStore|iPhone.ActiveCfg = Release|Any CPU
		{75D84E18-58A7-407F-8604-062AC35F0448}.AppStore|iPhone.Build.0 = Release|Any CPU
		{75D84E18-58A7-407F-8604-062AC35F0448}.AppStore|iPhoneSimulator.ActiveCfg = Release|Any CPU
		{75D84E18-58A7-407F-8604-062AC35F0448}.AppStore|iPhoneSimulator.Build.0 = Release|Any CPU
		{75D84E18-58A7-407F-8604-062AC35F0448}.AppStore|x64.ActiveCfg = Release|Any CPU
		{75D84E18-58A7-407F-8604-062AC35F0448}.AppStore|x64.Build.0 = Release|Any CPU
		{75D84E18-58A7-407F-8604-062AC35F0448}.AppStore|x86.ActiveCfg = Release|Any CPU
		{75D84E18-58A7-407F-8604-062AC35F0448}.AppStore|x86.Build.0 = Release|Any CPU
		{75D84E18-58A7-407F-8604-062AC35F0448}.Debug|Any CPU.ActiveCfg = Debug|Any CPU
		{75D84E18-58A7-407F-8604-062AC35F0448}.Debug|Any CPU.Build.0 = Debug|Any CPU
		{75D84E18-58A7-407F-8604-062AC35F0448}.Debug|ARM.ActiveCfg = Debug|Any CPU
		{75D84E18-58A7-407F-8604-062AC35F0448}.Debug|ARM.Build.0 = Debug|Any CPU
		{75D84E18-58A7-407F-8604-062AC35F0448}.Debug|iPhone.ActiveCfg = Debug|Any CPU
		{75D84E18-58A7-407F-8604-062AC35F0448}.Debug|iPhone.Build.0 = Debug|Any CPU
		{75D84E18-58A7-407F-8604-062AC35F0448}.Debug|iPhoneSimulator.ActiveCfg = Debug|Any CPU
		{75D84E18-58A7-407F-8604-062AC35F0448}.Debug|iPhoneSimulator.Build.0 = Debug|Any CPU
		{75D84E18-58A7-407F-8604-062AC35F0448}.Debug|x64.ActiveCfg = Debug|Any CPU
		{75D84E18-58A7-407F-8604-062AC35F0448}.Debug|x64.Build.0 = Debug|Any CPU
		{75D84E18-58A7-407F-8604-062AC35F0448}.Debug|x86.ActiveCfg = Debug|Any CPU
		{75D84E18-58A7-407F-8604-062AC35F0448}.Debug|x86.Build.0 = Debug|Any CPU
		{75D84E18-58A7-407F-8604-062AC35F0448}.Release|Any CPU.ActiveCfg = Release|Any CPU
		{75D84E18-58A7-407F-8604-062AC35F0448}.Release|Any CPU.Build.0 = Release|Any CPU
		{75D84E18-58A7-407F-8604-062AC35F0448}.Release|ARM.ActiveCfg = Release|Any CPU
		{75D84E18-58A7-407F-8604-062AC35F0448}.Release|ARM.Build.0 = Release|Any CPU
		{75D84E18-58A7-407F-8604-062AC35F0448}.Release|iPhone.ActiveCfg = Release|Any CPU
		{75D84E18-58A7-407F-8604-062AC35F0448}.Release|iPhone.Build.0 = Release|Any CPU
		{75D84E18-58A7-407F-8604-062AC35F0448}.Release|iPhoneSimulator.ActiveCfg = Release|Any CPU
		{75D84E18-58A7-407F-8604-062AC35F0448}.Release|iPhoneSimulator.Build.0 = Release|Any CPU
		{75D84E18-58A7-407F-8604-062AC35F0448}.Release|x64.ActiveCfg = Release|Any CPU
		{75D84E18-58A7-407F-8604-062AC35F0448}.Release|x64.Build.0 = Release|Any CPU
		{75D84E18-58A7-407F-8604-062AC35F0448}.Release|x86.ActiveCfg = Release|Any CPU
		{75D84E18-58A7-407F-8604-062AC35F0448}.Release|x86.Build.0 = Release|Any CPU
		{495819C6-B497-47FF-90B3-EBCB90645A8D}.Ad-Hoc|Any CPU.ActiveCfg = Release|Any CPU
		{495819C6-B497-47FF-90B3-EBCB90645A8D}.Ad-Hoc|Any CPU.Build.0 = Release|Any CPU
		{495819C6-B497-47FF-90B3-EBCB90645A8D}.Ad-Hoc|ARM.ActiveCfg = Release|Any CPU
		{495819C6-B497-47FF-90B3-EBCB90645A8D}.Ad-Hoc|ARM.Build.0 = Release|Any CPU
		{495819C6-B497-47FF-90B3-EBCB90645A8D}.Ad-Hoc|iPhone.ActiveCfg = Release|Any CPU
		{495819C6-B497-47FF-90B3-EBCB90645A8D}.Ad-Hoc|iPhone.Build.0 = Release|Any CPU
		{495819C6-B497-47FF-90B3-EBCB90645A8D}.Ad-Hoc|iPhoneSimulator.ActiveCfg = Release|Any CPU
		{495819C6-B497-47FF-90B3-EBCB90645A8D}.Ad-Hoc|iPhoneSimulator.Build.0 = Release|Any CPU
		{495819C6-B497-47FF-90B3-EBCB90645A8D}.Ad-Hoc|x64.ActiveCfg = Release|Any CPU
		{495819C6-B497-47FF-90B3-EBCB90645A8D}.Ad-Hoc|x64.Build.0 = Release|Any CPU
		{495819C6-B497-47FF-90B3-EBCB90645A8D}.Ad-Hoc|x86.ActiveCfg = Release|Any CPU
		{495819C6-B497-47FF-90B3-EBCB90645A8D}.Ad-Hoc|x86.Build.0 = Release|Any CPU
		{495819C6-B497-47FF-90B3-EBCB90645A8D}.AppStore|Any CPU.ActiveCfg = Release|Any CPU
		{495819C6-B497-47FF-90B3-EBCB90645A8D}.AppStore|Any CPU.Build.0 = Release|Any CPU
		{495819C6-B497-47FF-90B3-EBCB90645A8D}.AppStore|ARM.ActiveCfg = Release|Any CPU
		{495819C6-B497-47FF-90B3-EBCB90645A8D}.AppStore|ARM.Build.0 = Release|Any CPU
		{495819C6-B497-47FF-90B3-EBCB90645A8D}.AppStore|iPhone.ActiveCfg = Release|Any CPU
		{495819C6-B497-47FF-90B3-EBCB90645A8D}.AppStore|iPhone.Build.0 = Release|Any CPU
		{495819C6-B497-47FF-90B3-EBCB90645A8D}.AppStore|iPhoneSimulator.ActiveCfg = Release|Any CPU
		{495819C6-B497-47FF-90B3-EBCB90645A8D}.AppStore|iPhoneSimulator.Build.0 = Release|Any CPU
		{495819C6-B497-47FF-90B3-EBCB90645A8D}.AppStore|x64.ActiveCfg = Release|Any CPU
		{495819C6-B497-47FF-90B3-EBCB90645A8D}.AppStore|x64.Build.0 = Release|Any CPU
		{495819C6-B497-47FF-90B3-EBCB90645A8D}.AppStore|x86.ActiveCfg = Release|Any CPU
		{495819C6-B497-47FF-90B3-EBCB90645A8D}.AppStore|x86.Build.0 = Release|Any CPU
		{495819C6-B497-47FF-90B3-EBCB90645A8D}.Debug|Any CPU.ActiveCfg = Debug|Any CPU
		{495819C6-B497-47FF-90B3-EBCB90645A8D}.Debug|Any CPU.Build.0 = Debug|Any CPU
		{495819C6-B497-47FF-90B3-EBCB90645A8D}.Debug|ARM.ActiveCfg = Debug|Any CPU
		{495819C6-B497-47FF-90B3-EBCB90645A8D}.Debug|ARM.Build.0 = Debug|Any CPU
		{495819C6-B497-47FF-90B3-EBCB90645A8D}.Debug|iPhone.ActiveCfg = Debug|Any CPU
		{495819C6-B497-47FF-90B3-EBCB90645A8D}.Debug|iPhone.Build.0 = Debug|Any CPU
		{495819C6-B497-47FF-90B3-EBCB90645A8D}.Debug|iPhoneSimulator.ActiveCfg = Debug|Any CPU
		{495819C6-B497-47FF-90B3-EBCB90645A8D}.Debug|iPhoneSimulator.Build.0 = Debug|Any CPU
		{495819C6-B497-47FF-90B3-EBCB90645A8D}.Debug|x64.ActiveCfg = Debug|Any CPU
		{495819C6-B497-47FF-90B3-EBCB90645A8D}.Debug|x64.Build.0 = Debug|Any CPU
		{495819C6-B497-47FF-90B3-EBCB90645A8D}.Debug|x86.ActiveCfg = Debug|Any CPU
		{495819C6-B497-47FF-90B3-EBCB90645A8D}.Debug|x86.Build.0 = Debug|Any CPU
		{495819C6-B497-47FF-90B3-EBCB90645A8D}.Release|Any CPU.ActiveCfg = Release|Any CPU
		{495819C6-B497-47FF-90B3-EBCB90645A8D}.Release|Any CPU.Build.0 = Release|Any CPU
		{495819C6-B497-47FF-90B3-EBCB90645A8D}.Release|ARM.ActiveCfg = Release|Any CPU
		{495819C6-B497-47FF-90B3-EBCB90645A8D}.Release|ARM.Build.0 = Release|Any CPU
		{495819C6-B497-47FF-90B3-EBCB90645A8D}.Release|iPhone.ActiveCfg = Release|Any CPU
		{495819C6-B497-47FF-90B3-EBCB90645A8D}.Release|iPhone.Build.0 = Release|Any CPU
		{495819C6-B497-47FF-90B3-EBCB90645A8D}.Release|iPhoneSimulator.ActiveCfg = Release|Any CPU
		{495819C6-B497-47FF-90B3-EBCB90645A8D}.Release|iPhoneSimulator.Build.0 = Release|Any CPU
		{495819C6-B497-47FF-90B3-EBCB90645A8D}.Release|x64.ActiveCfg = Release|Any CPU
		{495819C6-B497-47FF-90B3-EBCB90645A8D}.Release|x64.Build.0 = Release|Any CPU
		{495819C6-B497-47FF-90B3-EBCB90645A8D}.Release|x86.ActiveCfg = Release|Any CPU
		{495819C6-B497-47FF-90B3-EBCB90645A8D}.Release|x86.Build.0 = Release|Any CPU
	EndGlobalSection
	GlobalSection(SolutionProperties) = preSolution
		HideSolutionNode = FALSE
	EndGlobalSection
EndGlobal
